
Microsoft Visual Studio Solution File, Format Version 12.00
# Visual Studio Version 16
VisualStudioVersion = 16.0.29123.88
MinimumVisualStudioVersion = 10.0.40219.1
Project("{9A19103F-16F7-4668-BE54-9A1E7A4F7556}") = "CSharp2020", "CSharp2020\CSharp2020.csproj", "{FEA67B01-49C6-4467-8D66-D699AFC233C9}"
EndProject
Project("{9A19103F-16F7-4668-BE54-9A1E7A4F7556}") = "1.2.algoritmi", "1.2.algoritmi\1.2.algoritmi.csproj", "{C771BE06-6EC1-43D5-AAFE-52D3BF8A1164}"
EndProject
Project("{2150E333-8FDC-42A3-9474-1A3956D46DE8}") = "2_osnove", "2_osnove", "{9B1E0DD0-378D-48A0-9028-E8D7BFA8B6A2}"
EndProject
Project("{9A19103F-16F7-4668-BE54-9A1E7A4F7556}") = "2_2_5_primjeroperator", "2_2_5_primjeroperator\2_2_5_primjeroperator.csproj", "{1874C205-E06C-4D68-B262-9FFBF45C2DF6}"
EndProject
Project("{9A19103F-16F7-4668-BE54-9A1E7A4F7556}") = "2_2_10_2_operatori", "2_2_10_2_operatori\2_2_10_2_operatori.csproj", "{59021B2C-87ED-42F0-AB74-AC49D9E05E2C}"
EndProject
Project("{9A19103F-16F7-4668-BE54-9A1E7A4F7556}") = "5_1_3_ucitavanje_s_tipkovnice", "5_1_3_ucitavanje_s_tipkovnice\5_1_3_ucitavanje_s_tipkovnice.csproj", "{A057610C-8896-4ADB-A039-E052E29D298C}"
EndProject
Project("{2150E333-8FDC-42A3-9474-1A3956D46DE8}") = "5_uvjetno_grananje", "5_uvjetno_grananje", "{A7AE4930-B9AD-46BC-8D97-9B33A2CA4732}"
EndProject
Project("{9A19103F-16F7-4668-BE54-9A1E7A4F7556}") = "5_2_1_if", "5_2_1_if\5_2_1_if.csproj", "{67EF8441-4D04-4A42-9658-413E7B1EADF6}"
EndProject
Project("{9A19103F-16F7-4668-BE54-9A1E7A4F7556}") = "5_2_1_2_ugnjezdeni", "5_2_1_2_ugnjezdeni\5_2_1_2_ugnjezdeni.csproj", "{0E44A988-0E00-454F-8497-9FEA571F8E28}"
EndProject
Project("{9A19103F-16F7-4668-BE54-9A1E7A4F7556}") = "5_2_2_1_prosireni_if", "5_2_2_1_prosireni_if\5_2_2_1_prosireni_if.csproj", "{42512E62-BB74-44E9-8001-5C5CBBAA982B}"
EndProject
Project("{9A19103F-16F7-4668-BE54-9A1E7A4F7556}") = "5_2_2_kalkulator", "5_2_2_kalkulator\5_2_2_kalkulator.csproj", "{FF0B0B8D-AE64-498A-92E2-746AE5A06A31}"
EndProject
Project("{9A19103F-16F7-4668-BE54-9A1E7A4F7556}") = "5_2_3_velik_broj", "5_2_3_velik_broj\5_2_3_velik_broj.csproj", "{297A8D39-8076-40CF-8C3F-68ABF9CC3487}"
EndProject
Project("{9A19103F-16F7-4668-BE54-9A1E7A4F7556}") = "5_2_2_danUTjednu", "5_2_2_danUTjednu\5_2_2_danUTjednu.csproj", "{29AAAFE4-B81A-4F81-BB7D-8C3FA5FDE397}"
EndProject
Project("{9A19103F-16F7-4668-BE54-9A1E7A4F7556}") = "5_2_3_strukturirano_upr_exceptionima", "5_2_3_strukturirano_upr_exceptionima\5_2_3_strukturirano_upr_exceptionima.csproj", "{B5821019-277B-4B17-835B-9481AAA19960}"
EndProject
Project("{9A19103F-16F7-4668-BE54-9A1E7A4F7556}") = "5_2_4_1_user_pass", "5_2_4_1_user_pass\5_2_4_1_user_pass.csproj", "{69BF3402-972B-4810-BA33-007B9983F2EC}"
EndProject
Project("{9A19103F-16F7-4668-BE54-9A1E7A4F7556}") = "5_4_4_2_boolean_ili", "5_4_4_2_boolean_ili\5_4_4_2_boolean_ili.csproj", "{EFBF756E-D662-4E18-96B4-81C8CD07C7B9}"
EndProject
Project("{9A19103F-16F7-4668-BE54-9A1E7A4F7556}") = "5_2_4_3_not", "5_2_4_3_not\5_2_4_3_not.csproj", "{B4CE2D15-9763-4258-853E-AE46E478EF21}"
EndProject
Project("{2150E333-8FDC-42A3-9474-1A3956D46DE8}") = "5_ciklicke", "5_ciklicke", "{843FCBA3-57EE-45DE-A4A4-441904925594}"
EndProject
Project("{9A19103F-16F7-4668-BE54-9A1E7A4F7556}") = "5_3_1_for", "5_3\5_3_1_for.csproj", "{78D4A343-4C19-4F11-ADAD-4FC280364572}"
EndProject
Project("{9A19103F-16F7-4668-BE54-9A1E7A4F7556}") = "5_3_22_kalkulator", "5_3_22_kalkulator\5_3_22_kalkulator.csproj", "{CE48CAD9-2A91-43D9-91B6-3309D7AD9649}"
EndProject
Project("{9A19103F-16F7-4668-BE54-9A1E7A4F7556}") = "5_3_21_zavrsni", "5_3_21_zavrsni\5_3_21_zavrsni.csproj", "{8C2E5A65-3017-419A-95BA-18EA115B7913}"
EndProject
Project("{9A19103F-16F7-4668-BE54-9A1E7A4F7556}") = "5_3_10_savrsen_broj", "5_3_10_savrsen_broj\5_3_10_savrsen_broj.csproj", "{22EDBC2D-148A-486C-AE91-990BD9456622}"
EndProject
Project("{9A19103F-16F7-4668-BE54-9A1E7A4F7556}") = "5_3_11_savrseni_interval", "5_3_11_savrseni_interval\5_3_11_savrseni_interval.csproj", "{07E0D1F5-4FBA-401D-AA7D-FDA01F42ED65}"
EndProject
Project("{2150E333-8FDC-42A3-9474-1A3956D46DE8}") = "6_nizovi_liste", "6_nizovi_liste", "{9DC2832D-C063-4472-9774-00851F2D4E71}"
EndProject
Project("{9A19103F-16F7-4668-BE54-9A1E7A4F7556}") = "6_1_niz", "6_1_niz\6_1_niz.csproj", "{F2AB2320-766A-44E1-8C3B-31E53F9574EB}"
EndProject
Project("{9A19103F-16F7-4668-BE54-9A1E7A4F7556}") = "6_1_1_unos_ispis", "6_1_1_unos_ispis\6_1_1_unos_ispis.csproj", "{7896CE92-A2F6-4AC5-97C5-BAADBB3042F2}"
EndProject
Project("{9A19103F-16F7-4668-BE54-9A1E7A4F7556}") = "6_1_2_max_mrvic", "6_1_2_max\6_1_2_max_mrvic.csproj", "{6F12C9C7-5ED0-499A-9DFE-7ACA5554B5F5}"
EndProject
Project("{9A19103F-16F7-4668-BE54-9A1E7A4F7556}") = "6_1_2_max", "..\mcuric\3.2.HelloWorld\6_1_2_max\6_1_2_max.csproj", "{6C08F781-188B-48FB-8532-81578083E2B5}"
EndProject
Project("{9A19103F-16F7-4668-BE54-9A1E7A4F7556}") = "6_2_1_naopako", "..\mcuric\3.2.HelloWorld\6_2_1_naopako\6_2_1_naopako.csproj", "{ED3E4C1A-FC6C-40DF-AE0A-C4EBC588BF8C}"
EndProject
Project("{9A19103F-16F7-4668-BE54-9A1E7A4F7556}") = "6_2_2_nepar2", "6_2_2_nepar2\6_2_2_nepar2.csproj", "{8440F44A-393F-4B14-A04F-F2ABC3B7CC5A}"
EndProject
Project("{9A19103F-16F7-4668-BE54-9A1E7A4F7556}") = "6_2_3_sort_josjednom", "6_2_3_sort_josjednom\6_2_3_sort_josjednom.csproj", "{7A93F227-D46D-44B4-95C1-CCAC23A97C99}"
EndProject
Project("{9A19103F-16F7-4668-BE54-9A1E7A4F7556}") = "6_2_5_prosti_faktori", "..\mcuric\3.2.HelloWorld\6_2_5_prosti_faktori\6_2_5_prosti_faktori.csproj", "{6DF6DB39-F0E3-495D-9D7A-640391971110}"
EndProject
Project("{9A19103F-16F7-4668-BE54-9A1E7A4F7556}") = "6_2_5_prostiiii", "6_2_5_prostiiii\6_2_5_prostiiii.csproj", "{4ECA116A-7224-4BE2-8A55-CD7471E010DA}"
EndProject
Project("{2150E333-8FDC-42A3-9474-1A3956D46DE8}") = "7_procedure", "7_procedure", "{EDE9221C-ABD1-4916-A029-E9F6AF0D9752}"
EndProject
Project("{9A19103F-16F7-4668-BE54-9A1E7A4F7556}") = "7_2_potprogram", "7_2_potprogram\7_2_potprogram.csproj", "{F6C4AEF5-D956-4E1C-BA7F-D35CAA1AC67D}"
EndProject
Project("{9A19103F-16F7-4668-BE54-9A1E7A4F7556}") = "7_2_2_unos_imena", "7_2_2_unos_imena\7_2_2_unos_imena.csproj", "{8A235962-339F-41FE-9DE5-3E877B205435}"
EndProject
Project("{9A19103F-16F7-4668-BE54-9A1E7A4F7556}") = "7_3_kvadrat", "7_3_kvadrat\7_3_kvadrat.csproj", "{8F432EDB-D297-41CD-9079-34A5810C1209}"
EndProject
Project("{2150E333-8FDC-42A3-9474-1A3956D46DE8}") = "8_objekti", "8_objekti", "{1A274C81-34BA-4F96-A09F-653A0A410B84}"
EndProject
Project("{9A19103F-16F7-4668-BE54-9A1E7A4F7556}") = "8_1_2_ucenik", "8_1_2_ucenik\8_1_2_ucenik.csproj", "{5EDA66BE-1A0A-45C8-9FC0-A0E390D36172}"
EndProject
Project("{9A19103F-16F7-4668-BE54-9A1E7A4F7556}") = "8_1_3_Osoba", "8_1_3_Osoba\8_1_3_Osoba.csproj", "{B5E3CEED-AED3-417D-9A01-53E571020B9D}"
EndProject
Project("{9A19103F-16F7-4668-BE54-9A1E7A4F7556}") = "8_Auto_speed", "8_Auto_speed\8_Auto_speed.csproj", "{F07B19A3-5278-4B9C-87AD-B373993DA145}"
EndProject
Project("{2150E333-8FDC-42A3-9474-1A3956D46DE8}") = "Vanjski", "Vanjski", "{DE267CFC-5015-4BAC-9E65-8BF0BBF35BEE}"
EndProject
Project("{9A19103F-16F7-4668-BE54-9A1E7A4F7556}") = "8.1.1_Proizvod", "..\pozarko\8.1.1_Proizvod\8.1.1_Proizvod.csproj", "{6D305E5E-A1E3-4AAB-A28C-AED47B282F70}"
EndProject
Project("{9A19103F-16F7-4668-BE54-9A1E7A4F7556}") = "8.1.2_Automobil", "..\pozarko\8.1.2_Automobil\8.1.2_Automobil.csproj", "{932D5FAE-CE5B-4107-BE2C-67924EF78E01}"
EndProject
Project("{9A19103F-16F7-4668-BE54-9A1E7A4F7556}") = "8.1.3_Zaposlenik", "..\pozarko\8.1.3_Zaposlenik\8.1.3_Zaposlenik.csproj", "{9073142C-723C-4B08-BC38-B65A93C3228C}"
EndProject
Project("{9A19103F-16F7-4668-BE54-9A1E7A4F7556}") = "8_3_1_vozila", "8_3_1_vozila\8_3_1_vozila.csproj", "{8C159ED1-0CCF-4CB8-B0C5-5F4B69ACB697}"
EndProject
Project("{9A19103F-16F7-4668-BE54-9A1E7A4F7556}") = "8_2_doseg_vars", "8_2_doseg_vars\8_2_doseg_vars.csproj", "{63F3CED2-9E5A-4324-87F2-C70526E678E2}"
EndProject
Project("{FAE04EC0-301F-11D3-BF4B-00C04F79EFBC}") = "8_Vocarna", "8_Vocarna\8_Vocarna.csproj", "{4CC6CBE5-49B4-475B-A87A-61EC783BA3A6}"
EndProject
Global
	GlobalSection(SolutionConfigurationPlatforms) = preSolution
		Debug|Any CPU = Debug|Any CPU
		Release|Any CPU = Release|Any CPU
	EndGlobalSection
	GlobalSection(ProjectConfigurationPlatforms) = postSolution
		{FEA67B01-49C6-4467-8D66-D699AFC233C9}.Debug|Any CPU.ActiveCfg = Debug|Any CPU
		{FEA67B01-49C6-4467-8D66-D699AFC233C9}.Debug|Any CPU.Build.0 = Debug|Any CPU
		{FEA67B01-49C6-4467-8D66-D699AFC233C9}.Release|Any CPU.ActiveCfg = Release|Any CPU
		{FEA67B01-49C6-4467-8D66-D699AFC233C9}.Release|Any CPU.Build.0 = Release|Any CPU
		{C771BE06-6EC1-43D5-AAFE-52D3BF8A1164}.Debug|Any CPU.ActiveCfg = Debug|Any CPU
		{C771BE06-6EC1-43D5-AAFE-52D3BF8A1164}.Debug|Any CPU.Build.0 = Debug|Any CPU
		{C771BE06-6EC1-43D5-AAFE-52D3BF8A1164}.Release|Any CPU.ActiveCfg = Release|Any CPU
		{C771BE06-6EC1-43D5-AAFE-52D3BF8A1164}.Release|Any CPU.Build.0 = Release|Any CPU
		{1874C205-E06C-4D68-B262-9FFBF45C2DF6}.Debug|Any CPU.ActiveCfg = Debug|Any CPU
		{1874C205-E06C-4D68-B262-9FFBF45C2DF6}.Debug|Any CPU.Build.0 = Debug|Any CPU
		{1874C205-E06C-4D68-B262-9FFBF45C2DF6}.Release|Any CPU.ActiveCfg = Release|Any CPU
		{1874C205-E06C-4D68-B262-9FFBF45C2DF6}.Release|Any CPU.Build.0 = Release|Any CPU
		{59021B2C-87ED-42F0-AB74-AC49D9E05E2C}.Debug|Any CPU.ActiveCfg = Debug|Any CPU
		{59021B2C-87ED-42F0-AB74-AC49D9E05E2C}.Debug|Any CPU.Build.0 = Debug|Any CPU
		{59021B2C-87ED-42F0-AB74-AC49D9E05E2C}.Release|Any CPU.ActiveCfg = Release|Any CPU
		{59021B2C-87ED-42F0-AB74-AC49D9E05E2C}.Release|Any CPU.Build.0 = Release|Any CPU
		{A057610C-8896-4ADB-A039-E052E29D298C}.Debug|Any CPU.ActiveCfg = Debug|Any CPU
		{A057610C-8896-4ADB-A039-E052E29D298C}.Debug|Any CPU.Build.0 = Debug|Any CPU
		{A057610C-8896-4ADB-A039-E052E29D298C}.Release|Any CPU.ActiveCfg = Release|Any CPU
		{A057610C-8896-4ADB-A039-E052E29D298C}.Release|Any CPU.Build.0 = Release|Any CPU
		{67EF8441-4D04-4A42-9658-413E7B1EADF6}.Debug|Any CPU.ActiveCfg = Debug|Any CPU
		{67EF8441-4D04-4A42-9658-413E7B1EADF6}.Debug|Any CPU.Build.0 = Debug|Any CPU
		{67EF8441-4D04-4A42-9658-413E7B1EADF6}.Release|Any CPU.ActiveCfg = Release|Any CPU
		{67EF8441-4D04-4A42-9658-413E7B1EADF6}.Release|Any CPU.Build.0 = Release|Any CPU
		{0E44A988-0E00-454F-8497-9FEA571F8E28}.Debug|Any CPU.ActiveCfg = Debug|Any CPU
		{0E44A988-0E00-454F-8497-9FEA571F8E28}.Debug|Any CPU.Build.0 = Debug|Any CPU
		{0E44A988-0E00-454F-8497-9FEA571F8E28}.Release|Any CPU.ActiveCfg = Release|Any CPU
		{0E44A988-0E00-454F-8497-9FEA571F8E28}.Release|Any CPU.Build.0 = Release|Any CPU
		{42512E62-BB74-44E9-8001-5C5CBBAA982B}.Debug|Any CPU.ActiveCfg = Debug|Any CPU
		{42512E62-BB74-44E9-8001-5C5CBBAA982B}.Debug|Any CPU.Build.0 = Debug|Any CPU
		{42512E62-BB74-44E9-8001-5C5CBBAA982B}.Release|Any CPU.ActiveCfg = Release|Any CPU
		{42512E62-BB74-44E9-8001-5C5CBBAA982B}.Release|Any CPU.Build.0 = Release|Any CPU
		{FF0B0B8D-AE64-498A-92E2-746AE5A06A31}.Debug|Any CPU.ActiveCfg = Debug|Any CPU
		{FF0B0B8D-AE64-498A-92E2-746AE5A06A31}.Debug|Any CPU.Build.0 = Debug|Any CPU
		{FF0B0B8D-AE64-498A-92E2-746AE5A06A31}.Release|Any CPU.ActiveCfg = Release|Any CPU
		{FF0B0B8D-AE64-498A-92E2-746AE5A06A31}.Release|Any CPU.Build.0 = Release|Any CPU
		{297A8D39-8076-40CF-8C3F-68ABF9CC3487}.Debug|Any CPU.ActiveCfg = Debug|Any CPU
		{297A8D39-8076-40CF-8C3F-68ABF9CC3487}.Debug|Any CPU.Build.0 = Debug|Any CPU
		{297A8D39-8076-40CF-8C3F-68ABF9CC3487}.Release|Any CPU.ActiveCfg = Release|Any CPU
		{297A8D39-8076-40CF-8C3F-68ABF9CC3487}.Release|Any CPU.Build.0 = Release|Any CPU
		{29AAAFE4-B81A-4F81-BB7D-8C3FA5FDE397}.Debug|Any CPU.ActiveCfg = Debug|Any CPU
		{29AAAFE4-B81A-4F81-BB7D-8C3FA5FDE397}.Debug|Any CPU.Build.0 = Debug|Any CPU
		{29AAAFE4-B81A-4F81-BB7D-8C3FA5FDE397}.Release|Any CPU.ActiveCfg = Release|Any CPU
		{29AAAFE4-B81A-4F81-BB7D-8C3FA5FDE397}.Release|Any CPU.Build.0 = Release|Any CPU
		{B5821019-277B-4B17-835B-9481AAA19960}.Debug|Any CPU.ActiveCfg = Debug|Any CPU
		{B5821019-277B-4B17-835B-9481AAA19960}.Debug|Any CPU.Build.0 = Debug|Any CPU
		{B5821019-277B-4B17-835B-9481AAA19960}.Release|Any CPU.ActiveCfg = Release|Any CPU
		{B5821019-277B-4B17-835B-9481AAA19960}.Release|Any CPU.Build.0 = Release|Any CPU
		{69BF3402-972B-4810-BA33-007B9983F2EC}.Debug|Any CPU.ActiveCfg = Debug|Any CPU
		{69BF3402-972B-4810-BA33-007B9983F2EC}.Debug|Any CPU.Build.0 = Debug|Any CPU
		{69BF3402-972B-4810-BA33-007B9983F2EC}.Release|Any CPU.ActiveCfg = Release|Any CPU
		{69BF3402-972B-4810-BA33-007B9983F2EC}.Release|Any CPU.Build.0 = Release|Any CPU
		{EFBF756E-D662-4E18-96B4-81C8CD07C7B9}.Debug|Any CPU.ActiveCfg = Debug|Any CPU
		{EFBF756E-D662-4E18-96B4-81C8CD07C7B9}.Debug|Any CPU.Build.0 = Debug|Any CPU
		{EFBF756E-D662-4E18-96B4-81C8CD07C7B9}.Release|Any CPU.ActiveCfg = Release|Any CPU
		{EFBF756E-D662-4E18-96B4-81C8CD07C7B9}.Release|Any CPU.Build.0 = Release|Any CPU
		{B4CE2D15-9763-4258-853E-AE46E478EF21}.Debug|Any CPU.ActiveCfg = Debug|Any CPU
		{B4CE2D15-9763-4258-853E-AE46E478EF21}.Debug|Any CPU.Build.0 = Debug|Any CPU
		{B4CE2D15-9763-4258-853E-AE46E478EF21}.Release|Any CPU.ActiveCfg = Release|Any CPU
		{B4CE2D15-9763-4258-853E-AE46E478EF21}.Release|Any CPU.Build.0 = Release|Any CPU
		{78D4A343-4C19-4F11-ADAD-4FC280364572}.Debug|Any CPU.ActiveCfg = Debug|Any CPU
		{78D4A343-4C19-4F11-ADAD-4FC280364572}.Debug|Any CPU.Build.0 = Debug|Any CPU
		{78D4A343-4C19-4F11-ADAD-4FC280364572}.Release|Any CPU.ActiveCfg = Release|Any CPU
		{78D4A343-4C19-4F11-ADAD-4FC280364572}.Release|Any CPU.Build.0 = Release|Any CPU
		{CE48CAD9-2A91-43D9-91B6-3309D7AD9649}.Debug|Any CPU.ActiveCfg = Debug|Any CPU
		{CE48CAD9-2A91-43D9-91B6-3309D7AD9649}.Debug|Any CPU.Build.0 = Debug|Any CPU
		{CE48CAD9-2A91-43D9-91B6-3309D7AD9649}.Release|Any CPU.ActiveCfg = Release|Any CPU
		{CE48CAD9-2A91-43D9-91B6-3309D7AD9649}.Release|Any CPU.Build.0 = Release|Any CPU
		{8C2E5A65-3017-419A-95BA-18EA115B7913}.Debug|Any CPU.ActiveCfg = Debug|Any CPU
		{8C2E5A65-3017-419A-95BA-18EA115B7913}.Debug|Any CPU.Build.0 = Debug|Any CPU
		{8C2E5A65-3017-419A-95BA-18EA115B7913}.Release|Any CPU.ActiveCfg = Release|Any CPU
		{8C2E5A65-3017-419A-95BA-18EA115B7913}.Release|Any CPU.Build.0 = Release|Any CPU
		{22EDBC2D-148A-486C-AE91-990BD9456622}.Debug|Any CPU.ActiveCfg = Debug|Any CPU
		{22EDBC2D-148A-486C-AE91-990BD9456622}.Debug|Any CPU.Build.0 = Debug|Any CPU
		{22EDBC2D-148A-486C-AE91-990BD9456622}.Release|Any CPU.ActiveCfg = Release|Any CPU
		{22EDBC2D-148A-486C-AE91-990BD9456622}.Release|Any CPU.Build.0 = Release|Any CPU
		{07E0D1F5-4FBA-401D-AA7D-FDA01F42ED65}.Debug|Any CPU.ActiveCfg = Debug|Any CPU
		{07E0D1F5-4FBA-401D-AA7D-FDA01F42ED65}.Debug|Any CPU.Build.0 = Debug|Any CPU
		{07E0D1F5-4FBA-401D-AA7D-FDA01F42ED65}.Release|Any CPU.ActiveCfg = Release|Any CPU
		{07E0D1F5-4FBA-401D-AA7D-FDA01F42ED65}.Release|Any CPU.Build.0 = Release|Any CPU
		{F2AB2320-766A-44E1-8C3B-31E53F9574EB}.Debug|Any CPU.ActiveCfg = Debug|Any CPU
		{F2AB2320-766A-44E1-8C3B-31E53F9574EB}.Debug|Any CPU.Build.0 = Debug|Any CPU
		{F2AB2320-766A-44E1-8C3B-31E53F9574EB}.Release|Any CPU.ActiveCfg = Release|Any CPU
		{F2AB2320-766A-44E1-8C3B-31E53F9574EB}.Release|Any CPU.Build.0 = Release|Any CPU
		{7896CE92-A2F6-4AC5-97C5-BAADBB3042F2}.Debug|Any CPU.ActiveCfg = Debug|Any CPU
		{7896CE92-A2F6-4AC5-97C5-BAADBB3042F2}.Debug|Any CPU.Build.0 = Debug|Any CPU
		{7896CE92-A2F6-4AC5-97C5-BAADBB3042F2}.Release|Any CPU.ActiveCfg = Release|Any CPU
		{7896CE92-A2F6-4AC5-97C5-BAADBB3042F2}.Release|Any CPU.Build.0 = Release|Any CPU
		{6F12C9C7-5ED0-499A-9DFE-7ACA5554B5F5}.Debug|Any CPU.ActiveCfg = Debug|Any CPU
		{6F12C9C7-5ED0-499A-9DFE-7ACA5554B5F5}.Debug|Any CPU.Build.0 = Debug|Any CPU
		{6F12C9C7-5ED0-499A-9DFE-7ACA5554B5F5}.Release|Any CPU.ActiveCfg = Release|Any CPU
		{6F12C9C7-5ED0-499A-9DFE-7ACA5554B5F5}.Release|Any CPU.Build.0 = Release|Any CPU
		{6C08F781-188B-48FB-8532-81578083E2B5}.Debug|Any CPU.ActiveCfg = Debug|Any CPU
		{6C08F781-188B-48FB-8532-81578083E2B5}.Debug|Any CPU.Build.0 = Debug|Any CPU
		{6C08F781-188B-48FB-8532-81578083E2B5}.Release|Any CPU.ActiveCfg = Release|Any CPU
		{6C08F781-188B-48FB-8532-81578083E2B5}.Release|Any CPU.Build.0 = Release|Any CPU
		{ED3E4C1A-FC6C-40DF-AE0A-C4EBC588BF8C}.Debug|Any CPU.ActiveCfg = Debug|Any CPU
		{ED3E4C1A-FC6C-40DF-AE0A-C4EBC588BF8C}.Debug|Any CPU.Build.0 = Debug|Any CPU
		{ED3E4C1A-FC6C-40DF-AE0A-C4EBC588BF8C}.Release|Any CPU.ActiveCfg = Release|Any CPU
		{ED3E4C1A-FC6C-40DF-AE0A-C4EBC588BF8C}.Release|Any CPU.Build.0 = Release|Any CPU
		{8440F44A-393F-4B14-A04F-F2ABC3B7CC5A}.Debug|Any CPU.ActiveCfg = Debug|Any CPU
		{8440F44A-393F-4B14-A04F-F2ABC3B7CC5A}.Debug|Any CPU.Build.0 = Debug|Any CPU
		{8440F44A-393F-4B14-A04F-F2ABC3B7CC5A}.Release|Any CPU.ActiveCfg = Release|Any CPU
		{8440F44A-393F-4B14-A04F-F2ABC3B7CC5A}.Release|Any CPU.Build.0 = Release|Any CPU
		{7A93F227-D46D-44B4-95C1-CCAC23A97C99}.Debug|Any CPU.ActiveCfg = Debug|Any CPU
		{7A93F227-D46D-44B4-95C1-CCAC23A97C99}.Debug|Any CPU.Build.0 = Debug|Any CPU
		{7A93F227-D46D-44B4-95C1-CCAC23A97C99}.Release|Any CPU.ActiveCfg = Release|Any CPU
		{7A93F227-D46D-44B4-95C1-CCAC23A97C99}.Release|Any CPU.Build.0 = Release|Any CPU
		{6DF6DB39-F0E3-495D-9D7A-640391971110}.Debug|Any CPU.ActiveCfg = Debug|Any CPU
		{6DF6DB39-F0E3-495D-9D7A-640391971110}.Debug|Any CPU.Build.0 = Debug|Any CPU
		{6DF6DB39-F0E3-495D-9D7A-640391971110}.Release|Any CPU.ActiveCfg = Release|Any CPU
		{6DF6DB39-F0E3-495D-9D7A-640391971110}.Release|Any CPU.Build.0 = Release|Any CPU
		{4ECA116A-7224-4BE2-8A55-CD7471E010DA}.Debug|Any CPU.ActiveCfg = Debug|Any CPU
		{4ECA116A-7224-4BE2-8A55-CD7471E010DA}.Debug|Any CPU.Build.0 = Debug|Any CPU
		{4ECA116A-7224-4BE2-8A55-CD7471E010DA}.Release|Any CPU.ActiveCfg = Release|Any CPU
		{4ECA116A-7224-4BE2-8A55-CD7471E010DA}.Release|Any CPU.Build.0 = Release|Any CPU
		{F6C4AEF5-D956-4E1C-BA7F-D35CAA1AC67D}.Debug|Any CPU.ActiveCfg = Debug|Any CPU
		{F6C4AEF5-D956-4E1C-BA7F-D35CAA1AC67D}.Debug|Any CPU.Build.0 = Debug|Any CPU
		{F6C4AEF5-D956-4E1C-BA7F-D35CAA1AC67D}.Release|Any CPU.ActiveCfg = Release|Any CPU
		{F6C4AEF5-D956-4E1C-BA7F-D35CAA1AC67D}.Release|Any CPU.Build.0 = Release|Any CPU
		{8A235962-339F-41FE-9DE5-3E877B205435}.Debug|Any CPU.ActiveCfg = Debug|Any CPU
		{8A235962-339F-41FE-9DE5-3E877B205435}.Debug|Any CPU.Build.0 = Debug|Any CPU
		{8A235962-339F-41FE-9DE5-3E877B205435}.Release|Any CPU.ActiveCfg = Release|Any CPU
		{8A235962-339F-41FE-9DE5-3E877B205435}.Release|Any CPU.Build.0 = Release|Any CPU
		{8F432EDB-D297-41CD-9079-34A5810C1209}.Debug|Any CPU.ActiveCfg = Debug|Any CPU
		{8F432EDB-D297-41CD-9079-34A5810C1209}.Debug|Any CPU.Build.0 = Debug|Any CPU
		{8F432EDB-D297-41CD-9079-34A5810C1209}.Release|Any CPU.ActiveCfg = Release|Any CPU
		{8F432EDB-D297-41CD-9079-34A5810C1209}.Release|Any CPU.Build.0 = Release|Any CPU
		{5EDA66BE-1A0A-45C8-9FC0-A0E390D36172}.Debug|Any CPU.ActiveCfg = Debug|Any CPU
		{5EDA66BE-1A0A-45C8-9FC0-A0E390D36172}.Debug|Any CPU.Build.0 = Debug|Any CPU
		{5EDA66BE-1A0A-45C8-9FC0-A0E390D36172}.Release|Any CPU.ActiveCfg = Release|Any CPU
		{5EDA66BE-1A0A-45C8-9FC0-A0E390D36172}.Release|Any CPU.Build.0 = Release|Any CPU
		{B5E3CEED-AED3-417D-9A01-53E571020B9D}.Debug|Any CPU.ActiveCfg = Debug|Any CPU
		{B5E3CEED-AED3-417D-9A01-53E571020B9D}.Debug|Any CPU.Build.0 = Debug|Any CPU
		{B5E3CEED-AED3-417D-9A01-53E571020B9D}.Release|Any CPU.ActiveCfg = Release|Any CPU
		{B5E3CEED-AED3-417D-9A01-53E571020B9D}.Release|Any CPU.Build.0 = Release|Any CPU
		{F07B19A3-5278-4B9C-87AD-B373993DA145}.Debug|Any CPU.ActiveCfg = Debug|Any CPU
		{F07B19A3-5278-4B9C-87AD-B373993DA145}.Debug|Any CPU.Build.0 = Debug|Any CPU
		{F07B19A3-5278-4B9C-87AD-B373993DA145}.Release|Any CPU.ActiveCfg = Release|Any CPU
		{F07B19A3-5278-4B9C-87AD-B373993DA145}.Release|Any CPU.Build.0 = Release|Any CPU
		{6D305E5E-A1E3-4AAB-A28C-AED47B282F70}.Debug|Any CPU.ActiveCfg = Debug|Any CPU
		{6D305E5E-A1E3-4AAB-A28C-AED47B282F70}.Debug|Any CPU.Build.0 = Debug|Any CPU
		{6D305E5E-A1E3-4AAB-A28C-AED47B282F70}.Release|Any CPU.ActiveCfg = Release|Any CPU
		{6D305E5E-A1E3-4AAB-A28C-AED47B282F70}.Release|Any CPU.Build.0 = Release|Any CPU
		{932D5FAE-CE5B-4107-BE2C-67924EF78E01}.Debug|Any CPU.ActiveCfg = Debug|Any CPU
		{932D5FAE-CE5B-4107-BE2C-67924EF78E01}.Debug|Any CPU.Build.0 = Debug|Any CPU
		{932D5FAE-CE5B-4107-BE2C-67924EF78E01}.Release|Any CPU.ActiveCfg = Release|Any CPU
		{932D5FAE-CE5B-4107-BE2C-67924EF78E01}.Release|Any CPU.Build.0 = Release|Any CPU
		{9073142C-723C-4B08-BC38-B65A93C3228C}.Debug|Any CPU.ActiveCfg = Debug|Any CPU
		{9073142C-723C-4B08-BC38-B65A93C3228C}.Debug|Any CPU.Build.0 = Debug|Any CPU
		{9073142C-723C-4B08-BC38-B65A93C3228C}.Release|Any CPU.ActiveCfg = Release|Any CPU
		{9073142C-723C-4B08-BC38-B65A93C3228C}.Release|Any CPU.Build.0 = Release|Any CPU
		{8C159ED1-0CCF-4CB8-B0C5-5F4B69ACB697}.Debug|Any CPU.ActiveCfg = Debug|Any CPU
		{8C159ED1-0CCF-4CB8-B0C5-5F4B69ACB697}.Debug|Any CPU.Build.0 = Debug|Any CPU
		{8C159ED1-0CCF-4CB8-B0C5-5F4B69ACB697}.Release|Any CPU.ActiveCfg = Release|Any CPU
		{8C159ED1-0CCF-4CB8-B0C5-5F4B69ACB697}.Release|Any CPU.Build.0 = Release|Any CPU
		{63F3CED2-9E5A-4324-87F2-C70526E678E2}.Debug|Any CPU.ActiveCfg = Debug|Any CPU
		{63F3CED2-9E5A-4324-87F2-C70526E678E2}.Debug|Any CPU.Build.0 = Debug|Any CPU
		{63F3CED2-9E5A-4324-87F2-C70526E678E2}.Release|Any CPU.ActiveCfg = Release|Any CPU
		{63F3CED2-9E5A-4324-87F2-C70526E678E2}.Release|Any CPU.Build.0 = Release|Any CPU
		{4CC6CBE5-49B4-475B-A87A-61EC783BA3A6}.Debug|Any CPU.ActiveCfg = Debug|Any CPU
		{4CC6CBE5-49B4-475B-A87A-61EC783BA3A6}.Debug|Any CPU.Build.0 = Debug|Any CPU
		{4CC6CBE5-49B4-475B-A87A-61EC783BA3A6}.Release|Any CPU.ActiveCfg = Release|Any CPU
		{4CC6CBE5-49B4-475B-A87A-61EC783BA3A6}.Release|Any CPU.Build.0 = Release|Any CPU
	EndGlobalSection
	GlobalSection(SolutionProperties) = preSolution
		HideSolutionNode = FALSE
	EndGlobalSection
	GlobalSection(NestedProjects) = preSolution
		{1874C205-E06C-4D68-B262-9FFBF45C2DF6} = {9B1E0DD0-378D-48A0-9028-E8D7BFA8B6A2}
		{59021B2C-87ED-42F0-AB74-AC49D9E05E2C} = {9B1E0DD0-378D-48A0-9028-E8D7BFA8B6A2}
		{A057610C-8896-4ADB-A039-E052E29D298C} = {9B1E0DD0-378D-48A0-9028-E8D7BFA8B6A2}
		{67EF8441-4D04-4A42-9658-413E7B1EADF6} = {A7AE4930-B9AD-46BC-8D97-9B33A2CA4732}
		{0E44A988-0E00-454F-8497-9FEA571F8E28} = {A7AE4930-B9AD-46BC-8D97-9B33A2CA4732}
		{42512E62-BB74-44E9-8001-5C5CBBAA982B} = {A7AE4930-B9AD-46BC-8D97-9B33A2CA4732}
		{FF0B0B8D-AE64-498A-92E2-746AE5A06A31} = {A7AE4930-B9AD-46BC-8D97-9B33A2CA4732}
		{297A8D39-8076-40CF-8C3F-68ABF9CC3487} = {A7AE4930-B9AD-46BC-8D97-9B33A2CA4732}
		{29AAAFE4-B81A-4F81-BB7D-8C3FA5FDE397} = {A7AE4930-B9AD-46BC-8D97-9B33A2CA4732}
		{B5821019-277B-4B17-835B-9481AAA19960} = {A7AE4930-B9AD-46BC-8D97-9B33A2CA4732}
		{69BF3402-972B-4810-BA33-007B9983F2EC} = {A7AE4930-B9AD-46BC-8D97-9B33A2CA4732}
		{EFBF756E-D662-4E18-96B4-81C8CD07C7B9} = {A7AE4930-B9AD-46BC-8D97-9B33A2CA4732}
		{B4CE2D15-9763-4258-853E-AE46E478EF21} = {A7AE4930-B9AD-46BC-8D97-9B33A2CA4732}
		{78D4A343-4C19-4F11-ADAD-4FC280364572} = {843FCBA3-57EE-45DE-A4A4-441904925594}
		{CE48CAD9-2A91-43D9-91B6-3309D7AD9649} = {843FCBA3-57EE-45DE-A4A4-441904925594}
		{8C2E5A65-3017-419A-95BA-18EA115B7913} = {843FCBA3-57EE-45DE-A4A4-441904925594}
		{22EDBC2D-148A-486C-AE91-990BD9456622} = {843FCBA3-57EE-45DE-A4A4-441904925594}
		{07E0D1F5-4FBA-401D-AA7D-FDA01F42ED65} = {843FCBA3-57EE-45DE-A4A4-441904925594}
		{F2AB2320-766A-44E1-8C3B-31E53F9574EB} = {9DC2832D-C063-4472-9774-00851F2D4E71}
		{7896CE92-A2F6-4AC5-97C5-BAADBB3042F2} = {9DC2832D-C063-4472-9774-00851F2D4E71}
		{6F12C9C7-5ED0-499A-9DFE-7ACA5554B5F5} = {9DC2832D-C063-4472-9774-00851F2D4E71}
		{6C08F781-188B-48FB-8532-81578083E2B5} = {9DC2832D-C063-4472-9774-00851F2D4E71}
		{ED3E4C1A-FC6C-40DF-AE0A-C4EBC588BF8C} = {9DC2832D-C063-4472-9774-00851F2D4E71}
		{8440F44A-393F-4B14-A04F-F2ABC3B7CC5A} = {9DC2832D-C063-4472-9774-00851F2D4E71}
		{7A93F227-D46D-44B4-95C1-CCAC23A97C99} = {9DC2832D-C063-4472-9774-00851F2D4E71}
		{6DF6DB39-F0E3-495D-9D7A-640391971110} = {9DC2832D-C063-4472-9774-00851F2D4E71}
		{4ECA116A-7224-4BE2-8A55-CD7471E010DA} = {9DC2832D-C063-4472-9774-00851F2D4E71}
		{F6C4AEF5-D956-4E1C-BA7F-D35CAA1AC67D} = {EDE9221C-ABD1-4916-A029-E9F6AF0D9752}
		{8A235962-339F-41FE-9DE5-3E877B205435} = {EDE9221C-ABD1-4916-A029-E9F6AF0D9752}
		{8F432EDB-D297-41CD-9079-34A5810C1209} = {EDE9221C-ABD1-4916-A029-E9F6AF0D9752}
		{5EDA66BE-1A0A-45C8-9FC0-A0E390D36172} = {1A274C81-34BA-4F96-A09F-653A0A410B84}
		{B5E3CEED-AED3-417D-9A01-53E571020B9D} = {1A274C81-34BA-4F96-A09F-653A0A410B84}
		{F07B19A3-5278-4B9C-87AD-B373993DA145} = {1A274C81-34BA-4F96-A09F-653A0A410B84}
		{6D305E5E-A1E3-4AAB-A28C-AED47B282F70} = {DE267CFC-5015-4BAC-9E65-8BF0BBF35BEE}
		{932D5FAE-CE5B-4107-BE2C-67924EF78E01} = {DE267CFC-5015-4BAC-9E65-8BF0BBF35BEE}
		{9073142C-723C-4B08-BC38-B65A93C3228C} = {DE267CFC-5015-4BAC-9E65-8BF0BBF35BEE}
		{8C159ED1-0CCF-4CB8-B0C5-5F4B69ACB697} = {1A274C81-34BA-4F96-A09F-653A0A410B84}
		{63F3CED2-9E5A-4324-87F2-C70526E678E2} = {1A274C81-34BA-4F96-A09F-653A0A410B84}
		{4CC6CBE5-49B4-475B-A87A-61EC783BA3A6} = {1A274C81-34BA-4F96-A09F-653A0A410B84}
	EndGlobalSection
	GlobalSection(ExtensibilityGlobals) = postSolution
		SolutionGuid = {82948EB5-6E29-47ED-BAC1-7CE74C088546}
	EndGlobalSection
EndGlobal
