
Microsoft Visual Studio Solution File, Format Version 12.00
# Visual Studio Version 16
VisualStudioVersion = 16.0.29123.88
MinimumVisualStudioVersion = 10.0.40219.1
Project("{9A19103F-16F7-4668-BE54-9A1E7A4F7556}") = "uvod", "uvod.csproj", "{05C7498B-9605-4ED1-A725-B5EE378CDCC9}"
EndProject
Project("{2150E333-8FDC-42A3-9474-1A3956D46DE8}") = "5_uvjetno_grananje", "5_uvjetno_grananje", "{BDE942AE-08E1-44C9-BAE2-1E2C0B7DB582}"
EndProject
Project("{FAE04EC0-301F-11D3-BF4B-00C04F79EFBC}") = "5_2_1_if", "..\5_2_1_if\5_2_1_if.csproj", "{05DC89ED-E96F-446E-AE8E-1505141F63D0}"
EndProject
Project("{FAE04EC0-301F-11D3-BF4B-00C04F79EFBC}") = "5_2_1_2_ugnjezdeni", "..\5_2_1_2_ugnjezdeni\5_2_1_2_ugnjezdeni.csproj", "{34AE925A-92C4-44D8-AFBB-E7DA16938C1B}"
EndProject
Project("{FAE04EC0-301F-11D3-BF4B-00C04F79EFBC}") = "5_2_2_1_prosireni_if", "..\5_2_2_1_prosireni_if\5_2_2_1_prosireni_if.csproj", "{5E9817A3-2725-462C-B86B-6F337246AAA3}"
EndProject
Project("{FAE04EC0-301F-11D3-BF4B-00C04F79EFBC}") = "5_2_2_kalkulator", "..\5_2_2_kalkulator\5_2_2_kalkulator.csproj", "{CA0561B0-6A76-4115-BF8B-90C372E17DDA}"
EndProject
Project("{FAE04EC0-301F-11D3-BF4B-00C04F79EFBC}") = "5_2_3_veliki_broj", "..\5_2_3_veliki_broj\5_2_3_veliki_broj.csproj", "{99CC3200-F502-4FD5-8254-2A0ABCD51F90}"
EndProject
Project("{FAE04EC0-301F-11D3-BF4B-00C04F79EFBC}") = "ciklicke_petlje 5.3.1", "..\ciklicke_petlje\ciklicke_petlje 5.3.1.csproj", "{BA5E400B-95D0-44BF-878A-B8036BBA765B}"
EndProject
Project("{FAE04EC0-301F-11D3-BF4B-00C04F79EFBC}") = "5.3.2", "..\5.3.2\5.3.2.csproj", "{E5080733-B3A3-4F8E-B0ED-E71132C06977}"
EndProject
Project("{FAE04EC0-301F-11D3-BF4B-00C04F79EFBC}") = "5.3.3", "..\5.3.3\5.3.3.csproj", "{98FFE0A7-7036-4264-A13B-ABD6D167DB76}"
EndProject
Project("{FAE04EC0-301F-11D3-BF4B-00C04F79EFBC}") = "5.3.4", "..\5.3.4\5.3.4.csproj", "{F2B34EC3-CF82-48BF-A12F-7C8996A69F7B}"
EndProject
Project("{FAE04EC0-301F-11D3-BF4B-00C04F79EFBC}") = "5.3.5", "..\5.3.5\5.3.5.csproj", "{60A50373-CFCE-4DB3-99CA-024B0FFE7152}"
EndProject
Project("{FAE04EC0-301F-11D3-BF4B-00C04F79EFBC}") = "5.3.6", "..\5.3.6\5.3.6.csproj", "{342D24AE-BE88-40E2-8018-2518BCE118A5}"
EndProject
Project("{FAE04EC0-301F-11D3-BF4B-00C04F79EFBC}") = "5.3.7", "..\5.3.7\5.3.7.csproj", "{23FCF365-E3F1-419E-889E-293E2CD0F8D5}"
EndProject
Project("{FAE04EC0-301F-11D3-BF4B-00C04F79EFBC}") = "5.3.8", "..\5.3.8\5.3.8.csproj", "{ADF7C14C-A115-4BD0-8603-B5F744D5E514}"
EndProject
Project("{FAE04EC0-301F-11D3-BF4B-00C04F79EFBC}") = "5.3.9", "..\5.3.9\5.3.9.csproj", "{6FB5D7E2-28C6-43B7-968D-794883C8C7E6}"
EndProject
Global
	GlobalSection(SolutionConfigurationPlatforms) = preSolution
		Debug|Any CPU = Debug|Any CPU
		Release|Any CPU = Release|Any CPU
	EndGlobalSection
	GlobalSection(ProjectConfigurationPlatforms) = postSolution
		{05C7498B-9605-4ED1-A725-B5EE378CDCC9}.Debug|Any CPU.ActiveCfg = Debug|Any CPU
		{05C7498B-9605-4ED1-A725-B5EE378CDCC9}.Debug|Any CPU.Build.0 = Debug|Any CPU
		{05C7498B-9605-4ED1-A725-B5EE378CDCC9}.Release|Any CPU.ActiveCfg = Release|Any CPU
		{05C7498B-9605-4ED1-A725-B5EE378CDCC9}.Release|Any CPU.Build.0 = Release|Any CPU
		{05DC89ED-E96F-446E-AE8E-1505141F63D0}.Debug|Any CPU.ActiveCfg = Debug|Any CPU
		{05DC89ED-E96F-446E-AE8E-1505141F63D0}.Debug|Any CPU.Build.0 = Debug|Any CPU
		{05DC89ED-E96F-446E-AE8E-1505141F63D0}.Release|Any CPU.ActiveCfg = Release|Any CPU
		{05DC89ED-E96F-446E-AE8E-1505141F63D0}.Release|Any CPU.Build.0 = Release|Any CPU
		{34AE925A-92C4-44D8-AFBB-E7DA16938C1B}.Debug|Any CPU.ActiveCfg = Debug|Any CPU
		{34AE925A-92C4-44D8-AFBB-E7DA16938C1B}.Debug|Any CPU.Build.0 = Debug|Any CPU
		{34AE925A-92C4-44D8-AFBB-E7DA16938C1B}.Release|Any CPU.ActiveCfg = Release|Any CPU
		{34AE925A-92C4-44D8-AFBB-E7DA16938C1B}.Release|Any CPU.Build.0 = Release|Any CPU
		{5E9817A3-2725-462C-B86B-6F337246AAA3}.Debug|Any CPU.ActiveCfg = Debug|Any CPU
		{5E9817A3-2725-462C-B86B-6F337246AAA3}.Debug|Any CPU.Build.0 = Debug|Any CPU
		{5E9817A3-2725-462C-B86B-6F337246AAA3}.Release|Any CPU.ActiveCfg = Release|Any CPU
		{5E9817A3-2725-462C-B86B-6F337246AAA3}.Release|Any CPU.Build.0 = Release|Any CPU
		{CA0561B0-6A76-4115-BF8B-90C372E17DDA}.Debug|Any CPU.ActiveCfg = Debug|Any CPU
		{CA0561B0-6A76-4115-BF8B-90C372E17DDA}.Debug|Any CPU.Build.0 = Debug|Any CPU
		{CA0561B0-6A76-4115-BF8B-90C372E17DDA}.Release|Any CPU.ActiveCfg = Release|Any CPU
		{CA0561B0-6A76-4115-BF8B-90C372E17DDA}.Release|Any CPU.Build.0 = Release|Any CPU
		{99CC3200-F502-4FD5-8254-2A0ABCD51F90}.Debug|Any CPU.ActiveCfg = Debug|Any CPU
		{99CC3200-F502-4FD5-8254-2A0ABCD51F90}.Debug|Any CPU.Build.0 = Debug|Any CPU
		{99CC3200-F502-4FD5-8254-2A0ABCD51F90}.Release|Any CPU.ActiveCfg = Release|Any CPU
		{99CC3200-F502-4FD5-8254-2A0ABCD51F90}.Release|Any CPU.Build.0 = Release|Any CPU
		{BA5E400B-95D0-44BF-878A-B8036BBA765B}.Debug|Any CPU.ActiveCfg = Debug|Any CPU
		{BA5E400B-95D0-44BF-878A-B8036BBA765B}.Debug|Any CPU.Build.0 = Debug|Any CPU
		{BA5E400B-95D0-44BF-878A-B8036BBA765B}.Release|Any CPU.ActiveCfg = Release|Any CPU
		{BA5E400B-95D0-44BF-878A-B8036BBA765B}.Release|Any CPU.Build.0 = Release|Any CPU
		{E5080733-B3A3-4F8E-B0ED-E71132C06977}.Debug|Any CPU.ActiveCfg = Debug|Any CPU
		{E5080733-B3A3-4F8E-B0ED-E71132C06977}.Debug|Any CPU.Build.0 = Debug|Any CPU
		{E5080733-B3A3-4F8E-B0ED-E71132C06977}.Release|Any CPU.ActiveCfg = Release|Any CPU
		{E5080733-B3A3-4F8E-B0ED-E71132C06977}.Release|Any CPU.Build.0 = Release|Any CPU
		{98FFE0A7-7036-4264-A13B-ABD6D167DB76}.Debug|Any CPU.ActiveCfg = Debug|Any CPU
		{98FFE0A7-7036-4264-A13B-ABD6D167DB76}.Debug|Any CPU.Build.0 = Debug|Any CPU
		{98FFE0A7-7036-4264-A13B-ABD6D167DB76}.Release|Any CPU.ActiveCfg = Release|Any CPU
		{98FFE0A7-7036-4264-A13B-ABD6D167DB76}.Release|Any CPU.Build.0 = Release|Any CPU
		{F2B34EC3-CF82-48BF-A12F-7C8996A69F7B}.Debug|Any CPU.ActiveCfg = Debug|Any CPU
		{F2B34EC3-CF82-48BF-A12F-7C8996A69F7B}.Debug|Any CPU.Build.0 = Debug|Any CPU
		{F2B34EC3-CF82-48BF-A12F-7C8996A69F7B}.Release|Any CPU.ActiveCfg = Release|Any CPU
		{F2B34EC3-CF82-48BF-A12F-7C8996A69F7B}.Release|Any CPU.Build.0 = Release|Any CPU
		{60A50373-CFCE-4DB3-99CA-024B0FFE7152}.Debug|Any CPU.ActiveCfg = Debug|Any CPU
		{60A50373-CFCE-4DB3-99CA-024B0FFE7152}.Debug|Any CPU.Build.0 = Debug|Any CPU
		{60A50373-CFCE-4DB3-99CA-024B0FFE7152}.Release|Any CPU.ActiveCfg = Release|Any CPU
		{60A50373-CFCE-4DB3-99CA-024B0FFE7152}.Release|Any CPU.Build.0 = Release|Any CPU
		{342D24AE-BE88-40E2-8018-2518BCE118A5}.Debug|Any CPU.ActiveCfg = Debug|Any CPU
		{342D24AE-BE88-40E2-8018-2518BCE118A5}.Debug|Any CPU.Build.0 = Debug|Any CPU
		{342D24AE-BE88-40E2-8018-2518BCE118A5}.Release|Any CPU.ActiveCfg = Release|Any CPU
		{342D24AE-BE88-40E2-8018-2518BCE118A5}.Release|Any CPU.Build.0 = Release|Any CPU
		{23FCF365-E3F1-419E-889E-293E2CD0F8D5}.Debug|Any CPU.ActiveCfg = Debug|Any CPU
		{23FCF365-E3F1-419E-889E-293E2CD0F8D5}.Debug|Any CPU.Build.0 = Debug|Any CPU
		{23FCF365-E3F1-419E-889E-293E2CD0F8D5}.Release|Any CPU.ActiveCfg = Release|Any CPU
		{23FCF365-E3F1-419E-889E-293E2CD0F8D5}.Release|Any CPU.Build.0 = Release|Any CPU
		{ADF7C14C-A115-4BD0-8603-B5F744D5E514}.Debug|Any CPU.ActiveCfg = Debug|Any CPU
		{ADF7C14C-A115-4BD0-8603-B5F744D5E514}.Debug|Any CPU.Build.0 = Debug|Any CPU
		{ADF7C14C-A115-4BD0-8603-B5F744D5E514}.Release|Any CPU.ActiveCfg = Release|Any CPU
		{ADF7C14C-A115-4BD0-8603-B5F744D5E514}.Release|Any CPU.Build.0 = Release|Any CPU
		{6FB5D7E2-28C6-43B7-968D-794883C8C7E6}.Debug|Any CPU.ActiveCfg = Debug|Any CPU
		{6FB5D7E2-28C6-43B7-968D-794883C8C7E6}.Debug|Any CPU.Build.0 = Debug|Any CPU
		{6FB5D7E2-28C6-43B7-968D-794883C8C7E6}.Release|Any CPU.ActiveCfg = Release|Any CPU
		{6FB5D7E2-28C6-43B7-968D-794883C8C7E6}.Release|Any CPU.Build.0 = Release|Any CPU
	EndGlobalSection
	GlobalSection(SolutionProperties) = preSolution
		HideSolutionNode = FALSE
	EndGlobalSection
	GlobalSection(NestedProjects) = preSolution
		{05DC89ED-E96F-446E-AE8E-1505141F63D0} = {BDE942AE-08E1-44C9-BAE2-1E2C0B7DB582}
		{34AE925A-92C4-44D8-AFBB-E7DA16938C1B} = {BDE942AE-08E1-44C9-BAE2-1E2C0B7DB582}
		{5E9817A3-2725-462C-B86B-6F337246AAA3} = {BDE942AE-08E1-44C9-BAE2-1E2C0B7DB582}
		{CA0561B0-6A76-4115-BF8B-90C372E17DDA} = {BDE942AE-08E1-44C9-BAE2-1E2C0B7DB582}
		{99CC3200-F502-4FD5-8254-2A0ABCD51F90} = {BDE942AE-08E1-44C9-BAE2-1E2C0B7DB582}
	EndGlobalSection
	GlobalSection(ExtensibilityGlobals) = postSolution
		SolutionGuid = {1E1F2577-190A-4E35-AC80-477CD36C31AC}
	EndGlobalSection
EndGlobal
