
Microsoft Visual Studio Solution File, Format Version 12.00
# Visual Studio Version 16
VisualStudioVersion = 16.0.29123.88
MinimumVisualStudioVersion = 10.0.40219.1
Project("{9A19103F-16F7-4668-BE54-9A1E7A4F7556}") = "uvod", "uvod.csproj", "{05C7498B-9605-4ED1-A725-B5EE378CDCC9}"
EndProject
Project("{2150E333-8FDC-42A3-9474-1A3956D46DE8}") = "5 zadatci", "5 zadatci", "{BDE942AE-08E1-44C9-BAE2-1E2C0B7DB582}"
EndProject
Project("{9A19103F-16F7-4668-BE54-9A1E7A4F7556}") = "5_2_1_if", "..\5_2_1_if\5_2_1_if.csproj", "{05DC89ED-E96F-446E-AE8E-1505141F63D0}"
EndProject
Project("{9A19103F-16F7-4668-BE54-9A1E7A4F7556}") = "5_2_1_2_ugnjezdeni", "..\5_2_1_2_ugnjezdeni\5_2_1_2_ugnjezdeni.csproj", "{34AE925A-92C4-44D8-AFBB-E7DA16938C1B}"
EndProject
Project("{9A19103F-16F7-4668-BE54-9A1E7A4F7556}") = "5_2_2_1_prosireni_if", "..\5_2_2_1_prosireni_if\5_2_2_1_prosireni_if.csproj", "{5E9817A3-2725-462C-B86B-6F337246AAA3}"
EndProject
Project("{9A19103F-16F7-4668-BE54-9A1E7A4F7556}") = "5_2_2_kalkulator", "..\5_2_2_kalkulator\5_2_2_kalkulator.csproj", "{CA0561B0-6A76-4115-BF8B-90C372E17DDA}"
EndProject
Project("{9A19103F-16F7-4668-BE54-9A1E7A4F7556}") = "5_2_3_veliki_broj", "..\5_2_3_veliki_broj\5_2_3_veliki_broj.csproj", "{99CC3200-F502-4FD5-8254-2A0ABCD51F90}"
EndProject
Project("{9A19103F-16F7-4668-BE54-9A1E7A4F7556}") = "5.3.2", "..\5.3.2\5.3.2.csproj", "{0EC0551E-5825-44F2-95AC-AEE76515EB38}"
EndProject
Project("{9A19103F-16F7-4668-BE54-9A1E7A4F7556}") = "5.3.3", "..\5.3.3\5.3.3.csproj", "{BBC9FBBF-182D-4089-9F4D-3E96C86B0ED7}"
EndProject
Project("{9A19103F-16F7-4668-BE54-9A1E7A4F7556}") = "5.3.4", "..\5.3.4\5.3.4.csproj", "{96013410-F0AA-4718-AEF6-73C85EB90CDA}"
EndProject
Project("{9A19103F-16F7-4668-BE54-9A1E7A4F7556}") = "5.3.5", "..\5.3.5\5.3.5.csproj", "{07FFA88F-590E-473A-9721-D12E6C51B1FF}"
EndProject
Project("{9A19103F-16F7-4668-BE54-9A1E7A4F7556}") = "5.3.6", "..\5.3.6\5.3.6.csproj", "{20ECA9D8-D5AE-426E-849F-3987C9E3816C}"
EndProject
Project("{9A19103F-16F7-4668-BE54-9A1E7A4F7556}") = "5.3.7", "..\5.3.7\5.3.7.csproj", "{250B6192-A274-496E-B49A-D87530990DCB}"
EndProject
Project("{9A19103F-16F7-4668-BE54-9A1E7A4F7556}") = "5.3.8", "..\5.3.8\5.3.8.csproj", "{279DDFCB-1DD2-4B5B-A637-63771EC6E2A7}"
EndProject
Project("{9A19103F-16F7-4668-BE54-9A1E7A4F7556}") = "5.3.9", "..\5.3.9\5.3.9.csproj", "{15E4FBD9-55AB-4FBA-B541-CE342D7A5065}"
EndProject
Project("{9A19103F-16F7-4668-BE54-9A1E7A4F7556}") = "5_3_1_for", "..\5_3_1_for\5_3_1_for.csproj", "{8DBC1F79-F41A-4169-9746-7CE4ECC26648}"
EndProject
Project("{9A19103F-16F7-4668-BE54-9A1E7A4F7556}") = "5.3.22", "..\5.3.22\5.3.22.csproj", "{622FA667-3FE1-4F97-BE9F-674681E4DD92}"
EndProject
Project("{9A19103F-16F7-4668-BE54-9A1E7A4F7556}") = "5.3.21", "..\5.3.21\5.3.21.csproj", "{719F8B2A-67F7-4FFC-BAD4-83E630DBA19C}"
EndProject
Project("{9A19103F-16F7-4668-BE54-9A1E7A4F7556}") = "5.3.11", "..\5.3.11\5.3.11.csproj", "{600A4C10-893B-420B-A920-04DF4ECDC8B8}"
EndProject
Project("{2150E333-8FDC-42A3-9474-1A3956D46DE8}") = "Nizovi", "Nizovi", "{3BB1E599-AA42-4A27-B6CB-DAD498D74118}"
EndProject
Project("{9A19103F-16F7-4668-BE54-9A1E7A4F7556}") = "6_1_niz", "..\6_1_niz\6_1_niz.csproj", "{A5CB76CE-941F-4AF7-86A9-1DB7E5BFC3BB}"
EndProject
Project("{9A19103F-16F7-4668-BE54-9A1E7A4F7556}") = "6.1.1", "..\6.1.1\6.1.1.csproj", "{B9088D71-0564-4F13-A90A-E57F48DECBC5}"
EndProject
Project("{9A19103F-16F7-4668-BE54-9A1E7A4F7556}") = "6.1.2", "..\6.1.2\6.1.2.csproj", "{65E42A4C-EFCC-40AB-8B2F-2AC483367813}"
EndProject
Project("{9A19103F-16F7-4668-BE54-9A1E7A4F7556}") = "6.2.1", "..\6.2.1\6.2.1.csproj", "{33244A0E-CBBD-424F-A3CE-B813B53E3395}"
EndProject
Project("{9A19103F-16F7-4668-BE54-9A1E7A4F7556}") = "6.2.2.nepar2", "..\6.2.2.nepar2\6.2.2.nepar2.csproj", "{4C53B5B7-673E-4BA6-B1FE-BFB8DF7A32A2}"
EndProject
Project("{2150E333-8FDC-42A3-9474-1A3956D46DE8}") = "vanjski projekti", "vanjski projekti", "{6E010958-6A56-4D7B-B996-886297A1103C}"
EndProject
Project("{9A19103F-16F7-4668-BE54-9A1E7A4F7556}") = "6_2_2_nepar2", "..\..\pmrvic\6_2_2_nepar2\6_2_2_nepar2.csproj", "{4D5A6D66-8FFB-4247-8263-B397B94C6432}"
EndProject
Project("{9A19103F-16F7-4668-BE54-9A1E7A4F7556}") = "6.2.3", "..\6.2.3\6.2.3.csproj", "{54BF5C9F-DCD6-4C94-9818-B423029C6A17}"
EndProject
Project("{9A19103F-16F7-4668-BE54-9A1E7A4F7556}") = "6.2.4", "..\6.2.5\6.2.4.csproj", "{61859E48-3E8C-4AC5-9F80-24BE99F6E607}"
EndProject
Project("{9A19103F-16F7-4668-BE54-9A1E7A4F7556}") = "6.25", "..\6.25\6.25.csproj", "{58A1EEE8-AA38-4A9B-A908-C0D546665351}"
EndProject
Project("{2150E333-8FDC-42A3-9474-1A3956D46DE8}") = "procedure", "procedure", "{D024A6A2-490D-42FB-A952-76CF4349F474}"
EndProject
Project("{9A19103F-16F7-4668-BE54-9A1E7A4F7556}") = "7.2", "..\7.2\7.2.csproj", "{09611BDF-D626-436E-9E55-B11CD09B9061}"
EndProject
Project("{9A19103F-16F7-4668-BE54-9A1E7A4F7556}") = "7.2.2", "..\7.2.2\7.2.2.csproj", "{5F7BD1DE-0A6D-4FD7-A5C0-EF78DD4783A9}"
EndProject
Project("{9A19103F-16F7-4668-BE54-9A1E7A4F7556}") = "7.3.kvadrat", "..\7.3.kvadrat\7.3.kvadrat.csproj", "{8A9C34FB-B523-469B-ABCE-BEBB67A54239}"
EndProject
Project("{9A19103F-16F7-4668-BE54-9A1E7A4F7556}") = "7.1.1", "..\7.1.1\7.1.1.csproj", "{FF23F192-4504-4438-BA95-8060BCEC1BFB}"
EndProject
Project("{9A19103F-16F7-4668-BE54-9A1E7A4F7556}") = "7.2.1", "..\7.2.1\7.2.1.csproj", "{73903E65-C9C5-4DF5-B3E6-E91A206A8E9E}"
EndProject
Project("{2150E333-8FDC-42A3-9474-1A3956D46DE8}") = "8. objekti", "8. objekti", "{87B185C6-FE8A-4318-AC40-22DEB97D1435}"
EndProject
Project("{9A19103F-16F7-4668-BE54-9A1E7A4F7556}") = "8_1_2_ucenik", "..\8_1_2_ucenik\8_1_2_ucenik.csproj", "{B66EB578-1823-46C3-BBDA-BC31F8404A50}"
EndProject
Project("{FAE04EC0-301F-11D3-BF4B-00C04F79EFBC}") = "8.1.3.primjer", "..\8.1.3.primjer\8.1.3.primjer.csproj", "{7485489B-AADA-4549-9119-7E3F9771BD26}"
EndProject
Global
	GlobalSection(SolutionConfigurationPlatforms) = preSolution
		Debug|Any CPU = Debug|Any CPU
		Release|Any CPU = Release|Any CPU
	EndGlobalSection
	GlobalSection(ProjectConfigurationPlatforms) = postSolution
		{05C7498B-9605-4ED1-A725-B5EE378CDCC9}.Debug|Any CPU.ActiveCfg = Debug|Any CPU
		{05C7498B-9605-4ED1-A725-B5EE378CDCC9}.Debug|Any CPU.Build.0 = Debug|Any CPU
		{05C7498B-9605-4ED1-A725-B5EE378CDCC9}.Release|Any CPU.ActiveCfg = Release|Any CPU
		{05C7498B-9605-4ED1-A725-B5EE378CDCC9}.Release|Any CPU.Build.0 = Release|Any CPU
		{05DC89ED-E96F-446E-AE8E-1505141F63D0}.Debug|Any CPU.ActiveCfg = Debug|Any CPU
		{05DC89ED-E96F-446E-AE8E-1505141F63D0}.Debug|Any CPU.Build.0 = Debug|Any CPU
		{05DC89ED-E96F-446E-AE8E-1505141F63D0}.Release|Any CPU.ActiveCfg = Release|Any CPU
		{05DC89ED-E96F-446E-AE8E-1505141F63D0}.Release|Any CPU.Build.0 = Release|Any CPU
		{34AE925A-92C4-44D8-AFBB-E7DA16938C1B}.Debug|Any CPU.ActiveCfg = Debug|Any CPU
		{34AE925A-92C4-44D8-AFBB-E7DA16938C1B}.Debug|Any CPU.Build.0 = Debug|Any CPU
		{34AE925A-92C4-44D8-AFBB-E7DA16938C1B}.Release|Any CPU.ActiveCfg = Release|Any CPU
		{34AE925A-92C4-44D8-AFBB-E7DA16938C1B}.Release|Any CPU.Build.0 = Release|Any CPU
		{5E9817A3-2725-462C-B86B-6F337246AAA3}.Debug|Any CPU.ActiveCfg = Debug|Any CPU
		{5E9817A3-2725-462C-B86B-6F337246AAA3}.Debug|Any CPU.Build.0 = Debug|Any CPU
		{5E9817A3-2725-462C-B86B-6F337246AAA3}.Release|Any CPU.ActiveCfg = Release|Any CPU
		{5E9817A3-2725-462C-B86B-6F337246AAA3}.Release|Any CPU.Build.0 = Release|Any CPU
		{CA0561B0-6A76-4115-BF8B-90C372E17DDA}.Debug|Any CPU.ActiveCfg = Debug|Any CPU
		{CA0561B0-6A76-4115-BF8B-90C372E17DDA}.Debug|Any CPU.Build.0 = Debug|Any CPU
		{CA0561B0-6A76-4115-BF8B-90C372E17DDA}.Release|Any CPU.ActiveCfg = Release|Any CPU
		{CA0561B0-6A76-4115-BF8B-90C372E17DDA}.Release|Any CPU.Build.0 = Release|Any CPU
		{99CC3200-F502-4FD5-8254-2A0ABCD51F90}.Debug|Any CPU.ActiveCfg = Debug|Any CPU
		{99CC3200-F502-4FD5-8254-2A0ABCD51F90}.Debug|Any CPU.Build.0 = Debug|Any CPU
		{99CC3200-F502-4FD5-8254-2A0ABCD51F90}.Release|Any CPU.ActiveCfg = Release|Any CPU
		{99CC3200-F502-4FD5-8254-2A0ABCD51F90}.Release|Any CPU.Build.0 = Release|Any CPU
		{0EC0551E-5825-44F2-95AC-AEE76515EB38}.Debug|Any CPU.ActiveCfg = Debug|Any CPU
		{0EC0551E-5825-44F2-95AC-AEE76515EB38}.Debug|Any CPU.Build.0 = Debug|Any CPU
		{0EC0551E-5825-44F2-95AC-AEE76515EB38}.Release|Any CPU.ActiveCfg = Release|Any CPU
		{0EC0551E-5825-44F2-95AC-AEE76515EB38}.Release|Any CPU.Build.0 = Release|Any CPU
		{BBC9FBBF-182D-4089-9F4D-3E96C86B0ED7}.Debug|Any CPU.ActiveCfg = Debug|Any CPU
		{BBC9FBBF-182D-4089-9F4D-3E96C86B0ED7}.Debug|Any CPU.Build.0 = Debug|Any CPU
		{BBC9FBBF-182D-4089-9F4D-3E96C86B0ED7}.Release|Any CPU.ActiveCfg = Release|Any CPU
		{BBC9FBBF-182D-4089-9F4D-3E96C86B0ED7}.Release|Any CPU.Build.0 = Release|Any CPU
		{96013410-F0AA-4718-AEF6-73C85EB90CDA}.Debug|Any CPU.ActiveCfg = Debug|Any CPU
		{96013410-F0AA-4718-AEF6-73C85EB90CDA}.Debug|Any CPU.Build.0 = Debug|Any CPU
		{96013410-F0AA-4718-AEF6-73C85EB90CDA}.Release|Any CPU.ActiveCfg = Release|Any CPU
		{96013410-F0AA-4718-AEF6-73C85EB90CDA}.Release|Any CPU.Build.0 = Release|Any CPU
		{07FFA88F-590E-473A-9721-D12E6C51B1FF}.Debug|Any CPU.ActiveCfg = Debug|Any CPU
		{07FFA88F-590E-473A-9721-D12E6C51B1FF}.Debug|Any CPU.Build.0 = Debug|Any CPU
		{07FFA88F-590E-473A-9721-D12E6C51B1FF}.Release|Any CPU.ActiveCfg = Release|Any CPU
		{07FFA88F-590E-473A-9721-D12E6C51B1FF}.Release|Any CPU.Build.0 = Release|Any CPU
		{20ECA9D8-D5AE-426E-849F-3987C9E3816C}.Debug|Any CPU.ActiveCfg = Debug|Any CPU
		{20ECA9D8-D5AE-426E-849F-3987C9E3816C}.Debug|Any CPU.Build.0 = Debug|Any CPU
		{20ECA9D8-D5AE-426E-849F-3987C9E3816C}.Release|Any CPU.ActiveCfg = Release|Any CPU
		{20ECA9D8-D5AE-426E-849F-3987C9E3816C}.Release|Any CPU.Build.0 = Release|Any CPU
		{250B6192-A274-496E-B49A-D87530990DCB}.Debug|Any CPU.ActiveCfg = Debug|Any CPU
		{250B6192-A274-496E-B49A-D87530990DCB}.Debug|Any CPU.Build.0 = Debug|Any CPU
		{250B6192-A274-496E-B49A-D87530990DCB}.Release|Any CPU.ActiveCfg = Release|Any CPU
		{250B6192-A274-496E-B49A-D87530990DCB}.Release|Any CPU.Build.0 = Release|Any CPU
		{279DDFCB-1DD2-4B5B-A637-63771EC6E2A7}.Debug|Any CPU.ActiveCfg = Debug|Any CPU
		{279DDFCB-1DD2-4B5B-A637-63771EC6E2A7}.Debug|Any CPU.Build.0 = Debug|Any CPU
		{279DDFCB-1DD2-4B5B-A637-63771EC6E2A7}.Release|Any CPU.ActiveCfg = Release|Any CPU
		{279DDFCB-1DD2-4B5B-A637-63771EC6E2A7}.Release|Any CPU.Build.0 = Release|Any CPU
		{15E4FBD9-55AB-4FBA-B541-CE342D7A5065}.Debug|Any CPU.ActiveCfg = Debug|Any CPU
		{15E4FBD9-55AB-4FBA-B541-CE342D7A5065}.Debug|Any CPU.Build.0 = Debug|Any CPU
		{15E4FBD9-55AB-4FBA-B541-CE342D7A5065}.Release|Any CPU.ActiveCfg = Release|Any CPU
		{15E4FBD9-55AB-4FBA-B541-CE342D7A5065}.Release|Any CPU.Build.0 = Release|Any CPU
		{8DBC1F79-F41A-4169-9746-7CE4ECC26648}.Debug|Any CPU.ActiveCfg = Debug|Any CPU
		{8DBC1F79-F41A-4169-9746-7CE4ECC26648}.Debug|Any CPU.Build.0 = Debug|Any CPU
		{8DBC1F79-F41A-4169-9746-7CE4ECC26648}.Release|Any CPU.ActiveCfg = Release|Any CPU
		{8DBC1F79-F41A-4169-9746-7CE4ECC26648}.Release|Any CPU.Build.0 = Release|Any CPU
		{622FA667-3FE1-4F97-BE9F-674681E4DD92}.Debug|Any CPU.ActiveCfg = Debug|Any CPU
		{622FA667-3FE1-4F97-BE9F-674681E4DD92}.Debug|Any CPU.Build.0 = Debug|Any CPU
		{622FA667-3FE1-4F97-BE9F-674681E4DD92}.Release|Any CPU.ActiveCfg = Release|Any CPU
		{622FA667-3FE1-4F97-BE9F-674681E4DD92}.Release|Any CPU.Build.0 = Release|Any CPU
		{719F8B2A-67F7-4FFC-BAD4-83E630DBA19C}.Debug|Any CPU.ActiveCfg = Debug|Any CPU
		{719F8B2A-67F7-4FFC-BAD4-83E630DBA19C}.Debug|Any CPU.Build.0 = Debug|Any CPU
		{719F8B2A-67F7-4FFC-BAD4-83E630DBA19C}.Release|Any CPU.ActiveCfg = Release|Any CPU
		{719F8B2A-67F7-4FFC-BAD4-83E630DBA19C}.Release|Any CPU.Build.0 = Release|Any CPU
		{600A4C10-893B-420B-A920-04DF4ECDC8B8}.Debug|Any CPU.ActiveCfg = Debug|Any CPU
		{600A4C10-893B-420B-A920-04DF4ECDC8B8}.Debug|Any CPU.Build.0 = Debug|Any CPU
		{600A4C10-893B-420B-A920-04DF4ECDC8B8}.Release|Any CPU.ActiveCfg = Release|Any CPU
		{600A4C10-893B-420B-A920-04DF4ECDC8B8}.Release|Any CPU.Build.0 = Release|Any CPU
		{A5CB76CE-941F-4AF7-86A9-1DB7E5BFC3BB}.Debug|Any CPU.ActiveCfg = Debug|Any CPU
		{A5CB76CE-941F-4AF7-86A9-1DB7E5BFC3BB}.Debug|Any CPU.Build.0 = Debug|Any CPU
		{A5CB76CE-941F-4AF7-86A9-1DB7E5BFC3BB}.Release|Any CPU.ActiveCfg = Release|Any CPU
		{A5CB76CE-941F-4AF7-86A9-1DB7E5BFC3BB}.Release|Any CPU.Build.0 = Release|Any CPU
		{B9088D71-0564-4F13-A90A-E57F48DECBC5}.Debug|Any CPU.ActiveCfg = Debug|Any CPU
		{B9088D71-0564-4F13-A90A-E57F48DECBC5}.Debug|Any CPU.Build.0 = Debug|Any CPU
		{B9088D71-0564-4F13-A90A-E57F48DECBC5}.Release|Any CPU.ActiveCfg = Release|Any CPU
		{B9088D71-0564-4F13-A90A-E57F48DECBC5}.Release|Any CPU.Build.0 = Release|Any CPU
		{65E42A4C-EFCC-40AB-8B2F-2AC483367813}.Debug|Any CPU.ActiveCfg = Debug|Any CPU
		{65E42A4C-EFCC-40AB-8B2F-2AC483367813}.Debug|Any CPU.Build.0 = Debug|Any CPU
		{65E42A4C-EFCC-40AB-8B2F-2AC483367813}.Release|Any CPU.ActiveCfg = Release|Any CPU
		{65E42A4C-EFCC-40AB-8B2F-2AC483367813}.Release|Any CPU.Build.0 = Release|Any CPU
		{33244A0E-CBBD-424F-A3CE-B813B53E3395}.Debug|Any CPU.ActiveCfg = Debug|Any CPU
		{33244A0E-CBBD-424F-A3CE-B813B53E3395}.Debug|Any CPU.Build.0 = Debug|Any CPU
		{33244A0E-CBBD-424F-A3CE-B813B53E3395}.Release|Any CPU.ActiveCfg = Release|Any CPU
		{33244A0E-CBBD-424F-A3CE-B813B53E3395}.Release|Any CPU.Build.0 = Release|Any CPU
		{4C53B5B7-673E-4BA6-B1FE-BFB8DF7A32A2}.Debug|Any CPU.ActiveCfg = Debug|Any CPU
		{4C53B5B7-673E-4BA6-B1FE-BFB8DF7A32A2}.Debug|Any CPU.Build.0 = Debug|Any CPU
		{4C53B5B7-673E-4BA6-B1FE-BFB8DF7A32A2}.Release|Any CPU.ActiveCfg = Release|Any CPU
		{4C53B5B7-673E-4BA6-B1FE-BFB8DF7A32A2}.Release|Any CPU.Build.0 = Release|Any CPU
		{4D5A6D66-8FFB-4247-8263-B397B94C6432}.Debug|Any CPU.ActiveCfg = Debug|Any CPU
		{4D5A6D66-8FFB-4247-8263-B397B94C6432}.Debug|Any CPU.Build.0 = Debug|Any CPU
		{4D5A6D66-8FFB-4247-8263-B397B94C6432}.Release|Any CPU.ActiveCfg = Release|Any CPU
		{4D5A6D66-8FFB-4247-8263-B397B94C6432}.Release|Any CPU.Build.0 = Release|Any CPU
		{54BF5C9F-DCD6-4C94-9818-B423029C6A17}.Debug|Any CPU.ActiveCfg = Debug|Any CPU
		{54BF5C9F-DCD6-4C94-9818-B423029C6A17}.Debug|Any CPU.Build.0 = Debug|Any CPU
		{54BF5C9F-DCD6-4C94-9818-B423029C6A17}.Release|Any CPU.ActiveCfg = Release|Any CPU
		{54BF5C9F-DCD6-4C94-9818-B423029C6A17}.Release|Any CPU.Build.0 = Release|Any CPU
		{61859E48-3E8C-4AC5-9F80-24BE99F6E607}.Debug|Any CPU.ActiveCfg = Debug|Any CPU
		{61859E48-3E8C-4AC5-9F80-24BE99F6E607}.Debug|Any CPU.Build.0 = Debug|Any CPU
		{61859E48-3E8C-4AC5-9F80-24BE99F6E607}.Release|Any CPU.ActiveCfg = Release|Any CPU
		{61859E48-3E8C-4AC5-9F80-24BE99F6E607}.Release|Any CPU.Build.0 = Release|Any CPU
		{58A1EEE8-AA38-4A9B-A908-C0D546665351}.Debug|Any CPU.ActiveCfg = Debug|Any CPU
		{58A1EEE8-AA38-4A9B-A908-C0D546665351}.Debug|Any CPU.Build.0 = Debug|Any CPU
		{58A1EEE8-AA38-4A9B-A908-C0D546665351}.Release|Any CPU.ActiveCfg = Release|Any CPU
		{58A1EEE8-AA38-4A9B-A908-C0D546665351}.Release|Any CPU.Build.0 = Release|Any CPU
		{09611BDF-D626-436E-9E55-B11CD09B9061}.Debug|Any CPU.ActiveCfg = Debug|Any CPU
		{09611BDF-D626-436E-9E55-B11CD09B9061}.Debug|Any CPU.Build.0 = Debug|Any CPU
		{09611BDF-D626-436E-9E55-B11CD09B9061}.Release|Any CPU.ActiveCfg = Release|Any CPU
		{09611BDF-D626-436E-9E55-B11CD09B9061}.Release|Any CPU.Build.0 = Release|Any CPU
		{5F7BD1DE-0A6D-4FD7-A5C0-EF78DD4783A9}.Debug|Any CPU.ActiveCfg = Debug|Any CPU
		{5F7BD1DE-0A6D-4FD7-A5C0-EF78DD4783A9}.Debug|Any CPU.Build.0 = Debug|Any CPU
		{5F7BD1DE-0A6D-4FD7-A5C0-EF78DD4783A9}.Release|Any CPU.ActiveCfg = Release|Any CPU
		{5F7BD1DE-0A6D-4FD7-A5C0-EF78DD4783A9}.Release|Any CPU.Build.0 = Release|Any CPU
		{8A9C34FB-B523-469B-ABCE-BEBB67A54239}.Debug|Any CPU.ActiveCfg = Debug|Any CPU
		{8A9C34FB-B523-469B-ABCE-BEBB67A54239}.Debug|Any CPU.Build.0 = Debug|Any CPU
		{8A9C34FB-B523-469B-ABCE-BEBB67A54239}.Release|Any CPU.ActiveCfg = Release|Any CPU
		{8A9C34FB-B523-469B-ABCE-BEBB67A54239}.Release|Any CPU.Build.0 = Release|Any CPU
		{FF23F192-4504-4438-BA95-8060BCEC1BFB}.Debug|Any CPU.ActiveCfg = Debug|Any CPU
		{FF23F192-4504-4438-BA95-8060BCEC1BFB}.Debug|Any CPU.Build.0 = Debug|Any CPU
		{FF23F192-4504-4438-BA95-8060BCEC1BFB}.Release|Any CPU.ActiveCfg = Release|Any CPU
		{FF23F192-4504-4438-BA95-8060BCEC1BFB}.Release|Any CPU.Build.0 = Release|Any CPU
		{73903E65-C9C5-4DF5-B3E6-E91A206A8E9E}.Debug|Any CPU.ActiveCfg = Debug|Any CPU
		{73903E65-C9C5-4DF5-B3E6-E91A206A8E9E}.Debug|Any CPU.Build.0 = Debug|Any CPU
		{73903E65-C9C5-4DF5-B3E6-E91A206A8E9E}.Release|Any CPU.ActiveCfg = Release|Any CPU
		{73903E65-C9C5-4DF5-B3E6-E91A206A8E9E}.Release|Any CPU.Build.0 = Release|Any CPU
		{B66EB578-1823-46C3-BBDA-BC31F8404A50}.Debug|Any CPU.ActiveCfg = Debug|Any CPU
		{B66EB578-1823-46C3-BBDA-BC31F8404A50}.Debug|Any CPU.Build.0 = Debug|Any CPU
		{B66EB578-1823-46C3-BBDA-BC31F8404A50}.Release|Any CPU.ActiveCfg = Release|Any CPU
		{B66EB578-1823-46C3-BBDA-BC31F8404A50}.Release|Any CPU.Build.0 = Release|Any CPU
		{7485489B-AADA-4549-9119-7E3F9771BD26}.Debug|Any CPU.ActiveCfg = Debug|Any CPU
		{7485489B-AADA-4549-9119-7E3F9771BD26}.Debug|Any CPU.Build.0 = Debug|Any CPU
		{7485489B-AADA-4549-9119-7E3F9771BD26}.Release|Any CPU.ActiveCfg = Release|Any CPU
		{7485489B-AADA-4549-9119-7E3F9771BD26}.Release|Any CPU.Build.0 = Release|Any CPU
	EndGlobalSection
	GlobalSection(SolutionProperties) = preSolution
		HideSolutionNode = FALSE
	EndGlobalSection
	GlobalSection(NestedProjects) = preSolution
		{05DC89ED-E96F-446E-AE8E-1505141F63D0} = {BDE942AE-08E1-44C9-BAE2-1E2C0B7DB582}
		{34AE925A-92C4-44D8-AFBB-E7DA16938C1B} = {BDE942AE-08E1-44C9-BAE2-1E2C0B7DB582}
		{5E9817A3-2725-462C-B86B-6F337246AAA3} = {BDE942AE-08E1-44C9-BAE2-1E2C0B7DB582}
		{CA0561B0-6A76-4115-BF8B-90C372E17DDA} = {BDE942AE-08E1-44C9-BAE2-1E2C0B7DB582}
		{99CC3200-F502-4FD5-8254-2A0ABCD51F90} = {BDE942AE-08E1-44C9-BAE2-1E2C0B7DB582}
		{0EC0551E-5825-44F2-95AC-AEE76515EB38} = {BDE942AE-08E1-44C9-BAE2-1E2C0B7DB582}
		{BBC9FBBF-182D-4089-9F4D-3E96C86B0ED7} = {BDE942AE-08E1-44C9-BAE2-1E2C0B7DB582}
		{96013410-F0AA-4718-AEF6-73C85EB90CDA} = {BDE942AE-08E1-44C9-BAE2-1E2C0B7DB582}
		{07FFA88F-590E-473A-9721-D12E6C51B1FF} = {BDE942AE-08E1-44C9-BAE2-1E2C0B7DB582}
		{20ECA9D8-D5AE-426E-849F-3987C9E3816C} = {BDE942AE-08E1-44C9-BAE2-1E2C0B7DB582}
		{250B6192-A274-496E-B49A-D87530990DCB} = {BDE942AE-08E1-44C9-BAE2-1E2C0B7DB582}
		{279DDFCB-1DD2-4B5B-A637-63771EC6E2A7} = {BDE942AE-08E1-44C9-BAE2-1E2C0B7DB582}
		{15E4FBD9-55AB-4FBA-B541-CE342D7A5065} = {BDE942AE-08E1-44C9-BAE2-1E2C0B7DB582}
		{8DBC1F79-F41A-4169-9746-7CE4ECC26648} = {BDE942AE-08E1-44C9-BAE2-1E2C0B7DB582}
		{622FA667-3FE1-4F97-BE9F-674681E4DD92} = {BDE942AE-08E1-44C9-BAE2-1E2C0B7DB582}
		{719F8B2A-67F7-4FFC-BAD4-83E630DBA19C} = {BDE942AE-08E1-44C9-BAE2-1E2C0B7DB582}
		{600A4C10-893B-420B-A920-04DF4ECDC8B8} = {BDE942AE-08E1-44C9-BAE2-1E2C0B7DB582}
		{A5CB76CE-941F-4AF7-86A9-1DB7E5BFC3BB} = {3BB1E599-AA42-4A27-B6CB-DAD498D74118}
		{B9088D71-0564-4F13-A90A-E57F48DECBC5} = {3BB1E599-AA42-4A27-B6CB-DAD498D74118}
		{65E42A4C-EFCC-40AB-8B2F-2AC483367813} = {3BB1E599-AA42-4A27-B6CB-DAD498D74118}
		{33244A0E-CBBD-424F-A3CE-B813B53E3395} = {3BB1E599-AA42-4A27-B6CB-DAD498D74118}
		{4C53B5B7-673E-4BA6-B1FE-BFB8DF7A32A2} = {3BB1E599-AA42-4A27-B6CB-DAD498D74118}
		{4D5A6D66-8FFB-4247-8263-B397B94C6432} = {6E010958-6A56-4D7B-B996-886297A1103C}
		{54BF5C9F-DCD6-4C94-9818-B423029C6A17} = {3BB1E599-AA42-4A27-B6CB-DAD498D74118}
		{61859E48-3E8C-4AC5-9F80-24BE99F6E607} = {3BB1E599-AA42-4A27-B6CB-DAD498D74118}
		{58A1EEE8-AA38-4A9B-A908-C0D546665351} = {3BB1E599-AA42-4A27-B6CB-DAD498D74118}
		{09611BDF-D626-436E-9E55-B11CD09B9061} = {D024A6A2-490D-42FB-A952-76CF4349F474}
		{5F7BD1DE-0A6D-4FD7-A5C0-EF78DD4783A9} = {D024A6A2-490D-42FB-A952-76CF4349F474}
		{8A9C34FB-B523-469B-ABCE-BEBB67A54239} = {D024A6A2-490D-42FB-A952-76CF4349F474}
		{FF23F192-4504-4438-BA95-8060BCEC1BFB} = {D024A6A2-490D-42FB-A952-76CF4349F474}
		{73903E65-C9C5-4DF5-B3E6-E91A206A8E9E} = {D024A6A2-490D-42FB-A952-76CF4349F474}
		{B66EB578-1823-46C3-BBDA-BC31F8404A50} = {87B185C6-FE8A-4318-AC40-22DEB97D1435}
		{7485489B-AADA-4549-9119-7E3F9771BD26} = {87B185C6-FE8A-4318-AC40-22DEB97D1435}
	EndGlobalSection
	GlobalSection(ExtensibilityGlobals) = postSolution
		SolutionGuid = {1E1F2577-190A-4E35-AC80-477CD36C31AC}
	EndGlobalSection
EndGlobal
