
Microsoft Visual Studio Solution File, Format Version 12.00
# Visual Studio Version 16
VisualStudioVersion = 16.0.29123.88
MinimumVisualStudioVersion = 10.0.40219.1
Project("{FAE04EC0-301F-11D3-BF4B-00C04F79EFBC}") = "Hello_World", "Hello_World.csproj", "{69D45992-59EC-4209-AF2F-6E6832B169CD}"
EndProject
Global
	GlobalSection(SolutionConfigurationPlatforms) = preSolution
		Debug|Any CPU = Debug|Any CPU
		Release|Any CPU = Release|Any CPU
	EndGlobalSection
	GlobalSection(ProjectConfigurationPlatforms) = postSolution
		{69D45992-59EC-4209-AF2F-6E6832B169CD}.Debug|Any CPU.ActiveCfg = Debug|Any CPU
		{69D45992-59EC-4209-AF2F-6E6832B169CD}.Debug|Any CPU.Build.0 = Debug|Any CPU
		{69D45992-59EC-4209-AF2F-6E6832B169CD}.Release|Any CPU.ActiveCfg = Release|Any CPU
		{69D45992-59EC-4209-AF2F-6E6832B169CD}.Release|Any CPU.Build.0 = Release|Any CPU
	EndGlobalSection
	GlobalSection(SolutionProperties) = preSolution
		HideSolutionNode = FALSE
	EndGlobalSection
	GlobalSection(ExtensibilityGlobals) = postSolution
		SolutionGuid = {E71E4464-96C8-4102-B0A5-E88B8D3F3198}
	EndGlobalSection
EndGlobal
