
Microsoft Visual Studio Solution File, Format Version 12.00
# Visual Studio Version 16
VisualStudioVersion = 16.0.29123.88
MinimumVisualStudioVersion = 10.0.40219.1
Project("{9A19103F-16F7-4668-BE54-9A1E7A4F7556}") = "Hello_World", "Hello_World.csproj", "{69D45992-59EC-4209-AF2F-6E6832B169CD}"
EndProject
Project("{2150E333-8FDC-42A3-9474-1A3956D46DE8}") = "2_osnove", "2_osnove", "{30D39B1A-EBCF-47AC-BE1C-8E29038EB084}"
EndProject
Project("{9A19103F-16F7-4668-BE54-9A1E7A4F7556}") = "2_2_5_primjeroperator", "..\2_2_5_primjeroperator\2_2_5_primjeroperator.csproj", "{51E1350C-F6E4-4041-84B7-58AC37A804E2}"
EndProject
Project("{9A19103F-16F7-4668-BE54-9A1E7A4F7556}") = "2_2_10_2_operatori", "..\2_2_10_2_operatori\2_2_10_2_operatori.csproj", "{08BA7A6B-043F-4739-8B3D-E9483D6B20C6}"
EndProject
Project("{9A19103F-16F7-4668-BE54-9A1E7A4F7556}") = "5_1_3_ucitavanje_s_tipkovnice", "..\5_1_3_ucitavanje_s_tipkovnice\5_1_3_ucitavanje_s_tipkovnice.csproj", "{5395C5F0-63FC-4BEB-AA8F-9551454D3856}"
EndProject
Project("{2150E333-8FDC-42A3-9474-1A3956D46DE8}") = "5_uvjetno_grananje", "5_uvjetno_grananje", "{C4D0AF01-DDF5-4A38-84E9-D88022C6D67B}"
EndProject
Project("{9A19103F-16F7-4668-BE54-9A1E7A4F7556}") = "5_2_1_naredba_if", "..\5_2_1_naredba_if\5_2_1_naredba_if.csproj", "{0D491C0D-0C25-481F-AC5C-78B71C1265EB}"
EndProject
Project("{9A19103F-16F7-4668-BE54-9A1E7A4F7556}") = "5_2_1_2_ugnjezdeniif", "..\5_2_1_2_ugnjezdeniif\5_2_1_2_ugnjezdeniif.csproj", "{5F133119-9010-4B1A-9A23-748671279604}"
EndProject
Project("{9A19103F-16F7-4668-BE54-9A1E7A4F7556}") = "5_2_2_1_prošireni_if", "..\5_2_2_1_prošireni_if\5_2_2_1_prošireni_if.csproj", "{1E4B5056-6DA3-4E6F-93AE-704854BB0048}"
EndProject
Project("{9A19103F-16F7-4668-BE54-9A1E7A4F7556}") = "5_2_2_kalkulator", "..\5_2_2_kalkulator\5_2_2_kalkulator.csproj", "{07A8A475-53DB-4219-8F8C-6A856FEBBEF3}"
EndProject
Project("{9A19103F-16F7-4668-BE54-9A1E7A4F7556}") = "5_2_3_velik_broj", "..\5_2_3_velik_broj\5_2_3_velik_broj.csproj", "{74316AF9-DE2F-4729-B145-F5B3C1972350}"
EndProject
Project("{2150E333-8FDC-42A3-9474-1A3956D46DE8}") = "Zadaca1", "Zadaca1", "{A04BA5B7-9E7E-486C-B15F-400421F8701D}"
EndProject
Project("{9A19103F-16F7-4668-BE54-9A1E7A4F7556}") = "5_2_4_x_znamenkasti_broj", "..\5_2_4_x_znamenkasti_broj\5_2_4_x_znamenkasti_broj.csproj", "{A54949ED-D0F1-48C0-9877-DF63D398FD6E}"
EndProject
Project("{9A19103F-16F7-4668-BE54-9A1E7A4F7556}") = "5_2_2_danutjednu", "..\5_2_2_danutjednu\5_2_2_danutjednu.csproj", "{2E86374E-9C0C-4365-907E-DFA40B628462}"
EndProject
Project("{9A19103F-16F7-4668-BE54-9A1E7A4F7556}") = "5_2_3_strukturirano_upr_exceptionima", "..\5_2_3_strukturirano_upr_exceptionima\5_2_3_strukturirano_upr_exceptionima.csproj", "{BB0F22B7-A378-41E5-8A68-21E2B4C5EA6F}"
EndProject
Project("{9A19103F-16F7-4668-BE54-9A1E7A4F7556}") = "5_2_4_1_user_pass", "..\5_2_4_1_user_pass\5_2_4_1_user_pass.csproj", "{484F08D3-1D6E-4170-A825-949D7A272F12}"
EndProject
Project("{9A19103F-16F7-4668-BE54-9A1E7A4F7556}") = "5_2_4_2_boolean_ili", "..\5_2_4_2_boolean_ili\5_2_4_2_boolean_ili.csproj", "{4AB2C1E5-AAF1-4323-9829-358FE1B08C52}"
EndProject
Project("{9A19103F-16F7-4668-BE54-9A1E7A4F7556}") = "5_2_4_3_not", "..\5_2_4_3_not\5_2_4_3_not.csproj", "{210ED5A5-572B-400F-A623-09A13BA29E19}"
EndProject
Project("{2150E333-8FDC-42A3-9474-1A3956D46DE8}") = "5_ciklicke_petlje", "5_ciklicke_petlje", "{38E70D51-01D6-42F6-9964-AB6B52380347}"
EndProject
Project("{9A19103F-16F7-4668-BE54-9A1E7A4F7556}") = "5_3_1_petlja_for", "..\5_3_1_petlja_for\5_3_1_petlja_for.csproj", "{76B0200C-E95E-4138-BF26-A0F4BCE3F897}"
EndProject
Project("{9A19103F-16F7-4668-BE54-9A1E7A4F7556}") = "Zadaca_2_petlje", "..\Zadaca_2_petlje\Zadaca_2_petlje.csproj", "{FA9B98D6-D552-40B9-8682-09890F6BD3DA}"
EndProject
Project("{9A19103F-16F7-4668-BE54-9A1E7A4F7556}") = "5_3_22", "..\5_3_22\5_3_22.csproj", "{BEBE2F0F-82FB-4154-95E3-5065BF03CC20}"
EndProject
Project("{9A19103F-16F7-4668-BE54-9A1E7A4F7556}") = "5_3_21_zavrsni", "..\5_3_21_zavrsni\5_3_21_zavrsni.csproj", "{1AE4DFB1-755D-43A0-ADC7-C9D6A75976EA}"
EndProject
Project("{9A19103F-16F7-4668-BE54-9A1E7A4F7556}") = "5_3_10_savrsenbroj", "..\5_3_10_savrsenbroj\5_3_10_savrsenbroj.csproj", "{F1C38A95-C040-464A-A083-C8D661D92647}"
EndProject
Project("{9A19103F-16F7-4668-BE54-9A1E7A4F7556}") = "5_3_11_savrseni_intervali", "..\5_3_11_savrseni_intervali\5_3_11_savrseni_intervali.csproj", "{60D5F918-4809-4C9F-B775-3A98C66F83FD}"
EndProject
Project("{2150E333-8FDC-42A3-9474-1A3956D46DE8}") = "6_nizovi_liste", "6_nizovi_liste", "{CCD459B0-6BBD-4A0B-B2DB-E71DB936C25D}"
EndProject
Project("{9A19103F-16F7-4668-BE54-9A1E7A4F7556}") = "6_1_niz", "..\6_1_niz\6_1_niz.csproj", "{1312133B-5AF5-4A2E-BF2B-742BA52ABF5A}"
EndProject
Project("{9A19103F-16F7-4668-BE54-9A1E7A4F7556}") = "6_1_1_unos_ispis", "..\6_1_1_unos_ispis\6_1_1_unos_ispis.csproj", "{27983D77-8204-4142-A50C-4EA4F797D834}"
EndProject
Project("{9A19103F-16F7-4668-BE54-9A1E7A4F7556}") = "6_1_2_max", "..\6_1_2_max\6_1_2_max.csproj", "{73A0AD6B-5EF7-4543-9983-AB48D442D76D}"
EndProject
Project("{9A19103F-16F7-4668-BE54-9A1E7A4F7556}") = "6_2_2_nepar2", "..\..\pmrvic\6_2_2_nepar2\6_2_2_nepar2.csproj", "{107165A9-5955-45FE-96EE-A4FD1A2A4CE1}"
EndProject
Project("{9A19103F-16F7-4668-BE54-9A1E7A4F7556}") = "6_2_3_sort", "..\6_2_3_sort\6_2_3_sort.csproj", "{7BA68349-9BDF-4C18-A849-4CF96EC5D008}"
EndProject
Project("{2150E333-8FDC-42A3-9474-1A3956D46DE8}") = "8_objekti", "8_objekti", "{DF2A73C4-B11B-418F-AC12-55DC4A153379}"
EndProject
Project("{9A19103F-16F7-4668-BE54-9A1E7A4F7556}") = "8_1_2_ucenikk", "..\8_1_2_ucenik\8_1_2_ucenikk.csproj", "{4E021E5A-211A-4306-82D6-394040B508F4}"
EndProject
Project("{9A19103F-16F7-4668-BE54-9A1E7A4F7556}") = "8_1_3_Osobaa", "..\8_1_3_Osoba\8_1_3_Osobaa.csproj", "{C9A01B2B-65D5-46BF-9FC2-064F807AD4B4}"
EndProject
Project("{9A19103F-16F7-4668-BE54-9A1E7A4F7556}") = "8_1_1_proizvod", "..\8_1_1_proizvod\8_1_1_proizvod.csproj", "{15C8A6E6-C77C-4C47-95FD-363452EB162D}"
EndProject
Project("{9A19103F-16F7-4668-BE54-9A1E7A4F7556}") = "8_2_1_doseg_varijabli", "..\8_2_1_doseg_varijabli\8_2_1_doseg_varijabli.csproj", "{59860D13-2644-4BCB-8063-9E392DF212DF}"
EndProject
Project("{9A19103F-16F7-4668-BE54-9A1E7A4F7556}") = "7_2_4_celzij", "..\7_2_4_celzij\7_2_4_celzij.csproj", "{2AAE55DF-EA32-4110-AF43-B7619AE3E078}"
EndProject
Project("{9A19103F-16F7-4668-BE54-9A1E7A4F7556}") = "8_3_1_vozila_nasljedivanje", "..\8_3_1_vozila\8_3_1_vozila_nasljedivanje.csproj", "{51DFCD4F-DA16-4659-BC73-1094774DFB31}"
EndProject
Project("{9A19103F-16F7-4668-BE54-9A1E7A4F7556}") = "Zadatak_Voce", "..\Zadatak_Voce\Zadatak_Voce.csproj", "{D23A2A74-303A-4089-8701-4164C245EFCE}"
EndProject
Project("{2150E333-8FDC-42A3-9474-1A3956D46DE8}") = "Vanjski", "Vanjski", "{771E0A2C-12B1-4AD6-8F46-248CA5E4FA49}"
EndProject
Project("{9A19103F-16F7-4668-BE54-9A1E7A4F7556}") = "8_Vocarna", "..\..\pmrvic\8_Vocarna\8_Vocarna.csproj", "{DB12333B-2C8B-45D4-A764-3BDBC58EB94A}"
EndProject
Project("{2150E333-8FDC-42A3-9474-1A3956D46DE8}") = "7_vanjski", "7_vanjski", "{28D97DB3-DAED-46B2-AF6E-47F7E14EF653}"
EndProject
Project("{9A19103F-16F7-4668-BE54-9A1E7A4F7556}") = "7_2_2_unos_imena", "..\..\pmrvic\7_2_2_unos_imena\7_2_2_unos_imena.csproj", "{2CE1DA1E-DAAE-479D-84BB-FDEC6907EB06}"
EndProject
Project("{9A19103F-16F7-4668-BE54-9A1E7A4F7556}") = "7_2_potprogram", "..\..\pmrvic\7_2_potprogram\7_2_potprogram.csproj", "{8AC4FDF8-D4BF-4E70-B207-D42A55864252}"
EndProject
Project("{9A19103F-16F7-4668-BE54-9A1E7A4F7556}") = "7_3_kvadrat", "..\..\pmrvic\7_3_kvadrat\7_3_kvadrat.csproj", "{F9B97C12-E187-40AB-8D07-B2484246A957}"
EndProject
Project("{9A19103F-16F7-4668-BE54-9A1E7A4F7556}") = "8_2_2_1_Ref", "..\8_2_2_1_Ref\8_2_2_1_Ref.csproj", "{01596593-D68E-4A3A-93F4-1589CCB1DEA2}"
EndProject
Project("{9A19103F-16F7-4668-BE54-9A1E7A4F7556}") = "8_2_2_2_Out", "..\8_2_2_2_Out\8_2_2_2_Out.csproj", "{EA4DF094-4056-4A79-98E8-6780C39033BE}"
EndProject
Project("{2150E333-8FDC-42A3-9474-1A3956D46DE8}") = "9_Rad_s_tekstom_klasa_string", "9_Rad_s_tekstom_klasa_string", "{EB3CD8E3-AFAB-44EE-B9E2-C763A9FB3209}"
EndProject
Project("{9A19103F-16F7-4668-BE54-9A1E7A4F7556}") = "9_1_1_znak_u_rijeci", "..\9_1_1_znak_u_rijeci\9_1_1_znak_u_rijeci.csproj", "{7BA6EF75-10CC-421A-96E9-CE932E29C659}"
EndProject
Project("{9A19103F-16F7-4668-BE54-9A1E7A4F7556}") = "9_1_2_rijec_u_recenici", "..\9_1_2_rijec_u_recenici\9_1_2_rijec_u_recenici.csproj", "{3024C243-D33F-4FEA-BF82-BB00F880ACB9}"
EndProject
Project("{9A19103F-16F7-4668-BE54-9A1E7A4F7556}") = "9_1_6_palindrom", "..\9_1_6_palindrom\9_1_6_palindrom.csproj", "{ECB22137-EDBE-4A33-81E2-BF0BA11E0F30}"
EndProject
Project("{9A19103F-16F7-4668-BE54-9A1E7A4F7556}") = "5_3_2_dijeljivi_s_5", "..\5_3_2_dijeljivi_s_5\5_3_2_dijeljivi_s_5.csproj", "{709A9ABA-C32C-43BF-A54D-B9F604E82E10}"
EndProject
Project("{9A19103F-16F7-4668-BE54-9A1E7A4F7556}") = "trazi_rijec", "..\ConsoleApp1\trazi_rijec.csproj", "{1EF0EDFE-BBBB-4DC0-9D48-6760E9DC1B7D}"
EndProject
Project("{9A19103F-16F7-4668-BE54-9A1E7A4F7556}") = "vjezba_1", "..\vjezba_1\vjezba_1.csproj", "{4C92892B-66D0-4806-B841-F2B69880DCE0}"
EndProject
Project("{9A19103F-16F7-4668-BE54-9A1E7A4F7556}") = "zadatak_1", "..\zadatak_1\zadatak_1.csproj", "{AA51718D-145F-416B-839A-626C91C5E80F}"
EndProject
Project("{9A19103F-16F7-4668-BE54-9A1E7A4F7556}") = "zadatak_2", "..\zadatak_2\zadatak_2.csproj", "{C122771F-2231-4C12-889A-B17BF8FDDCC6}"
EndProject
Project("{2150E333-8FDC-42A3-9474-1A3956D46DE8}") = "13_enumeracije", "13_enumeracije", "{13806BA5-657C-4081-9B66-CB30C41D5FDB}"
EndProject
Project("{9A19103F-16F7-4668-BE54-9A1E7A4F7556}") = "13_1-enum", "..\13_1-enum\13_1-enum.csproj", "{798079FE-F4C3-4216-9C03-AF44B12EA9B5}"
EndProject
Project("{2150E333-8FDC-42A3-9474-1A3956D46DE8}") = "14_interfejsi", "14_interfejsi", "{A11A011A-608C-4422-90DB-BC2EFD6ADFFA}"
EndProject
Project("{9A19103F-16F7-4668-BE54-9A1E7A4F7556}") = "14_1_sucelja", "..\14_1_interfejs\14_1_sucelja.csproj", "{E945C0E2-72E1-4270-95DF-20442E114D2B}"
EndProject
Project("{9A19103F-16F7-4668-BE54-9A1E7A4F7556}") = "broj_naopako", "..\broj_naopako\broj_naopako.csproj", "{3437FC9D-99CA-4B2B-8130-137871A6584E}"
EndProject
Project("{2150E333-8FDC-42A3-9474-1A3956D46DE8}") = "Vjezbe", "Vjezbe", "{507B90A6-4936-4476-B0FB-ED1731572F9A}"
EndProject
Project("{9A19103F-16F7-4668-BE54-9A1E7A4F7556}") = "vjezba_klasa", "..\vjezba_klasa\vjezba_klasa.csproj", "{FF0ED2E0-5D75-4D08-B4C5-8E2A758A5744}"
EndProject
Project("{FAE04EC0-301F-11D3-BF4B-00C04F79EFBC}") = "zadatak", "..\zadatak\zadatak.csproj", "{44D7BC31-05C1-4336-B019-FDF658806C63}"
EndProject
Global
	GlobalSection(SolutionConfigurationPlatforms) = preSolution
		Debug|Any CPU = Debug|Any CPU
		Release|Any CPU = Release|Any CPU
	EndGlobalSection
	GlobalSection(ProjectConfigurationPlatforms) = postSolution
		{69D45992-59EC-4209-AF2F-6E6832B169CD}.Debug|Any CPU.ActiveCfg = Debug|Any CPU
		{69D45992-59EC-4209-AF2F-6E6832B169CD}.Debug|Any CPU.Build.0 = Debug|Any CPU
		{69D45992-59EC-4209-AF2F-6E6832B169CD}.Release|Any CPU.ActiveCfg = Release|Any CPU
		{69D45992-59EC-4209-AF2F-6E6832B169CD}.Release|Any CPU.Build.0 = Release|Any CPU
		{51E1350C-F6E4-4041-84B7-58AC37A804E2}.Debug|Any CPU.ActiveCfg = Debug|Any CPU
		{51E1350C-F6E4-4041-84B7-58AC37A804E2}.Debug|Any CPU.Build.0 = Debug|Any CPU
		{51E1350C-F6E4-4041-84B7-58AC37A804E2}.Release|Any CPU.ActiveCfg = Release|Any CPU
		{51E1350C-F6E4-4041-84B7-58AC37A804E2}.Release|Any CPU.Build.0 = Release|Any CPU
		{08BA7A6B-043F-4739-8B3D-E9483D6B20C6}.Debug|Any CPU.ActiveCfg = Debug|Any CPU
		{08BA7A6B-043F-4739-8B3D-E9483D6B20C6}.Debug|Any CPU.Build.0 = Debug|Any CPU
		{08BA7A6B-043F-4739-8B3D-E9483D6B20C6}.Release|Any CPU.ActiveCfg = Release|Any CPU
		{08BA7A6B-043F-4739-8B3D-E9483D6B20C6}.Release|Any CPU.Build.0 = Release|Any CPU
		{5395C5F0-63FC-4BEB-AA8F-9551454D3856}.Debug|Any CPU.ActiveCfg = Debug|Any CPU
		{5395C5F0-63FC-4BEB-AA8F-9551454D3856}.Debug|Any CPU.Build.0 = Debug|Any CPU
		{5395C5F0-63FC-4BEB-AA8F-9551454D3856}.Release|Any CPU.ActiveCfg = Release|Any CPU
		{5395C5F0-63FC-4BEB-AA8F-9551454D3856}.Release|Any CPU.Build.0 = Release|Any CPU
		{0D491C0D-0C25-481F-AC5C-78B71C1265EB}.Debug|Any CPU.ActiveCfg = Debug|Any CPU
		{0D491C0D-0C25-481F-AC5C-78B71C1265EB}.Debug|Any CPU.Build.0 = Debug|Any CPU
		{0D491C0D-0C25-481F-AC5C-78B71C1265EB}.Release|Any CPU.ActiveCfg = Release|Any CPU
		{0D491C0D-0C25-481F-AC5C-78B71C1265EB}.Release|Any CPU.Build.0 = Release|Any CPU
		{5F133119-9010-4B1A-9A23-748671279604}.Debug|Any CPU.ActiveCfg = Debug|Any CPU
		{5F133119-9010-4B1A-9A23-748671279604}.Debug|Any CPU.Build.0 = Debug|Any CPU
		{5F133119-9010-4B1A-9A23-748671279604}.Release|Any CPU.ActiveCfg = Release|Any CPU
		{5F133119-9010-4B1A-9A23-748671279604}.Release|Any CPU.Build.0 = Release|Any CPU
		{1E4B5056-6DA3-4E6F-93AE-704854BB0048}.Debug|Any CPU.ActiveCfg = Debug|Any CPU
		{1E4B5056-6DA3-4E6F-93AE-704854BB0048}.Debug|Any CPU.Build.0 = Debug|Any CPU
		{1E4B5056-6DA3-4E6F-93AE-704854BB0048}.Release|Any CPU.ActiveCfg = Release|Any CPU
		{1E4B5056-6DA3-4E6F-93AE-704854BB0048}.Release|Any CPU.Build.0 = Release|Any CPU
		{07A8A475-53DB-4219-8F8C-6A856FEBBEF3}.Debug|Any CPU.ActiveCfg = Debug|Any CPU
		{07A8A475-53DB-4219-8F8C-6A856FEBBEF3}.Debug|Any CPU.Build.0 = Debug|Any CPU
		{07A8A475-53DB-4219-8F8C-6A856FEBBEF3}.Release|Any CPU.ActiveCfg = Release|Any CPU
		{07A8A475-53DB-4219-8F8C-6A856FEBBEF3}.Release|Any CPU.Build.0 = Release|Any CPU
		{74316AF9-DE2F-4729-B145-F5B3C1972350}.Debug|Any CPU.ActiveCfg = Debug|Any CPU
		{74316AF9-DE2F-4729-B145-F5B3C1972350}.Debug|Any CPU.Build.0 = Debug|Any CPU
		{74316AF9-DE2F-4729-B145-F5B3C1972350}.Release|Any CPU.ActiveCfg = Release|Any CPU
		{74316AF9-DE2F-4729-B145-F5B3C1972350}.Release|Any CPU.Build.0 = Release|Any CPU
		{A54949ED-D0F1-48C0-9877-DF63D398FD6E}.Debug|Any CPU.ActiveCfg = Debug|Any CPU
		{A54949ED-D0F1-48C0-9877-DF63D398FD6E}.Debug|Any CPU.Build.0 = Debug|Any CPU
		{A54949ED-D0F1-48C0-9877-DF63D398FD6E}.Release|Any CPU.ActiveCfg = Release|Any CPU
		{A54949ED-D0F1-48C0-9877-DF63D398FD6E}.Release|Any CPU.Build.0 = Release|Any CPU
		{2E86374E-9C0C-4365-907E-DFA40B628462}.Debug|Any CPU.ActiveCfg = Debug|Any CPU
		{2E86374E-9C0C-4365-907E-DFA40B628462}.Debug|Any CPU.Build.0 = Debug|Any CPU
		{2E86374E-9C0C-4365-907E-DFA40B628462}.Release|Any CPU.ActiveCfg = Release|Any CPU
		{2E86374E-9C0C-4365-907E-DFA40B628462}.Release|Any CPU.Build.0 = Release|Any CPU
		{BB0F22B7-A378-41E5-8A68-21E2B4C5EA6F}.Debug|Any CPU.ActiveCfg = Debug|Any CPU
		{BB0F22B7-A378-41E5-8A68-21E2B4C5EA6F}.Debug|Any CPU.Build.0 = Debug|Any CPU
		{BB0F22B7-A378-41E5-8A68-21E2B4C5EA6F}.Release|Any CPU.ActiveCfg = Release|Any CPU
		{BB0F22B7-A378-41E5-8A68-21E2B4C5EA6F}.Release|Any CPU.Build.0 = Release|Any CPU
		{484F08D3-1D6E-4170-A825-949D7A272F12}.Debug|Any CPU.ActiveCfg = Debug|Any CPU
		{484F08D3-1D6E-4170-A825-949D7A272F12}.Debug|Any CPU.Build.0 = Debug|Any CPU
		{484F08D3-1D6E-4170-A825-949D7A272F12}.Release|Any CPU.ActiveCfg = Release|Any CPU
		{484F08D3-1D6E-4170-A825-949D7A272F12}.Release|Any CPU.Build.0 = Release|Any CPU
		{4AB2C1E5-AAF1-4323-9829-358FE1B08C52}.Debug|Any CPU.ActiveCfg = Debug|Any CPU
		{4AB2C1E5-AAF1-4323-9829-358FE1B08C52}.Debug|Any CPU.Build.0 = Debug|Any CPU
		{4AB2C1E5-AAF1-4323-9829-358FE1B08C52}.Release|Any CPU.ActiveCfg = Release|Any CPU
		{4AB2C1E5-AAF1-4323-9829-358FE1B08C52}.Release|Any CPU.Build.0 = Release|Any CPU
		{210ED5A5-572B-400F-A623-09A13BA29E19}.Debug|Any CPU.ActiveCfg = Debug|Any CPU
		{210ED5A5-572B-400F-A623-09A13BA29E19}.Debug|Any CPU.Build.0 = Debug|Any CPU
		{210ED5A5-572B-400F-A623-09A13BA29E19}.Release|Any CPU.ActiveCfg = Release|Any CPU
		{210ED5A5-572B-400F-A623-09A13BA29E19}.Release|Any CPU.Build.0 = Release|Any CPU
		{76B0200C-E95E-4138-BF26-A0F4BCE3F897}.Debug|Any CPU.ActiveCfg = Debug|Any CPU
		{76B0200C-E95E-4138-BF26-A0F4BCE3F897}.Debug|Any CPU.Build.0 = Debug|Any CPU
		{76B0200C-E95E-4138-BF26-A0F4BCE3F897}.Release|Any CPU.ActiveCfg = Release|Any CPU
		{76B0200C-E95E-4138-BF26-A0F4BCE3F897}.Release|Any CPU.Build.0 = Release|Any CPU
		{FA9B98D6-D552-40B9-8682-09890F6BD3DA}.Debug|Any CPU.ActiveCfg = Debug|Any CPU
		{FA9B98D6-D552-40B9-8682-09890F6BD3DA}.Debug|Any CPU.Build.0 = Debug|Any CPU
		{FA9B98D6-D552-40B9-8682-09890F6BD3DA}.Release|Any CPU.ActiveCfg = Release|Any CPU
		{FA9B98D6-D552-40B9-8682-09890F6BD3DA}.Release|Any CPU.Build.0 = Release|Any CPU
		{BEBE2F0F-82FB-4154-95E3-5065BF03CC20}.Debug|Any CPU.ActiveCfg = Debug|Any CPU
		{BEBE2F0F-82FB-4154-95E3-5065BF03CC20}.Debug|Any CPU.Build.0 = Debug|Any CPU
		{BEBE2F0F-82FB-4154-95E3-5065BF03CC20}.Release|Any CPU.ActiveCfg = Release|Any CPU
		{BEBE2F0F-82FB-4154-95E3-5065BF03CC20}.Release|Any CPU.Build.0 = Release|Any CPU
		{1AE4DFB1-755D-43A0-ADC7-C9D6A75976EA}.Debug|Any CPU.ActiveCfg = Debug|Any CPU
		{1AE4DFB1-755D-43A0-ADC7-C9D6A75976EA}.Debug|Any CPU.Build.0 = Debug|Any CPU
		{1AE4DFB1-755D-43A0-ADC7-C9D6A75976EA}.Release|Any CPU.ActiveCfg = Release|Any CPU
		{1AE4DFB1-755D-43A0-ADC7-C9D6A75976EA}.Release|Any CPU.Build.0 = Release|Any CPU
		{F1C38A95-C040-464A-A083-C8D661D92647}.Debug|Any CPU.ActiveCfg = Debug|Any CPU
		{F1C38A95-C040-464A-A083-C8D661D92647}.Debug|Any CPU.Build.0 = Debug|Any CPU
		{F1C38A95-C040-464A-A083-C8D661D92647}.Release|Any CPU.ActiveCfg = Release|Any CPU
		{F1C38A95-C040-464A-A083-C8D661D92647}.Release|Any CPU.Build.0 = Release|Any CPU
		{60D5F918-4809-4C9F-B775-3A98C66F83FD}.Debug|Any CPU.ActiveCfg = Debug|Any CPU
		{60D5F918-4809-4C9F-B775-3A98C66F83FD}.Debug|Any CPU.Build.0 = Debug|Any CPU
		{60D5F918-4809-4C9F-B775-3A98C66F83FD}.Release|Any CPU.ActiveCfg = Release|Any CPU
		{60D5F918-4809-4C9F-B775-3A98C66F83FD}.Release|Any CPU.Build.0 = Release|Any CPU
		{1312133B-5AF5-4A2E-BF2B-742BA52ABF5A}.Debug|Any CPU.ActiveCfg = Debug|Any CPU
		{1312133B-5AF5-4A2E-BF2B-742BA52ABF5A}.Debug|Any CPU.Build.0 = Debug|Any CPU
		{1312133B-5AF5-4A2E-BF2B-742BA52ABF5A}.Release|Any CPU.ActiveCfg = Release|Any CPU
		{1312133B-5AF5-4A2E-BF2B-742BA52ABF5A}.Release|Any CPU.Build.0 = Release|Any CPU
		{27983D77-8204-4142-A50C-4EA4F797D834}.Debug|Any CPU.ActiveCfg = Debug|Any CPU
		{27983D77-8204-4142-A50C-4EA4F797D834}.Debug|Any CPU.Build.0 = Debug|Any CPU
		{27983D77-8204-4142-A50C-4EA4F797D834}.Release|Any CPU.ActiveCfg = Release|Any CPU
		{27983D77-8204-4142-A50C-4EA4F797D834}.Release|Any CPU.Build.0 = Release|Any CPU
		{73A0AD6B-5EF7-4543-9983-AB48D442D76D}.Debug|Any CPU.ActiveCfg = Debug|Any CPU
		{73A0AD6B-5EF7-4543-9983-AB48D442D76D}.Debug|Any CPU.Build.0 = Debug|Any CPU
		{73A0AD6B-5EF7-4543-9983-AB48D442D76D}.Release|Any CPU.ActiveCfg = Release|Any CPU
		{73A0AD6B-5EF7-4543-9983-AB48D442D76D}.Release|Any CPU.Build.0 = Release|Any CPU
		{107165A9-5955-45FE-96EE-A4FD1A2A4CE1}.Debug|Any CPU.ActiveCfg = Debug|Any CPU
		{107165A9-5955-45FE-96EE-A4FD1A2A4CE1}.Debug|Any CPU.Build.0 = Debug|Any CPU
		{107165A9-5955-45FE-96EE-A4FD1A2A4CE1}.Release|Any CPU.ActiveCfg = Release|Any CPU
		{107165A9-5955-45FE-96EE-A4FD1A2A4CE1}.Release|Any CPU.Build.0 = Release|Any CPU
		{7BA68349-9BDF-4C18-A849-4CF96EC5D008}.Debug|Any CPU.ActiveCfg = Debug|Any CPU
		{7BA68349-9BDF-4C18-A849-4CF96EC5D008}.Debug|Any CPU.Build.0 = Debug|Any CPU
		{7BA68349-9BDF-4C18-A849-4CF96EC5D008}.Release|Any CPU.ActiveCfg = Release|Any CPU
		{7BA68349-9BDF-4C18-A849-4CF96EC5D008}.Release|Any CPU.Build.0 = Release|Any CPU
		{4E021E5A-211A-4306-82D6-394040B508F4}.Debug|Any CPU.ActiveCfg = Debug|Any CPU
		{4E021E5A-211A-4306-82D6-394040B508F4}.Debug|Any CPU.Build.0 = Debug|Any CPU
		{4E021E5A-211A-4306-82D6-394040B508F4}.Release|Any CPU.ActiveCfg = Release|Any CPU
		{4E021E5A-211A-4306-82D6-394040B508F4}.Release|Any CPU.Build.0 = Release|Any CPU
		{C9A01B2B-65D5-46BF-9FC2-064F807AD4B4}.Debug|Any CPU.ActiveCfg = Debug|Any CPU
		{C9A01B2B-65D5-46BF-9FC2-064F807AD4B4}.Debug|Any CPU.Build.0 = Debug|Any CPU
		{C9A01B2B-65D5-46BF-9FC2-064F807AD4B4}.Release|Any CPU.ActiveCfg = Release|Any CPU
		{C9A01B2B-65D5-46BF-9FC2-064F807AD4B4}.Release|Any CPU.Build.0 = Release|Any CPU
		{15C8A6E6-C77C-4C47-95FD-363452EB162D}.Debug|Any CPU.ActiveCfg = Debug|Any CPU
		{15C8A6E6-C77C-4C47-95FD-363452EB162D}.Debug|Any CPU.Build.0 = Debug|Any CPU
		{15C8A6E6-C77C-4C47-95FD-363452EB162D}.Release|Any CPU.ActiveCfg = Release|Any CPU
		{15C8A6E6-C77C-4C47-95FD-363452EB162D}.Release|Any CPU.Build.0 = Release|Any CPU
		{59860D13-2644-4BCB-8063-9E392DF212DF}.Debug|Any CPU.ActiveCfg = Debug|Any CPU
		{59860D13-2644-4BCB-8063-9E392DF212DF}.Debug|Any CPU.Build.0 = Debug|Any CPU
		{59860D13-2644-4BCB-8063-9E392DF212DF}.Release|Any CPU.ActiveCfg = Release|Any CPU
		{59860D13-2644-4BCB-8063-9E392DF212DF}.Release|Any CPU.Build.0 = Release|Any CPU
		{2AAE55DF-EA32-4110-AF43-B7619AE3E078}.Debug|Any CPU.ActiveCfg = Debug|Any CPU
		{2AAE55DF-EA32-4110-AF43-B7619AE3E078}.Debug|Any CPU.Build.0 = Debug|Any CPU
		{2AAE55DF-EA32-4110-AF43-B7619AE3E078}.Release|Any CPU.ActiveCfg = Release|Any CPU
		{2AAE55DF-EA32-4110-AF43-B7619AE3E078}.Release|Any CPU.Build.0 = Release|Any CPU
		{51DFCD4F-DA16-4659-BC73-1094774DFB31}.Debug|Any CPU.ActiveCfg = Debug|Any CPU
		{51DFCD4F-DA16-4659-BC73-1094774DFB31}.Debug|Any CPU.Build.0 = Debug|Any CPU
		{51DFCD4F-DA16-4659-BC73-1094774DFB31}.Release|Any CPU.ActiveCfg = Release|Any CPU
		{51DFCD4F-DA16-4659-BC73-1094774DFB31}.Release|Any CPU.Build.0 = Release|Any CPU
		{D23A2A74-303A-4089-8701-4164C245EFCE}.Debug|Any CPU.ActiveCfg = Debug|Any CPU
		{D23A2A74-303A-4089-8701-4164C245EFCE}.Debug|Any CPU.Build.0 = Debug|Any CPU
		{D23A2A74-303A-4089-8701-4164C245EFCE}.Release|Any CPU.ActiveCfg = Release|Any CPU
		{D23A2A74-303A-4089-8701-4164C245EFCE}.Release|Any CPU.Build.0 = Release|Any CPU
		{DB12333B-2C8B-45D4-A764-3BDBC58EB94A}.Debug|Any CPU.ActiveCfg = Debug|Any CPU
		{DB12333B-2C8B-45D4-A764-3BDBC58EB94A}.Debug|Any CPU.Build.0 = Debug|Any CPU
		{DB12333B-2C8B-45D4-A764-3BDBC58EB94A}.Release|Any CPU.ActiveCfg = Release|Any CPU
		{DB12333B-2C8B-45D4-A764-3BDBC58EB94A}.Release|Any CPU.Build.0 = Release|Any CPU
		{2CE1DA1E-DAAE-479D-84BB-FDEC6907EB06}.Debug|Any CPU.ActiveCfg = Debug|Any CPU
		{2CE1DA1E-DAAE-479D-84BB-FDEC6907EB06}.Debug|Any CPU.Build.0 = Debug|Any CPU
		{2CE1DA1E-DAAE-479D-84BB-FDEC6907EB06}.Release|Any CPU.ActiveCfg = Release|Any CPU
		{2CE1DA1E-DAAE-479D-84BB-FDEC6907EB06}.Release|Any CPU.Build.0 = Release|Any CPU
		{8AC4FDF8-D4BF-4E70-B207-D42A55864252}.Debug|Any CPU.ActiveCfg = Debug|Any CPU
		{8AC4FDF8-D4BF-4E70-B207-D42A55864252}.Debug|Any CPU.Build.0 = Debug|Any CPU
		{8AC4FDF8-D4BF-4E70-B207-D42A55864252}.Release|Any CPU.ActiveCfg = Release|Any CPU
		{8AC4FDF8-D4BF-4E70-B207-D42A55864252}.Release|Any CPU.Build.0 = Release|Any CPU
		{F9B97C12-E187-40AB-8D07-B2484246A957}.Debug|Any CPU.ActiveCfg = Debug|Any CPU
		{F9B97C12-E187-40AB-8D07-B2484246A957}.Debug|Any CPU.Build.0 = Debug|Any CPU
		{F9B97C12-E187-40AB-8D07-B2484246A957}.Release|Any CPU.ActiveCfg = Release|Any CPU
		{F9B97C12-E187-40AB-8D07-B2484246A957}.Release|Any CPU.Build.0 = Release|Any CPU
		{01596593-D68E-4A3A-93F4-1589CCB1DEA2}.Debug|Any CPU.ActiveCfg = Debug|Any CPU
		{01596593-D68E-4A3A-93F4-1589CCB1DEA2}.Debug|Any CPU.Build.0 = Debug|Any CPU
		{01596593-D68E-4A3A-93F4-1589CCB1DEA2}.Release|Any CPU.ActiveCfg = Release|Any CPU
		{01596593-D68E-4A3A-93F4-1589CCB1DEA2}.Release|Any CPU.Build.0 = Release|Any CPU
		{EA4DF094-4056-4A79-98E8-6780C39033BE}.Debug|Any CPU.ActiveCfg = Debug|Any CPU
		{EA4DF094-4056-4A79-98E8-6780C39033BE}.Debug|Any CPU.Build.0 = Debug|Any CPU
		{EA4DF094-4056-4A79-98E8-6780C39033BE}.Release|Any CPU.ActiveCfg = Release|Any CPU
		{EA4DF094-4056-4A79-98E8-6780C39033BE}.Release|Any CPU.Build.0 = Release|Any CPU
		{7BA6EF75-10CC-421A-96E9-CE932E29C659}.Debug|Any CPU.ActiveCfg = Debug|Any CPU
		{7BA6EF75-10CC-421A-96E9-CE932E29C659}.Debug|Any CPU.Build.0 = Debug|Any CPU
		{7BA6EF75-10CC-421A-96E9-CE932E29C659}.Release|Any CPU.ActiveCfg = Release|Any CPU
		{7BA6EF75-10CC-421A-96E9-CE932E29C659}.Release|Any CPU.Build.0 = Release|Any CPU
		{3024C243-D33F-4FEA-BF82-BB00F880ACB9}.Debug|Any CPU.ActiveCfg = Debug|Any CPU
		{3024C243-D33F-4FEA-BF82-BB00F880ACB9}.Debug|Any CPU.Build.0 = Debug|Any CPU
		{3024C243-D33F-4FEA-BF82-BB00F880ACB9}.Release|Any CPU.ActiveCfg = Release|Any CPU
		{3024C243-D33F-4FEA-BF82-BB00F880ACB9}.Release|Any CPU.Build.0 = Release|Any CPU
		{ECB22137-EDBE-4A33-81E2-BF0BA11E0F30}.Debug|Any CPU.ActiveCfg = Debug|Any CPU
		{ECB22137-EDBE-4A33-81E2-BF0BA11E0F30}.Debug|Any CPU.Build.0 = Debug|Any CPU
		{ECB22137-EDBE-4A33-81E2-BF0BA11E0F30}.Release|Any CPU.ActiveCfg = Release|Any CPU
		{ECB22137-EDBE-4A33-81E2-BF0BA11E0F30}.Release|Any CPU.Build.0 = Release|Any CPU
		{709A9ABA-C32C-43BF-A54D-B9F604E82E10}.Debug|Any CPU.ActiveCfg = Debug|Any CPU
		{709A9ABA-C32C-43BF-A54D-B9F604E82E10}.Debug|Any CPU.Build.0 = Debug|Any CPU
		{709A9ABA-C32C-43BF-A54D-B9F604E82E10}.Release|Any CPU.ActiveCfg = Release|Any CPU
		{709A9ABA-C32C-43BF-A54D-B9F604E82E10}.Release|Any CPU.Build.0 = Release|Any CPU
		{1EF0EDFE-BBBB-4DC0-9D48-6760E9DC1B7D}.Debug|Any CPU.ActiveCfg = Debug|Any CPU
		{1EF0EDFE-BBBB-4DC0-9D48-6760E9DC1B7D}.Debug|Any CPU.Build.0 = Debug|Any CPU
		{1EF0EDFE-BBBB-4DC0-9D48-6760E9DC1B7D}.Release|Any CPU.ActiveCfg = Release|Any CPU
		{1EF0EDFE-BBBB-4DC0-9D48-6760E9DC1B7D}.Release|Any CPU.Build.0 = Release|Any CPU
		{4C92892B-66D0-4806-B841-F2B69880DCE0}.Debug|Any CPU.ActiveCfg = Debug|Any CPU
		{4C92892B-66D0-4806-B841-F2B69880DCE0}.Debug|Any CPU.Build.0 = Debug|Any CPU
		{4C92892B-66D0-4806-B841-F2B69880DCE0}.Release|Any CPU.ActiveCfg = Release|Any CPU
		{4C92892B-66D0-4806-B841-F2B69880DCE0}.Release|Any CPU.Build.0 = Release|Any CPU
		{AA51718D-145F-416B-839A-626C91C5E80F}.Debug|Any CPU.ActiveCfg = Debug|Any CPU
		{AA51718D-145F-416B-839A-626C91C5E80F}.Debug|Any CPU.Build.0 = Debug|Any CPU
		{AA51718D-145F-416B-839A-626C91C5E80F}.Release|Any CPU.ActiveCfg = Release|Any CPU
		{AA51718D-145F-416B-839A-626C91C5E80F}.Release|Any CPU.Build.0 = Release|Any CPU
		{C122771F-2231-4C12-889A-B17BF8FDDCC6}.Debug|Any CPU.ActiveCfg = Debug|Any CPU
		{C122771F-2231-4C12-889A-B17BF8FDDCC6}.Debug|Any CPU.Build.0 = Debug|Any CPU
		{C122771F-2231-4C12-889A-B17BF8FDDCC6}.Release|Any CPU.ActiveCfg = Release|Any CPU
		{C122771F-2231-4C12-889A-B17BF8FDDCC6}.Release|Any CPU.Build.0 = Release|Any CPU
		{798079FE-F4C3-4216-9C03-AF44B12EA9B5}.Debug|Any CPU.ActiveCfg = Debug|Any CPU
		{798079FE-F4C3-4216-9C03-AF44B12EA9B5}.Debug|Any CPU.Build.0 = Debug|Any CPU
		{798079FE-F4C3-4216-9C03-AF44B12EA9B5}.Release|Any CPU.ActiveCfg = Release|Any CPU
		{798079FE-F4C3-4216-9C03-AF44B12EA9B5}.Release|Any CPU.Build.0 = Release|Any CPU
		{E945C0E2-72E1-4270-95DF-20442E114D2B}.Debug|Any CPU.ActiveCfg = Debug|Any CPU
		{E945C0E2-72E1-4270-95DF-20442E114D2B}.Debug|Any CPU.Build.0 = Debug|Any CPU
		{E945C0E2-72E1-4270-95DF-20442E114D2B}.Release|Any CPU.ActiveCfg = Release|Any CPU
		{E945C0E2-72E1-4270-95DF-20442E114D2B}.Release|Any CPU.Build.0 = Release|Any CPU
		{3437FC9D-99CA-4B2B-8130-137871A6584E}.Debug|Any CPU.ActiveCfg = Debug|Any CPU
		{3437FC9D-99CA-4B2B-8130-137871A6584E}.Debug|Any CPU.Build.0 = Debug|Any CPU
		{3437FC9D-99CA-4B2B-8130-137871A6584E}.Release|Any CPU.ActiveCfg = Release|Any CPU
		{3437FC9D-99CA-4B2B-8130-137871A6584E}.Release|Any CPU.Build.0 = Release|Any CPU
		{FF0ED2E0-5D75-4D08-B4C5-8E2A758A5744}.Debug|Any CPU.ActiveCfg = Debug|Any CPU
		{FF0ED2E0-5D75-4D08-B4C5-8E2A758A5744}.Debug|Any CPU.Build.0 = Debug|Any CPU
		{FF0ED2E0-5D75-4D08-B4C5-8E2A758A5744}.Release|Any CPU.ActiveCfg = Release|Any CPU
		{FF0ED2E0-5D75-4D08-B4C5-8E2A758A5744}.Release|Any CPU.Build.0 = Release|Any CPU
		{44D7BC31-05C1-4336-B019-FDF658806C63}.Debug|Any CPU.ActiveCfg = Debug|Any CPU
		{44D7BC31-05C1-4336-B019-FDF658806C63}.Debug|Any CPU.Build.0 = Debug|Any CPU
		{44D7BC31-05C1-4336-B019-FDF658806C63}.Release|Any CPU.ActiveCfg = Release|Any CPU
		{44D7BC31-05C1-4336-B019-FDF658806C63}.Release|Any CPU.Build.0 = Release|Any CPU
	EndGlobalSection
	GlobalSection(SolutionProperties) = preSolution
		HideSolutionNode = FALSE
	EndGlobalSection
	GlobalSection(NestedProjects) = preSolution
		{51E1350C-F6E4-4041-84B7-58AC37A804E2} = {30D39B1A-EBCF-47AC-BE1C-8E29038EB084}
		{08BA7A6B-043F-4739-8B3D-E9483D6B20C6} = {30D39B1A-EBCF-47AC-BE1C-8E29038EB084}
		{5395C5F0-63FC-4BEB-AA8F-9551454D3856} = {30D39B1A-EBCF-47AC-BE1C-8E29038EB084}
		{0D491C0D-0C25-481F-AC5C-78B71C1265EB} = {C4D0AF01-DDF5-4A38-84E9-D88022C6D67B}
		{5F133119-9010-4B1A-9A23-748671279604} = {C4D0AF01-DDF5-4A38-84E9-D88022C6D67B}
		{1E4B5056-6DA3-4E6F-93AE-704854BB0048} = {C4D0AF01-DDF5-4A38-84E9-D88022C6D67B}
		{07A8A475-53DB-4219-8F8C-6A856FEBBEF3} = {C4D0AF01-DDF5-4A38-84E9-D88022C6D67B}
		{74316AF9-DE2F-4729-B145-F5B3C1972350} = {C4D0AF01-DDF5-4A38-84E9-D88022C6D67B}
		{A54949ED-D0F1-48C0-9877-DF63D398FD6E} = {A04BA5B7-9E7E-486C-B15F-400421F8701D}
		{2E86374E-9C0C-4365-907E-DFA40B628462} = {C4D0AF01-DDF5-4A38-84E9-D88022C6D67B}
		{BB0F22B7-A378-41E5-8A68-21E2B4C5EA6F} = {C4D0AF01-DDF5-4A38-84E9-D88022C6D67B}
		{484F08D3-1D6E-4170-A825-949D7A272F12} = {C4D0AF01-DDF5-4A38-84E9-D88022C6D67B}
		{4AB2C1E5-AAF1-4323-9829-358FE1B08C52} = {C4D0AF01-DDF5-4A38-84E9-D88022C6D67B}
		{210ED5A5-572B-400F-A623-09A13BA29E19} = {C4D0AF01-DDF5-4A38-84E9-D88022C6D67B}
		{76B0200C-E95E-4138-BF26-A0F4BCE3F897} = {38E70D51-01D6-42F6-9964-AB6B52380347}
		{FA9B98D6-D552-40B9-8682-09890F6BD3DA} = {38E70D51-01D6-42F6-9964-AB6B52380347}
		{BEBE2F0F-82FB-4154-95E3-5065BF03CC20} = {38E70D51-01D6-42F6-9964-AB6B52380347}
		{1AE4DFB1-755D-43A0-ADC7-C9D6A75976EA} = {38E70D51-01D6-42F6-9964-AB6B52380347}
		{F1C38A95-C040-464A-A083-C8D661D92647} = {38E70D51-01D6-42F6-9964-AB6B52380347}
		{60D5F918-4809-4C9F-B775-3A98C66F83FD} = {38E70D51-01D6-42F6-9964-AB6B52380347}
		{1312133B-5AF5-4A2E-BF2B-742BA52ABF5A} = {CCD459B0-6BBD-4A0B-B2DB-E71DB936C25D}
		{27983D77-8204-4142-A50C-4EA4F797D834} = {CCD459B0-6BBD-4A0B-B2DB-E71DB936C25D}
		{73A0AD6B-5EF7-4543-9983-AB48D442D76D} = {CCD459B0-6BBD-4A0B-B2DB-E71DB936C25D}
		{107165A9-5955-45FE-96EE-A4FD1A2A4CE1} = {CCD459B0-6BBD-4A0B-B2DB-E71DB936C25D}
		{7BA68349-9BDF-4C18-A849-4CF96EC5D008} = {CCD459B0-6BBD-4A0B-B2DB-E71DB936C25D}
		{4E021E5A-211A-4306-82D6-394040B508F4} = {DF2A73C4-B11B-418F-AC12-55DC4A153379}
		{C9A01B2B-65D5-46BF-9FC2-064F807AD4B4} = {DF2A73C4-B11B-418F-AC12-55DC4A153379}
		{15C8A6E6-C77C-4C47-95FD-363452EB162D} = {DF2A73C4-B11B-418F-AC12-55DC4A153379}
		{59860D13-2644-4BCB-8063-9E392DF212DF} = {DF2A73C4-B11B-418F-AC12-55DC4A153379}
		{51DFCD4F-DA16-4659-BC73-1094774DFB31} = {DF2A73C4-B11B-418F-AC12-55DC4A153379}
		{D23A2A74-303A-4089-8701-4164C245EFCE} = {DF2A73C4-B11B-418F-AC12-55DC4A153379}
		{DB12333B-2C8B-45D4-A764-3BDBC58EB94A} = {771E0A2C-12B1-4AD6-8F46-248CA5E4FA49}
		{2CE1DA1E-DAAE-479D-84BB-FDEC6907EB06} = {28D97DB3-DAED-46B2-AF6E-47F7E14EF653}
		{8AC4FDF8-D4BF-4E70-B207-D42A55864252} = {28D97DB3-DAED-46B2-AF6E-47F7E14EF653}
		{F9B97C12-E187-40AB-8D07-B2484246A957} = {28D97DB3-DAED-46B2-AF6E-47F7E14EF653}
		{01596593-D68E-4A3A-93F4-1589CCB1DEA2} = {DF2A73C4-B11B-418F-AC12-55DC4A153379}
		{EA4DF094-4056-4A79-98E8-6780C39033BE} = {DF2A73C4-B11B-418F-AC12-55DC4A153379}
		{7BA6EF75-10CC-421A-96E9-CE932E29C659} = {EB3CD8E3-AFAB-44EE-B9E2-C763A9FB3209}
		{3024C243-D33F-4FEA-BF82-BB00F880ACB9} = {EB3CD8E3-AFAB-44EE-B9E2-C763A9FB3209}
		{ECB22137-EDBE-4A33-81E2-BF0BA11E0F30} = {EB3CD8E3-AFAB-44EE-B9E2-C763A9FB3209}
		{709A9ABA-C32C-43BF-A54D-B9F604E82E10} = {38E70D51-01D6-42F6-9964-AB6B52380347}
		{1EF0EDFE-BBBB-4DC0-9D48-6760E9DC1B7D} = {EB3CD8E3-AFAB-44EE-B9E2-C763A9FB3209}
		{4C92892B-66D0-4806-B841-F2B69880DCE0} = {507B90A6-4936-4476-B0FB-ED1731572F9A}
		{AA51718D-145F-416B-839A-626C91C5E80F} = {EB3CD8E3-AFAB-44EE-B9E2-C763A9FB3209}
		{C122771F-2231-4C12-889A-B17BF8FDDCC6} = {EB3CD8E3-AFAB-44EE-B9E2-C763A9FB3209}
		{798079FE-F4C3-4216-9C03-AF44B12EA9B5} = {13806BA5-657C-4081-9B66-CB30C41D5FDB}
		{E945C0E2-72E1-4270-95DF-20442E114D2B} = {A11A011A-608C-4422-90DB-BC2EFD6ADFFA}
		{3437FC9D-99CA-4B2B-8130-137871A6584E} = {EB3CD8E3-AFAB-44EE-B9E2-C763A9FB3209}
		{FF0ED2E0-5D75-4D08-B4C5-8E2A758A5744} = {507B90A6-4936-4476-B0FB-ED1731572F9A}
		{44D7BC31-05C1-4336-B019-FDF658806C63} = {507B90A6-4936-4476-B0FB-ED1731572F9A}
	EndGlobalSection
	GlobalSection(ExtensibilityGlobals) = postSolution
		SolutionGuid = {E71E4464-96C8-4102-B0A5-E88B8D3F3198}
	EndGlobalSection
EndGlobal
