
Microsoft Visual Studio Solution File, Format Version 12.00
# Visual Studio Version 16
VisualStudioVersion = 16.0.29123.88
MinimumVisualStudioVersion = 10.0.40219.1
Project("{9A19103F-16F7-4668-BE54-9A1E7A4F7556}") = "Hello_World", "Hello_World.csproj", "{69D45992-59EC-4209-AF2F-6E6832B169CD}"
EndProject
Project("{2150E333-8FDC-42A3-9474-1A3956D46DE8}") = "2_osnove", "2_osnove", "{30D39B1A-EBCF-47AC-BE1C-8E29038EB084}"
EndProject
Project("{9A19103F-16F7-4668-BE54-9A1E7A4F7556}") = "2_2_5_primjeroperator", "..\2_2_5_primjeroperator\2_2_5_primjeroperator.csproj", "{51E1350C-F6E4-4041-84B7-58AC37A804E2}"
EndProject
Project("{9A19103F-16F7-4668-BE54-9A1E7A4F7556}") = "2_2_10_2_operatori", "..\2_2_10_2_operatori\2_2_10_2_operatori.csproj", "{08BA7A6B-043F-4739-8B3D-E9483D6B20C6}"
EndProject
Project("{9A19103F-16F7-4668-BE54-9A1E7A4F7556}") = "5_1_3_ucitavanje_s_tipkovnice", "..\5_1_3_ucitavanje_s_tipkovnice\5_1_3_ucitavanje_s_tipkovnice.csproj", "{5395C5F0-63FC-4BEB-AA8F-9551454D3856}"
EndProject
Project("{2150E333-8FDC-42A3-9474-1A3956D46DE8}") = "5_uvjetno_grananje", "5_uvjetno_grananje", "{C4D0AF01-DDF5-4A38-84E9-D88022C6D67B}"
EndProject
Project("{9A19103F-16F7-4668-BE54-9A1E7A4F7556}") = "5_2_1_naredba_if", "..\5_2_1_naredba_if\5_2_1_naredba_if.csproj", "{0D491C0D-0C25-481F-AC5C-78B71C1265EB}"
EndProject
Project("{9A19103F-16F7-4668-BE54-9A1E7A4F7556}") = "5_2_1_2_ugnjezdeniif", "..\5_2_1_2_ugnjezdeniif\5_2_1_2_ugnjezdeniif.csproj", "{5F133119-9010-4B1A-9A23-748671279604}"
EndProject
Project("{9A19103F-16F7-4668-BE54-9A1E7A4F7556}") = "5_2_2_1_prošireni_if", "..\5_2_2_1_prošireni_if\5_2_2_1_prošireni_if.csproj", "{1E4B5056-6DA3-4E6F-93AE-704854BB0048}"
EndProject
Project("{9A19103F-16F7-4668-BE54-9A1E7A4F7556}") = "5_2_2_kalkulator", "..\5_2_2_kalkulator\5_2_2_kalkulator.csproj", "{07A8A475-53DB-4219-8F8C-6A856FEBBEF3}"
EndProject
Project("{9A19103F-16F7-4668-BE54-9A1E7A4F7556}") = "5_2_3_velik_broj", "..\5_2_3_velik_broj\5_2_3_velik_broj.csproj", "{74316AF9-DE2F-4729-B145-F5B3C1972350}"
EndProject
Project("{2150E333-8FDC-42A3-9474-1A3956D46DE8}") = "Zadaca1", "Zadaca1", "{A04BA5B7-9E7E-486C-B15F-400421F8701D}"
EndProject
Project("{9A19103F-16F7-4668-BE54-9A1E7A4F7556}") = "5_2_4_x_znamenkasti_broj", "..\5_2_4_x_znamenkasti_broj\5_2_4_x_znamenkasti_broj.csproj", "{A54949ED-D0F1-48C0-9877-DF63D398FD6E}"
EndProject
Project("{9A19103F-16F7-4668-BE54-9A1E7A4F7556}") = "5_2_2_danutjednu", "..\5_2_2_danutjednu\5_2_2_danutjednu.csproj", "{2E86374E-9C0C-4365-907E-DFA40B628462}"
EndProject
Project("{9A19103F-16F7-4668-BE54-9A1E7A4F7556}") = "5_2_3_strukturirano_upr_exceptionima", "..\5_2_3_strukturirano_upr_exceptionima\5_2_3_strukturirano_upr_exceptionima.csproj", "{BB0F22B7-A378-41E5-8A68-21E2B4C5EA6F}"
EndProject
Project("{9A19103F-16F7-4668-BE54-9A1E7A4F7556}") = "5_2_4_1_user_pass", "..\5_2_4_1_user_pass\5_2_4_1_user_pass.csproj", "{484F08D3-1D6E-4170-A825-949D7A272F12}"
EndProject
Project("{9A19103F-16F7-4668-BE54-9A1E7A4F7556}") = "5_2_4_2_boolean_ili", "..\5_2_4_2_boolean_ili\5_2_4_2_boolean_ili.csproj", "{4AB2C1E5-AAF1-4323-9829-358FE1B08C52}"
EndProject
Project("{9A19103F-16F7-4668-BE54-9A1E7A4F7556}") = "5_2_4_3_not", "..\5_2_4_3_not\5_2_4_3_not.csproj", "{210ED5A5-572B-400F-A623-09A13BA29E19}"
EndProject
Project("{2150E333-8FDC-42A3-9474-1A3956D46DE8}") = "5_ciklicke_petlje", "5_ciklicke_petlje", "{38E70D51-01D6-42F6-9964-AB6B52380347}"
EndProject
Project("{9A19103F-16F7-4668-BE54-9A1E7A4F7556}") = "5_3_1_petlja_for", "..\5_3_1_petlja_for\5_3_1_petlja_for.csproj", "{76B0200C-E95E-4138-BF26-A0F4BCE3F897}"
EndProject
Project("{9A19103F-16F7-4668-BE54-9A1E7A4F7556}") = "Zadaca_2_petlje", "..\Zadaca_2_petlje\Zadaca_2_petlje.csproj", "{FA9B98D6-D552-40B9-8682-09890F6BD3DA}"
EndProject
Project("{9A19103F-16F7-4668-BE54-9A1E7A4F7556}") = "5_3_22", "..\5_3_22\5_3_22.csproj", "{BEBE2F0F-82FB-4154-95E3-5065BF03CC20}"
EndProject
Project("{9A19103F-16F7-4668-BE54-9A1E7A4F7556}") = "5_3_21_zavrsni", "..\5_3_21_zavrsni\5_3_21_zavrsni.csproj", "{1AE4DFB1-755D-43A0-ADC7-C9D6A75976EA}"
EndProject
Project("{9A19103F-16F7-4668-BE54-9A1E7A4F7556}") = "5_3_10_savrsenbroj", "..\5_3_10_savrsenbroj\5_3_10_savrsenbroj.csproj", "{F1C38A95-C040-464A-A083-C8D661D92647}"
EndProject
Project("{9A19103F-16F7-4668-BE54-9A1E7A4F7556}") = "5_3_11_savrseni_intervali", "..\5_3_11_savrseni_intervali\5_3_11_savrseni_intervali.csproj", "{60D5F918-4809-4C9F-B775-3A98C66F83FD}"
EndProject
Project("{2150E333-8FDC-42A3-9474-1A3956D46DE8}") = "6_nizovi_liste", "6_nizovi_liste", "{CCD459B0-6BBD-4A0B-B2DB-E71DB936C25D}"
EndProject
Project("{9A19103F-16F7-4668-BE54-9A1E7A4F7556}") = "6_1_niz", "..\6_1_niz\6_1_niz.csproj", "{1312133B-5AF5-4A2E-BF2B-742BA52ABF5A}"
EndProject
Project("{9A19103F-16F7-4668-BE54-9A1E7A4F7556}") = "6_1_1_unos_ispis", "..\6_1_1_unos_ispis\6_1_1_unos_ispis.csproj", "{27983D77-8204-4142-A50C-4EA4F797D834}"
EndProject
Project("{9A19103F-16F7-4668-BE54-9A1E7A4F7556}") = "6_1_2_max", "..\6_1_2_max\6_1_2_max.csproj", "{73A0AD6B-5EF7-4543-9983-AB48D442D76D}"
EndProject
Project("{9A19103F-16F7-4668-BE54-9A1E7A4F7556}") = "6_2_2_nepar2", "..\..\pmrvic\6_2_2_nepar2\6_2_2_nepar2.csproj", "{107165A9-5955-45FE-96EE-A4FD1A2A4CE1}"
EndProject
Project("{9A19103F-16F7-4668-BE54-9A1E7A4F7556}") = "6_2_3_sort", "..\6_2_3_sort\6_2_3_sort.csproj", "{7BA68349-9BDF-4C18-A849-4CF96EC5D008}"
EndProject
Project("{9A19103F-16F7-4668-BE54-9A1E7A4F7556}") = "7_3_kvadrat", "..\..\pmrvic\7_3_kvadrat\7_3_kvadrat.csproj", "{C1846E75-76EF-4370-B213-016AAB12CA8A}"
EndProject
Project("{2150E333-8FDC-42A3-9474-1A3956D46DE8}") = "Zadaca_procedure_metode", "Zadaca_procedure_metode", "{09E743AC-D029-466C-ACA9-7FBF773470D5}"
EndProject
Project("{FAE04EC0-301F-11D3-BF4B-00C04F79EFBC}") = "7_2_1_krug", "..\7_2_1_krug\7_2_1_krug.csproj", "{3D492AD3-E5AE-4D0D-830E-75C352220D78}"
EndProject
Project("{FAE04EC0-301F-11D3-BF4B-00C04F79EFBC}") = "7_2_2_jednakokracan_trokut", "..\7_2_2_jednakokracan_trokut\7_2_2_jednakokracan_trokut.csproj", "{3C104840-EE32-45E6-91CD-B3CFD0D2024F}"
EndProject
Global
	GlobalSection(SolutionConfigurationPlatforms) = preSolution
		Debug|Any CPU = Debug|Any CPU
		Release|Any CPU = Release|Any CPU
	EndGlobalSection
	GlobalSection(ProjectConfigurationPlatforms) = postSolution
		{69D45992-59EC-4209-AF2F-6E6832B169CD}.Debug|Any CPU.ActiveCfg = Debug|Any CPU
		{69D45992-59EC-4209-AF2F-6E6832B169CD}.Debug|Any CPU.Build.0 = Debug|Any CPU
		{69D45992-59EC-4209-AF2F-6E6832B169CD}.Release|Any CPU.ActiveCfg = Release|Any CPU
		{69D45992-59EC-4209-AF2F-6E6832B169CD}.Release|Any CPU.Build.0 = Release|Any CPU
		{51E1350C-F6E4-4041-84B7-58AC37A804E2}.Debug|Any CPU.ActiveCfg = Debug|Any CPU
		{51E1350C-F6E4-4041-84B7-58AC37A804E2}.Debug|Any CPU.Build.0 = Debug|Any CPU
		{51E1350C-F6E4-4041-84B7-58AC37A804E2}.Release|Any CPU.ActiveCfg = Release|Any CPU
		{51E1350C-F6E4-4041-84B7-58AC37A804E2}.Release|Any CPU.Build.0 = Release|Any CPU
		{08BA7A6B-043F-4739-8B3D-E9483D6B20C6}.Debug|Any CPU.ActiveCfg = Debug|Any CPU
		{08BA7A6B-043F-4739-8B3D-E9483D6B20C6}.Debug|Any CPU.Build.0 = Debug|Any CPU
		{08BA7A6B-043F-4739-8B3D-E9483D6B20C6}.Release|Any CPU.ActiveCfg = Release|Any CPU
		{08BA7A6B-043F-4739-8B3D-E9483D6B20C6}.Release|Any CPU.Build.0 = Release|Any CPU
		{5395C5F0-63FC-4BEB-AA8F-9551454D3856}.Debug|Any CPU.ActiveCfg = Debug|Any CPU
		{5395C5F0-63FC-4BEB-AA8F-9551454D3856}.Debug|Any CPU.Build.0 = Debug|Any CPU
		{5395C5F0-63FC-4BEB-AA8F-9551454D3856}.Release|Any CPU.ActiveCfg = Release|Any CPU
		{5395C5F0-63FC-4BEB-AA8F-9551454D3856}.Release|Any CPU.Build.0 = Release|Any CPU
		{0D491C0D-0C25-481F-AC5C-78B71C1265EB}.Debug|Any CPU.ActiveCfg = Debug|Any CPU
		{0D491C0D-0C25-481F-AC5C-78B71C1265EB}.Debug|Any CPU.Build.0 = Debug|Any CPU
		{0D491C0D-0C25-481F-AC5C-78B71C1265EB}.Release|Any CPU.ActiveCfg = Release|Any CPU
		{0D491C0D-0C25-481F-AC5C-78B71C1265EB}.Release|Any CPU.Build.0 = Release|Any CPU
		{5F133119-9010-4B1A-9A23-748671279604}.Debug|Any CPU.ActiveCfg = Debug|Any CPU
		{5F133119-9010-4B1A-9A23-748671279604}.Debug|Any CPU.Build.0 = Debug|Any CPU
		{5F133119-9010-4B1A-9A23-748671279604}.Release|Any CPU.ActiveCfg = Release|Any CPU
		{5F133119-9010-4B1A-9A23-748671279604}.Release|Any CPU.Build.0 = Release|Any CPU
		{1E4B5056-6DA3-4E6F-93AE-704854BB0048}.Debug|Any CPU.ActiveCfg = Debug|Any CPU
		{1E4B5056-6DA3-4E6F-93AE-704854BB0048}.Debug|Any CPU.Build.0 = Debug|Any CPU
		{1E4B5056-6DA3-4E6F-93AE-704854BB0048}.Release|Any CPU.ActiveCfg = Release|Any CPU
		{1E4B5056-6DA3-4E6F-93AE-704854BB0048}.Release|Any CPU.Build.0 = Release|Any CPU
		{07A8A475-53DB-4219-8F8C-6A856FEBBEF3}.Debug|Any CPU.ActiveCfg = Debug|Any CPU
		{07A8A475-53DB-4219-8F8C-6A856FEBBEF3}.Debug|Any CPU.Build.0 = Debug|Any CPU
		{07A8A475-53DB-4219-8F8C-6A856FEBBEF3}.Release|Any CPU.ActiveCfg = Release|Any CPU
		{07A8A475-53DB-4219-8F8C-6A856FEBBEF3}.Release|Any CPU.Build.0 = Release|Any CPU
		{74316AF9-DE2F-4729-B145-F5B3C1972350}.Debug|Any CPU.ActiveCfg = Debug|Any CPU
		{74316AF9-DE2F-4729-B145-F5B3C1972350}.Debug|Any CPU.Build.0 = Debug|Any CPU
		{74316AF9-DE2F-4729-B145-F5B3C1972350}.Release|Any CPU.ActiveCfg = Release|Any CPU
		{74316AF9-DE2F-4729-B145-F5B3C1972350}.Release|Any CPU.Build.0 = Release|Any CPU
		{A54949ED-D0F1-48C0-9877-DF63D398FD6E}.Debug|Any CPU.ActiveCfg = Debug|Any CPU
		{A54949ED-D0F1-48C0-9877-DF63D398FD6E}.Debug|Any CPU.Build.0 = Debug|Any CPU
		{A54949ED-D0F1-48C0-9877-DF63D398FD6E}.Release|Any CPU.ActiveCfg = Release|Any CPU
		{A54949ED-D0F1-48C0-9877-DF63D398FD6E}.Release|Any CPU.Build.0 = Release|Any CPU
		{2E86374E-9C0C-4365-907E-DFA40B628462}.Debug|Any CPU.ActiveCfg = Debug|Any CPU
		{2E86374E-9C0C-4365-907E-DFA40B628462}.Debug|Any CPU.Build.0 = Debug|Any CPU
		{2E86374E-9C0C-4365-907E-DFA40B628462}.Release|Any CPU.ActiveCfg = Release|Any CPU
		{2E86374E-9C0C-4365-907E-DFA40B628462}.Release|Any CPU.Build.0 = Release|Any CPU
		{BB0F22B7-A378-41E5-8A68-21E2B4C5EA6F}.Debug|Any CPU.ActiveCfg = Debug|Any CPU
		{BB0F22B7-A378-41E5-8A68-21E2B4C5EA6F}.Debug|Any CPU.Build.0 = Debug|Any CPU
		{BB0F22B7-A378-41E5-8A68-21E2B4C5EA6F}.Release|Any CPU.ActiveCfg = Release|Any CPU
		{BB0F22B7-A378-41E5-8A68-21E2B4C5EA6F}.Release|Any CPU.Build.0 = Release|Any CPU
		{484F08D3-1D6E-4170-A825-949D7A272F12}.Debug|Any CPU.ActiveCfg = Debug|Any CPU
		{484F08D3-1D6E-4170-A825-949D7A272F12}.Debug|Any CPU.Build.0 = Debug|Any CPU
		{484F08D3-1D6E-4170-A825-949D7A272F12}.Release|Any CPU.ActiveCfg = Release|Any CPU
		{484F08D3-1D6E-4170-A825-949D7A272F12}.Release|Any CPU.Build.0 = Release|Any CPU
		{4AB2C1E5-AAF1-4323-9829-358FE1B08C52}.Debug|Any CPU.ActiveCfg = Debug|Any CPU
		{4AB2C1E5-AAF1-4323-9829-358FE1B08C52}.Debug|Any CPU.Build.0 = Debug|Any CPU
		{4AB2C1E5-AAF1-4323-9829-358FE1B08C52}.Release|Any CPU.ActiveCfg = Release|Any CPU
		{4AB2C1E5-AAF1-4323-9829-358FE1B08C52}.Release|Any CPU.Build.0 = Release|Any CPU
		{210ED5A5-572B-400F-A623-09A13BA29E19}.Debug|Any CPU.ActiveCfg = Debug|Any CPU
		{210ED5A5-572B-400F-A623-09A13BA29E19}.Debug|Any CPU.Build.0 = Debug|Any CPU
		{210ED5A5-572B-400F-A623-09A13BA29E19}.Release|Any CPU.ActiveCfg = Release|Any CPU
		{210ED5A5-572B-400F-A623-09A13BA29E19}.Release|Any CPU.Build.0 = Release|Any CPU
		{76B0200C-E95E-4138-BF26-A0F4BCE3F897}.Debug|Any CPU.ActiveCfg = Debug|Any CPU
		{76B0200C-E95E-4138-BF26-A0F4BCE3F897}.Debug|Any CPU.Build.0 = Debug|Any CPU
		{76B0200C-E95E-4138-BF26-A0F4BCE3F897}.Release|Any CPU.ActiveCfg = Release|Any CPU
		{76B0200C-E95E-4138-BF26-A0F4BCE3F897}.Release|Any CPU.Build.0 = Release|Any CPU
		{FA9B98D6-D552-40B9-8682-09890F6BD3DA}.Debug|Any CPU.ActiveCfg = Debug|Any CPU
		{FA9B98D6-D552-40B9-8682-09890F6BD3DA}.Debug|Any CPU.Build.0 = Debug|Any CPU
		{FA9B98D6-D552-40B9-8682-09890F6BD3DA}.Release|Any CPU.ActiveCfg = Release|Any CPU
		{FA9B98D6-D552-40B9-8682-09890F6BD3DA}.Release|Any CPU.Build.0 = Release|Any CPU
		{BEBE2F0F-82FB-4154-95E3-5065BF03CC20}.Debug|Any CPU.ActiveCfg = Debug|Any CPU
		{BEBE2F0F-82FB-4154-95E3-5065BF03CC20}.Debug|Any CPU.Build.0 = Debug|Any CPU
		{BEBE2F0F-82FB-4154-95E3-5065BF03CC20}.Release|Any CPU.ActiveCfg = Release|Any CPU
		{BEBE2F0F-82FB-4154-95E3-5065BF03CC20}.Release|Any CPU.Build.0 = Release|Any CPU
		{1AE4DFB1-755D-43A0-ADC7-C9D6A75976EA}.Debug|Any CPU.ActiveCfg = Debug|Any CPU
		{1AE4DFB1-755D-43A0-ADC7-C9D6A75976EA}.Debug|Any CPU.Build.0 = Debug|Any CPU
		{1AE4DFB1-755D-43A0-ADC7-C9D6A75976EA}.Release|Any CPU.ActiveCfg = Release|Any CPU
		{1AE4DFB1-755D-43A0-ADC7-C9D6A75976EA}.Release|Any CPU.Build.0 = Release|Any CPU
		{F1C38A95-C040-464A-A083-C8D661D92647}.Debug|Any CPU.ActiveCfg = Debug|Any CPU
		{F1C38A95-C040-464A-A083-C8D661D92647}.Debug|Any CPU.Build.0 = Debug|Any CPU
		{F1C38A95-C040-464A-A083-C8D661D92647}.Release|Any CPU.ActiveCfg = Release|Any CPU
		{F1C38A95-C040-464A-A083-C8D661D92647}.Release|Any CPU.Build.0 = Release|Any CPU
		{60D5F918-4809-4C9F-B775-3A98C66F83FD}.Debug|Any CPU.ActiveCfg = Debug|Any CPU
		{60D5F918-4809-4C9F-B775-3A98C66F83FD}.Debug|Any CPU.Build.0 = Debug|Any CPU
		{60D5F918-4809-4C9F-B775-3A98C66F83FD}.Release|Any CPU.ActiveCfg = Release|Any CPU
		{60D5F918-4809-4C9F-B775-3A98C66F83FD}.Release|Any CPU.Build.0 = Release|Any CPU
		{1312133B-5AF5-4A2E-BF2B-742BA52ABF5A}.Debug|Any CPU.ActiveCfg = Debug|Any CPU
		{1312133B-5AF5-4A2E-BF2B-742BA52ABF5A}.Debug|Any CPU.Build.0 = Debug|Any CPU
		{1312133B-5AF5-4A2E-BF2B-742BA52ABF5A}.Release|Any CPU.ActiveCfg = Release|Any CPU
		{1312133B-5AF5-4A2E-BF2B-742BA52ABF5A}.Release|Any CPU.Build.0 = Release|Any CPU
		{27983D77-8204-4142-A50C-4EA4F797D834}.Debug|Any CPU.ActiveCfg = Debug|Any CPU
		{27983D77-8204-4142-A50C-4EA4F797D834}.Debug|Any CPU.Build.0 = Debug|Any CPU
		{27983D77-8204-4142-A50C-4EA4F797D834}.Release|Any CPU.ActiveCfg = Release|Any CPU
		{27983D77-8204-4142-A50C-4EA4F797D834}.Release|Any CPU.Build.0 = Release|Any CPU
		{73A0AD6B-5EF7-4543-9983-AB48D442D76D}.Debug|Any CPU.ActiveCfg = Debug|Any CPU
		{73A0AD6B-5EF7-4543-9983-AB48D442D76D}.Debug|Any CPU.Build.0 = Debug|Any CPU
		{73A0AD6B-5EF7-4543-9983-AB48D442D76D}.Release|Any CPU.ActiveCfg = Release|Any CPU
		{73A0AD6B-5EF7-4543-9983-AB48D442D76D}.Release|Any CPU.Build.0 = Release|Any CPU
		{107165A9-5955-45FE-96EE-A4FD1A2A4CE1}.Debug|Any CPU.ActiveCfg = Debug|Any CPU
		{107165A9-5955-45FE-96EE-A4FD1A2A4CE1}.Debug|Any CPU.Build.0 = Debug|Any CPU
		{107165A9-5955-45FE-96EE-A4FD1A2A4CE1}.Release|Any CPU.ActiveCfg = Release|Any CPU
		{107165A9-5955-45FE-96EE-A4FD1A2A4CE1}.Release|Any CPU.Build.0 = Release|Any CPU
		{7BA68349-9BDF-4C18-A849-4CF96EC5D008}.Debug|Any CPU.ActiveCfg = Debug|Any CPU
		{7BA68349-9BDF-4C18-A849-4CF96EC5D008}.Debug|Any CPU.Build.0 = Debug|Any CPU
		{7BA68349-9BDF-4C18-A849-4CF96EC5D008}.Release|Any CPU.ActiveCfg = Release|Any CPU
		{7BA68349-9BDF-4C18-A849-4CF96EC5D008}.Release|Any CPU.Build.0 = Release|Any CPU
		{C1846E75-76EF-4370-B213-016AAB12CA8A}.Debug|Any CPU.ActiveCfg = Debug|Any CPU
		{C1846E75-76EF-4370-B213-016AAB12CA8A}.Debug|Any CPU.Build.0 = Debug|Any CPU
		{C1846E75-76EF-4370-B213-016AAB12CA8A}.Release|Any CPU.ActiveCfg = Release|Any CPU
		{C1846E75-76EF-4370-B213-016AAB12CA8A}.Release|Any CPU.Build.0 = Release|Any CPU
		{3D492AD3-E5AE-4D0D-830E-75C352220D78}.Debug|Any CPU.ActiveCfg = Debug|Any CPU
		{3D492AD3-E5AE-4D0D-830E-75C352220D78}.Debug|Any CPU.Build.0 = Debug|Any CPU
		{3D492AD3-E5AE-4D0D-830E-75C352220D78}.Release|Any CPU.ActiveCfg = Release|Any CPU
		{3D492AD3-E5AE-4D0D-830E-75C352220D78}.Release|Any CPU.Build.0 = Release|Any CPU
		{3C104840-EE32-45E6-91CD-B3CFD0D2024F}.Debug|Any CPU.ActiveCfg = Debug|Any CPU
		{3C104840-EE32-45E6-91CD-B3CFD0D2024F}.Debug|Any CPU.Build.0 = Debug|Any CPU
		{3C104840-EE32-45E6-91CD-B3CFD0D2024F}.Release|Any CPU.ActiveCfg = Release|Any CPU
		{3C104840-EE32-45E6-91CD-B3CFD0D2024F}.Release|Any CPU.Build.0 = Release|Any CPU
	EndGlobalSection
	GlobalSection(SolutionProperties) = preSolution
		HideSolutionNode = FALSE
	EndGlobalSection
	GlobalSection(NestedProjects) = preSolution
		{51E1350C-F6E4-4041-84B7-58AC37A804E2} = {30D39B1A-EBCF-47AC-BE1C-8E29038EB084}
		{08BA7A6B-043F-4739-8B3D-E9483D6B20C6} = {30D39B1A-EBCF-47AC-BE1C-8E29038EB084}
		{5395C5F0-63FC-4BEB-AA8F-9551454D3856} = {30D39B1A-EBCF-47AC-BE1C-8E29038EB084}
		{0D491C0D-0C25-481F-AC5C-78B71C1265EB} = {C4D0AF01-DDF5-4A38-84E9-D88022C6D67B}
		{5F133119-9010-4B1A-9A23-748671279604} = {C4D0AF01-DDF5-4A38-84E9-D88022C6D67B}
		{1E4B5056-6DA3-4E6F-93AE-704854BB0048} = {C4D0AF01-DDF5-4A38-84E9-D88022C6D67B}
		{07A8A475-53DB-4219-8F8C-6A856FEBBEF3} = {C4D0AF01-DDF5-4A38-84E9-D88022C6D67B}
		{74316AF9-DE2F-4729-B145-F5B3C1972350} = {C4D0AF01-DDF5-4A38-84E9-D88022C6D67B}
		{A54949ED-D0F1-48C0-9877-DF63D398FD6E} = {A04BA5B7-9E7E-486C-B15F-400421F8701D}
		{2E86374E-9C0C-4365-907E-DFA40B628462} = {C4D0AF01-DDF5-4A38-84E9-D88022C6D67B}
		{BB0F22B7-A378-41E5-8A68-21E2B4C5EA6F} = {C4D0AF01-DDF5-4A38-84E9-D88022C6D67B}
		{484F08D3-1D6E-4170-A825-949D7A272F12} = {C4D0AF01-DDF5-4A38-84E9-D88022C6D67B}
		{4AB2C1E5-AAF1-4323-9829-358FE1B08C52} = {C4D0AF01-DDF5-4A38-84E9-D88022C6D67B}
		{210ED5A5-572B-400F-A623-09A13BA29E19} = {C4D0AF01-DDF5-4A38-84E9-D88022C6D67B}
		{76B0200C-E95E-4138-BF26-A0F4BCE3F897} = {38E70D51-01D6-42F6-9964-AB6B52380347}
		{FA9B98D6-D552-40B9-8682-09890F6BD3DA} = {38E70D51-01D6-42F6-9964-AB6B52380347}
		{BEBE2F0F-82FB-4154-95E3-5065BF03CC20} = {38E70D51-01D6-42F6-9964-AB6B52380347}
		{1AE4DFB1-755D-43A0-ADC7-C9D6A75976EA} = {38E70D51-01D6-42F6-9964-AB6B52380347}
		{F1C38A95-C040-464A-A083-C8D661D92647} = {38E70D51-01D6-42F6-9964-AB6B52380347}
		{60D5F918-4809-4C9F-B775-3A98C66F83FD} = {38E70D51-01D6-42F6-9964-AB6B52380347}
		{1312133B-5AF5-4A2E-BF2B-742BA52ABF5A} = {CCD459B0-6BBD-4A0B-B2DB-E71DB936C25D}
		{27983D77-8204-4142-A50C-4EA4F797D834} = {CCD459B0-6BBD-4A0B-B2DB-E71DB936C25D}
		{73A0AD6B-5EF7-4543-9983-AB48D442D76D} = {CCD459B0-6BBD-4A0B-B2DB-E71DB936C25D}
		{107165A9-5955-45FE-96EE-A4FD1A2A4CE1} = {CCD459B0-6BBD-4A0B-B2DB-E71DB936C25D}
		{7BA68349-9BDF-4C18-A849-4CF96EC5D008} = {CCD459B0-6BBD-4A0B-B2DB-E71DB936C25D}
		{3D492AD3-E5AE-4D0D-830E-75C352220D78} = {09E743AC-D029-466C-ACA9-7FBF773470D5}
		{3C104840-EE32-45E6-91CD-B3CFD0D2024F} = {09E743AC-D029-466C-ACA9-7FBF773470D5}
	EndGlobalSection
	GlobalSection(ExtensibilityGlobals) = postSolution
		SolutionGuid = {E71E4464-96C8-4102-B0A5-E88B8D3F3198}
	EndGlobalSection
EndGlobal
