
Microsoft Visual Studio Solution File, Format Version 12.00
# Visual Studio Version 16
VisualStudioVersion = 16.0.29123.88
MinimumVisualStudioVersion = 10.0.40219.1
Project("{9A19103F-16F7-4668-BE54-9A1E7A4F7556}") = "Moj projekt", "Moj projekt\Moj projekt.csproj", "{57FFE6FA-4095-4476-860F-987DFC8A1CA9}"
EndProject
Project("{2150E333-8FDC-42A3-9474-1A3956D46DE8}") = "2_osnove", "2_osnove", "{A24BBEA7-EA3F-45FC-B62B-B139F8003F25}"
EndProject
Project("{9A19103F-16F7-4668-BE54-9A1E7A4F7556}") = "2_2_5_primjeroperator", "2_2_5_primjeroperator\2_2_5_primjeroperator.csproj", "{3DF09569-8B82-4873-A45B-6B86F32F960D}"
EndProject
Project("{9A19103F-16F7-4668-BE54-9A1E7A4F7556}") = "2_2_10_2_operatori", "2_2_10_2_operatori\2_2_10_2_operatori.csproj", "{E6A0D319-805E-4E4E-B31F-E642053A641F}"
EndProject
Project("{9A19103F-16F7-4668-BE54-9A1E7A4F7556}") = "5_1_3_ucitavanje_s_tipkovinice", "5_1_3_ucitavanje_s_tipkovinice\5_1_3_ucitavanje_s_tipkovinice.csproj", "{D4113A83-0DBC-4DEF-8187-85E2488FC80C}"
EndProject
Project("{2150E333-8FDC-42A3-9474-1A3956D46DE8}") = "5_uvjetno_grananje", "5_uvjetno_grananje", "{74711237-A6CF-4EC3-A212-740808A0E0C3}"
EndProject
Project("{9A19103F-16F7-4668-BE54-9A1E7A4F7556}") = "5_2_1_if", "5_2_1_if\5_2_1_if.csproj", "{32E2D29A-A842-4662-A5B8-0BE0CD5E2E30}"
EndProject
Project("{9A19103F-16F7-4668-BE54-9A1E7A4F7556}") = "5_2_2_ugnjezdeni", "5_2_2_ugnjezdeni\5_2_2_ugnjezdeni.csproj", "{63F86159-B684-4683-B6C2-870A734743E6}"
EndProject
Project("{9A19103F-16F7-4668-BE54-9A1E7A4F7556}") = "5_2_2_kalkulator", "5_2_2_kalkulator\5_2_2_kalkulator.csproj", "{1F5E2F67-2372-4CF4-802E-C5DA724C12BE}"
EndProject
Project("{9A19103F-16F7-4668-BE54-9A1E7A4F7556}") = "5_2_3_velikiBroj", "5_2_3_velikiBroj\5_2_3_velikiBroj.csproj", "{D41D423C-8866-41BB-8D77-50E053C29DD1}"
EndProject
Project("{9A19103F-16F7-4668-BE54-9A1E7A4F7556}") = "zadatak_5_2_5", "zadatak_5_2_5\zadatak_5_2_5.csproj", "{CF570607-DAED-4391-8401-62EEF57FAFDB}"
EndProject
Project("{9A19103F-16F7-4668-BE54-9A1E7A4F7556}") = "5_2_2_danUTjednu", "5_2_2_danUTjednu\5_2_2_danUTjednu.csproj", "{6A2E05CE-DE52-4F77-93C1-34FAB9EDF286}"
EndProject
Project("{9A19103F-16F7-4668-BE54-9A1E7A4F7556}") = "5_2_3_strukturirano_upr_exceptionima", "5_2_3_strukturirano_upr_exceptionima\5_2_3_strukturirano_upr_exceptionima.csproj", "{EC30F10D-48D4-4E3E-BF35-FEA130183AD3}"
EndProject
Project("{9A19103F-16F7-4668-BE54-9A1E7A4F7556}") = "5_2_4_1_user_pass", "5_2_4_1_user_pass\5_2_4_1_user_pass.csproj", "{3CA39851-D44C-482A-AA6A-5630D9E45BCA}"
EndProject
Project("{9A19103F-16F7-4668-BE54-9A1E7A4F7556}") = "5_4_4_2_boolean_ili", "5_4_4_2_boolean_ili\5_4_4_2_boolean_ili.csproj", "{42B3E4A9-9032-4E9D-844A-90A6C6A1A717}"
EndProject
Project("{9A19103F-16F7-4668-BE54-9A1E7A4F7556}") = "5_2_4_3_not", "5_2_4_3_not\5_2_4_3_not.csproj", "{3597E2EA-23A0-4D07-ADC9-922075BE37D1}"
EndProject
Project("{2150E333-8FDC-42A3-9474-1A3956D46DE8}") = "ciklicke", "ciklicke", "{A21672C4-5AD5-4E02-8BD0-16BF3CBB19CE}"
EndProject
Project("{9A19103F-16F7-4668-BE54-9A1E7A4F7556}") = "5_3_1_for", "5_3_1_for\5_3_1_for.csproj", "{C67380DB-C1C3-480A-80B5-A1118BAF69CE}"
EndProject
Project("{9A19103F-16F7-4668-BE54-9A1E7A4F7556}") = "5_3_1_do_5_3_6_zadaci", "5_3_zadaci\5_3_1_do_5_3_6_zadaci.csproj", "{E4F7C555-0334-430A-AC2B-7F3BF21F8C23}"
EndProject
Project("{9A19103F-16F7-4668-BE54-9A1E7A4F7556}") = "5_3_7_do_10", "5_3_7_do_10\5_3_7_do_10.csproj", "{46F0B486-C4C7-433E-A578-34135C6264FC}"
EndProject
Project("{2150E333-8FDC-42A3-9474-1A3956D46DE8}") = "6_nizovi_liste", "6_nizovi_liste", "{47091E90-2E60-471A-BD61-98311CDFF669}"
EndProject
Project("{9A19103F-16F7-4668-BE54-9A1E7A4F7556}") = "6_1_niz", "6_1_niz\6_1_niz.csproj", "{69E4A070-A95E-4B6F-9F6B-2674BB6E6AB0}"
EndProject
Project("{9A19103F-16F7-4668-BE54-9A1E7A4F7556}") = "6_1_1_unos_ispis", "6_1_1_unos_ispis\6_1_1_unos_ispis.csproj", "{9FBC0E74-DD29-4E79-8880-770CC1FF65A5}"
EndProject
Project("{9A19103F-16F7-4668-BE54-9A1E7A4F7556}") = "6_1_2_max", "6_1_2_max\6_1_2_max.csproj", "{F8E5FECE-4139-4610-9797-B298E4735BAA}"
EndProject
Project("{2150E333-8FDC-42A3-9474-1A3956D46DE8}") = "8_objekti", "8_objekti", "{E5101799-00DE-4327-AEFB-D255E9734F21}"
EndProject
Project("{FAE04EC0-301F-11D3-BF4B-00C04F79EFBC}") = "8_1_2_ucenik", "8_1_2_ucenik\8_1_2_ucenik.csproj", "{31D779AB-4E97-4F41-BDCE-9CC288FA85E9}"
EndProject
Global
	GlobalSection(SolutionConfigurationPlatforms) = preSolution
		Debug|Any CPU = Debug|Any CPU
		Release|Any CPU = Release|Any CPU
	EndGlobalSection
	GlobalSection(ProjectConfigurationPlatforms) = postSolution
		{57FFE6FA-4095-4476-860F-987DFC8A1CA9}.Debug|Any CPU.ActiveCfg = Debug|Any CPU
		{57FFE6FA-4095-4476-860F-987DFC8A1CA9}.Debug|Any CPU.Build.0 = Debug|Any CPU
		{57FFE6FA-4095-4476-860F-987DFC8A1CA9}.Release|Any CPU.ActiveCfg = Release|Any CPU
		{57FFE6FA-4095-4476-860F-987DFC8A1CA9}.Release|Any CPU.Build.0 = Release|Any CPU
		{3DF09569-8B82-4873-A45B-6B86F32F960D}.Debug|Any CPU.ActiveCfg = Debug|Any CPU
		{3DF09569-8B82-4873-A45B-6B86F32F960D}.Debug|Any CPU.Build.0 = Debug|Any CPU
		{3DF09569-8B82-4873-A45B-6B86F32F960D}.Release|Any CPU.ActiveCfg = Release|Any CPU
		{3DF09569-8B82-4873-A45B-6B86F32F960D}.Release|Any CPU.Build.0 = Release|Any CPU
		{E6A0D319-805E-4E4E-B31F-E642053A641F}.Debug|Any CPU.ActiveCfg = Debug|Any CPU
		{E6A0D319-805E-4E4E-B31F-E642053A641F}.Debug|Any CPU.Build.0 = Debug|Any CPU
		{E6A0D319-805E-4E4E-B31F-E642053A641F}.Release|Any CPU.ActiveCfg = Release|Any CPU
		{E6A0D319-805E-4E4E-B31F-E642053A641F}.Release|Any CPU.Build.0 = Release|Any CPU
		{D4113A83-0DBC-4DEF-8187-85E2488FC80C}.Debug|Any CPU.ActiveCfg = Debug|Any CPU
		{D4113A83-0DBC-4DEF-8187-85E2488FC80C}.Debug|Any CPU.Build.0 = Debug|Any CPU
		{D4113A83-0DBC-4DEF-8187-85E2488FC80C}.Release|Any CPU.ActiveCfg = Release|Any CPU
		{D4113A83-0DBC-4DEF-8187-85E2488FC80C}.Release|Any CPU.Build.0 = Release|Any CPU
		{32E2D29A-A842-4662-A5B8-0BE0CD5E2E30}.Debug|Any CPU.ActiveCfg = Debug|Any CPU
		{32E2D29A-A842-4662-A5B8-0BE0CD5E2E30}.Debug|Any CPU.Build.0 = Debug|Any CPU
		{32E2D29A-A842-4662-A5B8-0BE0CD5E2E30}.Release|Any CPU.ActiveCfg = Release|Any CPU
		{32E2D29A-A842-4662-A5B8-0BE0CD5E2E30}.Release|Any CPU.Build.0 = Release|Any CPU
		{63F86159-B684-4683-B6C2-870A734743E6}.Debug|Any CPU.ActiveCfg = Debug|Any CPU
		{63F86159-B684-4683-B6C2-870A734743E6}.Debug|Any CPU.Build.0 = Debug|Any CPU
		{63F86159-B684-4683-B6C2-870A734743E6}.Release|Any CPU.ActiveCfg = Release|Any CPU
		{63F86159-B684-4683-B6C2-870A734743E6}.Release|Any CPU.Build.0 = Release|Any CPU
		{1F5E2F67-2372-4CF4-802E-C5DA724C12BE}.Debug|Any CPU.ActiveCfg = Debug|Any CPU
		{1F5E2F67-2372-4CF4-802E-C5DA724C12BE}.Debug|Any CPU.Build.0 = Debug|Any CPU
		{1F5E2F67-2372-4CF4-802E-C5DA724C12BE}.Release|Any CPU.ActiveCfg = Release|Any CPU
		{1F5E2F67-2372-4CF4-802E-C5DA724C12BE}.Release|Any CPU.Build.0 = Release|Any CPU
		{D41D423C-8866-41BB-8D77-50E053C29DD1}.Debug|Any CPU.ActiveCfg = Debug|Any CPU
		{D41D423C-8866-41BB-8D77-50E053C29DD1}.Debug|Any CPU.Build.0 = Debug|Any CPU
		{D41D423C-8866-41BB-8D77-50E053C29DD1}.Release|Any CPU.ActiveCfg = Release|Any CPU
		{D41D423C-8866-41BB-8D77-50E053C29DD1}.Release|Any CPU.Build.0 = Release|Any CPU
		{CF570607-DAED-4391-8401-62EEF57FAFDB}.Debug|Any CPU.ActiveCfg = Debug|Any CPU
		{CF570607-DAED-4391-8401-62EEF57FAFDB}.Debug|Any CPU.Build.0 = Debug|Any CPU
		{CF570607-DAED-4391-8401-62EEF57FAFDB}.Release|Any CPU.ActiveCfg = Release|Any CPU
		{CF570607-DAED-4391-8401-62EEF57FAFDB}.Release|Any CPU.Build.0 = Release|Any CPU
		{6A2E05CE-DE52-4F77-93C1-34FAB9EDF286}.Debug|Any CPU.ActiveCfg = Debug|Any CPU
		{6A2E05CE-DE52-4F77-93C1-34FAB9EDF286}.Debug|Any CPU.Build.0 = Debug|Any CPU
		{6A2E05CE-DE52-4F77-93C1-34FAB9EDF286}.Release|Any CPU.ActiveCfg = Release|Any CPU
		{6A2E05CE-DE52-4F77-93C1-34FAB9EDF286}.Release|Any CPU.Build.0 = Release|Any CPU
		{EC30F10D-48D4-4E3E-BF35-FEA130183AD3}.Debug|Any CPU.ActiveCfg = Debug|Any CPU
		{EC30F10D-48D4-4E3E-BF35-FEA130183AD3}.Debug|Any CPU.Build.0 = Debug|Any CPU
		{EC30F10D-48D4-4E3E-BF35-FEA130183AD3}.Release|Any CPU.ActiveCfg = Release|Any CPU
		{EC30F10D-48D4-4E3E-BF35-FEA130183AD3}.Release|Any CPU.Build.0 = Release|Any CPU
		{3CA39851-D44C-482A-AA6A-5630D9E45BCA}.Debug|Any CPU.ActiveCfg = Debug|Any CPU
		{3CA39851-D44C-482A-AA6A-5630D9E45BCA}.Debug|Any CPU.Build.0 = Debug|Any CPU
		{3CA39851-D44C-482A-AA6A-5630D9E45BCA}.Release|Any CPU.ActiveCfg = Release|Any CPU
		{3CA39851-D44C-482A-AA6A-5630D9E45BCA}.Release|Any CPU.Build.0 = Release|Any CPU
		{42B3E4A9-9032-4E9D-844A-90A6C6A1A717}.Debug|Any CPU.ActiveCfg = Debug|Any CPU
		{42B3E4A9-9032-4E9D-844A-90A6C6A1A717}.Debug|Any CPU.Build.0 = Debug|Any CPU
		{42B3E4A9-9032-4E9D-844A-90A6C6A1A717}.Release|Any CPU.ActiveCfg = Release|Any CPU
		{42B3E4A9-9032-4E9D-844A-90A6C6A1A717}.Release|Any CPU.Build.0 = Release|Any CPU
		{3597E2EA-23A0-4D07-ADC9-922075BE37D1}.Debug|Any CPU.ActiveCfg = Debug|Any CPU
		{3597E2EA-23A0-4D07-ADC9-922075BE37D1}.Debug|Any CPU.Build.0 = Debug|Any CPU
		{3597E2EA-23A0-4D07-ADC9-922075BE37D1}.Release|Any CPU.ActiveCfg = Release|Any CPU
		{3597E2EA-23A0-4D07-ADC9-922075BE37D1}.Release|Any CPU.Build.0 = Release|Any CPU
		{C67380DB-C1C3-480A-80B5-A1118BAF69CE}.Debug|Any CPU.ActiveCfg = Debug|Any CPU
		{C67380DB-C1C3-480A-80B5-A1118BAF69CE}.Debug|Any CPU.Build.0 = Debug|Any CPU
		{C67380DB-C1C3-480A-80B5-A1118BAF69CE}.Release|Any CPU.ActiveCfg = Release|Any CPU
		{C67380DB-C1C3-480A-80B5-A1118BAF69CE}.Release|Any CPU.Build.0 = Release|Any CPU
		{E4F7C555-0334-430A-AC2B-7F3BF21F8C23}.Debug|Any CPU.ActiveCfg = Debug|Any CPU
		{E4F7C555-0334-430A-AC2B-7F3BF21F8C23}.Debug|Any CPU.Build.0 = Debug|Any CPU
		{E4F7C555-0334-430A-AC2B-7F3BF21F8C23}.Release|Any CPU.ActiveCfg = Release|Any CPU
		{E4F7C555-0334-430A-AC2B-7F3BF21F8C23}.Release|Any CPU.Build.0 = Release|Any CPU
		{46F0B486-C4C7-433E-A578-34135C6264FC}.Debug|Any CPU.ActiveCfg = Debug|Any CPU
		{46F0B486-C4C7-433E-A578-34135C6264FC}.Debug|Any CPU.Build.0 = Debug|Any CPU
		{46F0B486-C4C7-433E-A578-34135C6264FC}.Release|Any CPU.ActiveCfg = Release|Any CPU
		{46F0B486-C4C7-433E-A578-34135C6264FC}.Release|Any CPU.Build.0 = Release|Any CPU
		{69E4A070-A95E-4B6F-9F6B-2674BB6E6AB0}.Debug|Any CPU.ActiveCfg = Debug|Any CPU
		{69E4A070-A95E-4B6F-9F6B-2674BB6E6AB0}.Debug|Any CPU.Build.0 = Debug|Any CPU
		{69E4A070-A95E-4B6F-9F6B-2674BB6E6AB0}.Release|Any CPU.ActiveCfg = Release|Any CPU
		{69E4A070-A95E-4B6F-9F6B-2674BB6E6AB0}.Release|Any CPU.Build.0 = Release|Any CPU
		{9FBC0E74-DD29-4E79-8880-770CC1FF65A5}.Debug|Any CPU.ActiveCfg = Debug|Any CPU
		{9FBC0E74-DD29-4E79-8880-770CC1FF65A5}.Debug|Any CPU.Build.0 = Debug|Any CPU
		{9FBC0E74-DD29-4E79-8880-770CC1FF65A5}.Release|Any CPU.ActiveCfg = Release|Any CPU
		{9FBC0E74-DD29-4E79-8880-770CC1FF65A5}.Release|Any CPU.Build.0 = Release|Any CPU
		{F8E5FECE-4139-4610-9797-B298E4735BAA}.Debug|Any CPU.ActiveCfg = Debug|Any CPU
		{F8E5FECE-4139-4610-9797-B298E4735BAA}.Debug|Any CPU.Build.0 = Debug|Any CPU
		{F8E5FECE-4139-4610-9797-B298E4735BAA}.Release|Any CPU.ActiveCfg = Release|Any CPU
		{F8E5FECE-4139-4610-9797-B298E4735BAA}.Release|Any CPU.Build.0 = Release|Any CPU
		{31D779AB-4E97-4F41-BDCE-9CC288FA85E9}.Debug|Any CPU.ActiveCfg = Debug|Any CPU
		{31D779AB-4E97-4F41-BDCE-9CC288FA85E9}.Debug|Any CPU.Build.0 = Debug|Any CPU
		{31D779AB-4E97-4F41-BDCE-9CC288FA85E9}.Release|Any CPU.ActiveCfg = Release|Any CPU
		{31D779AB-4E97-4F41-BDCE-9CC288FA85E9}.Release|Any CPU.Build.0 = Release|Any CPU
	EndGlobalSection
	GlobalSection(SolutionProperties) = preSolution
		HideSolutionNode = FALSE
	EndGlobalSection
	GlobalSection(NestedProjects) = preSolution
		{3DF09569-8B82-4873-A45B-6B86F32F960D} = {A24BBEA7-EA3F-45FC-B62B-B139F8003F25}
		{E6A0D319-805E-4E4E-B31F-E642053A641F} = {A24BBEA7-EA3F-45FC-B62B-B139F8003F25}
		{D4113A83-0DBC-4DEF-8187-85E2488FC80C} = {A24BBEA7-EA3F-45FC-B62B-B139F8003F25}
		{32E2D29A-A842-4662-A5B8-0BE0CD5E2E30} = {74711237-A6CF-4EC3-A212-740808A0E0C3}
		{63F86159-B684-4683-B6C2-870A734743E6} = {74711237-A6CF-4EC3-A212-740808A0E0C3}
		{1F5E2F67-2372-4CF4-802E-C5DA724C12BE} = {74711237-A6CF-4EC3-A212-740808A0E0C3}
		{D41D423C-8866-41BB-8D77-50E053C29DD1} = {74711237-A6CF-4EC3-A212-740808A0E0C3}
		{CF570607-DAED-4391-8401-62EEF57FAFDB} = {74711237-A6CF-4EC3-A212-740808A0E0C3}
		{6A2E05CE-DE52-4F77-93C1-34FAB9EDF286} = {74711237-A6CF-4EC3-A212-740808A0E0C3}
		{EC30F10D-48D4-4E3E-BF35-FEA130183AD3} = {74711237-A6CF-4EC3-A212-740808A0E0C3}
		{3CA39851-D44C-482A-AA6A-5630D9E45BCA} = {74711237-A6CF-4EC3-A212-740808A0E0C3}
		{42B3E4A9-9032-4E9D-844A-90A6C6A1A717} = {74711237-A6CF-4EC3-A212-740808A0E0C3}
		{3597E2EA-23A0-4D07-ADC9-922075BE37D1} = {74711237-A6CF-4EC3-A212-740808A0E0C3}
		{C67380DB-C1C3-480A-80B5-A1118BAF69CE} = {A21672C4-5AD5-4E02-8BD0-16BF3CBB19CE}
		{E4F7C555-0334-430A-AC2B-7F3BF21F8C23} = {A21672C4-5AD5-4E02-8BD0-16BF3CBB19CE}
		{46F0B486-C4C7-433E-A578-34135C6264FC} = {A21672C4-5AD5-4E02-8BD0-16BF3CBB19CE}
		{69E4A070-A95E-4B6F-9F6B-2674BB6E6AB0} = {47091E90-2E60-471A-BD61-98311CDFF669}
		{9FBC0E74-DD29-4E79-8880-770CC1FF65A5} = {47091E90-2E60-471A-BD61-98311CDFF669}
		{F8E5FECE-4139-4610-9797-B298E4735BAA} = {47091E90-2E60-471A-BD61-98311CDFF669}
		{31D779AB-4E97-4F41-BDCE-9CC288FA85E9} = {E5101799-00DE-4327-AEFB-D255E9734F21}
	EndGlobalSection
	GlobalSection(ExtensibilityGlobals) = postSolution
		SolutionGuid = {5B3C93F7-A5E1-4E06-B5E3-D643F6138BDD}
	EndGlobalSection
EndGlobal
