
Microsoft Visual Studio Solution File, Format Version 12.00
# Visual Studio Version 16
VisualStudioVersion = 16.0.29123.88
MinimumVisualStudioVersion = 10.0.40219.1
Project("{9A19103F-16F7-4668-BE54-9A1E7A4F7556}") = "Moj projekt", "Moj projekt\Moj projekt.csproj", "{57FFE6FA-4095-4476-860F-987DFC8A1CA9}"
EndProject
Project("{2150E333-8FDC-42A3-9474-1A3956D46DE8}") = "2_osnove", "2_osnove", "{A24BBEA7-EA3F-45FC-B62B-B139F8003F25}"
EndProject
Project("{9A19103F-16F7-4668-BE54-9A1E7A4F7556}") = "2_2_5_primjeroperator", "2_2_5_primjeroperator\2_2_5_primjeroperator.csproj", "{3DF09569-8B82-4873-A45B-6B86F32F960D}"
EndProject
Project("{9A19103F-16F7-4668-BE54-9A1E7A4F7556}") = "2_2_10_2_operatori", "2_2_10_2_operatori\2_2_10_2_operatori.csproj", "{E6A0D319-805E-4E4E-B31F-E642053A641F}"
EndProject
Project("{9A19103F-16F7-4668-BE54-9A1E7A4F7556}") = "5_1_3_ucitavanje_s_tipkovinice", "5_1_3_ucitavanje_s_tipkovinice\5_1_3_ucitavanje_s_tipkovinice.csproj", "{D4113A83-0DBC-4DEF-8187-85E2488FC80C}"
EndProject
Project("{2150E333-8FDC-42A3-9474-1A3956D46DE8}") = "5_uvjetno_grananje", "5_uvjetno_grananje", "{74711237-A6CF-4EC3-A212-740808A0E0C3}"
EndProject
Project("{9A19103F-16F7-4668-BE54-9A1E7A4F7556}") = "5_2_1_if", "5_2_1_if\5_2_1_if.csproj", "{32E2D29A-A842-4662-A5B8-0BE0CD5E2E30}"
EndProject
Project("{9A19103F-16F7-4668-BE54-9A1E7A4F7556}") = "5_2_2_ugnjezdeni", "5_2_2_ugnjezdeni\5_2_2_ugnjezdeni.csproj", "{63F86159-B684-4683-B6C2-870A734743E6}"
EndProject
Project("{9A19103F-16F7-4668-BE54-9A1E7A4F7556}") = "5_2_2_kalkulator", "5_2_2_kalkulator\5_2_2_kalkulator.csproj", "{1F5E2F67-2372-4CF4-802E-C5DA724C12BE}"
EndProject
Project("{9A19103F-16F7-4668-BE54-9A1E7A4F7556}") = "5_2_3_velikiBroj", "5_2_3_velikiBroj\5_2_3_velikiBroj.csproj", "{D41D423C-8866-41BB-8D77-50E053C29DD1}"
EndProject
Project("{9A19103F-16F7-4668-BE54-9A1E7A4F7556}") = "zadatak_5_2_5", "zadatak_5_2_5\zadatak_5_2_5.csproj", "{CF570607-DAED-4391-8401-62EEF57FAFDB}"
EndProject
Project("{9A19103F-16F7-4668-BE54-9A1E7A4F7556}") = "5_2_2_danUTjednu", "5_2_2_danUTjednu\5_2_2_danUTjednu.csproj", "{6A2E05CE-DE52-4F77-93C1-34FAB9EDF286}"
EndProject
Project("{9A19103F-16F7-4668-BE54-9A1E7A4F7556}") = "5_2_3_strukturirano_upr_exceptionima", "5_2_3_strukturirano_upr_exceptionima\5_2_3_strukturirano_upr_exceptionima.csproj", "{EC30F10D-48D4-4E3E-BF35-FEA130183AD3}"
EndProject
Project("{9A19103F-16F7-4668-BE54-9A1E7A4F7556}") = "5_2_4_1_user_pass", "5_2_4_1_user_pass\5_2_4_1_user_pass.csproj", "{3CA39851-D44C-482A-AA6A-5630D9E45BCA}"
EndProject
Project("{9A19103F-16F7-4668-BE54-9A1E7A4F7556}") = "5_4_4_2_boolean_ili", "5_4_4_2_boolean_ili\5_4_4_2_boolean_ili.csproj", "{42B3E4A9-9032-4E9D-844A-90A6C6A1A717}"
EndProject
Project("{9A19103F-16F7-4668-BE54-9A1E7A4F7556}") = "5_2_4_3_not", "5_2_4_3_not\5_2_4_3_not.csproj", "{3597E2EA-23A0-4D07-ADC9-922075BE37D1}"
EndProject
Project("{2150E333-8FDC-42A3-9474-1A3956D46DE8}") = "ciklicke", "ciklicke", "{A21672C4-5AD5-4E02-8BD0-16BF3CBB19CE}"
EndProject
Project("{9A19103F-16F7-4668-BE54-9A1E7A4F7556}") = "5_3_1_for", "5_3_1_for\5_3_1_for.csproj", "{C67380DB-C1C3-480A-80B5-A1118BAF69CE}"
EndProject
Project("{9A19103F-16F7-4668-BE54-9A1E7A4F7556}") = "5_3_1_do_5_3_6_zadaci", "5_3_zadaci\5_3_1_do_5_3_6_zadaci.csproj", "{E4F7C555-0334-430A-AC2B-7F3BF21F8C23}"
EndProject
Project("{9A19103F-16F7-4668-BE54-9A1E7A4F7556}") = "5_3_7_do_10", "5_3_7_do_10\5_3_7_do_10.csproj", "{46F0B486-C4C7-433E-A578-34135C6264FC}"
EndProject
Project("{2150E333-8FDC-42A3-9474-1A3956D46DE8}") = "6_nizovi_liste", "6_nizovi_liste", "{47091E90-2E60-471A-BD61-98311CDFF669}"
EndProject
Project("{9A19103F-16F7-4668-BE54-9A1E7A4F7556}") = "6_1_niz", "6_1_niz\6_1_niz.csproj", "{69E4A070-A95E-4B6F-9F6B-2674BB6E6AB0}"
EndProject
Project("{9A19103F-16F7-4668-BE54-9A1E7A4F7556}") = "6_1_1_unos_ispis", "6_1_1_unos_ispis\6_1_1_unos_ispis.csproj", "{9FBC0E74-DD29-4E79-8880-770CC1FF65A5}"
EndProject
Project("{9A19103F-16F7-4668-BE54-9A1E7A4F7556}") = "6_1_2_max", "6_1_2_max\6_1_2_max.csproj", "{F8E5FECE-4139-4610-9797-B298E4735BAA}"
EndProject
Project("{2150E333-8FDC-42A3-9474-1A3956D46DE8}") = "8_objekti", "8_objekti", "{E5101799-00DE-4327-AEFB-D255E9734F21}"
EndProject
Project("{9A19103F-16F7-4668-BE54-9A1E7A4F7556}") = "8_1_2_ucenik", "8_1_2_ucenik\8_1_2_ucenik.csproj", "{31D779AB-4E97-4F41-BDCE-9CC288FA85E9}"
EndProject
Project("{2150E333-8FDC-42A3-9474-1A3956D46DE8}") = "zadaca_objekti", "zadaca_objekti", "{1C8ABFB4-18A4-4115-A214-3F18DEB5A73A}"
EndProject
Project("{9A19103F-16F7-4668-BE54-9A1E7A4F7556}") = "8_1_1", "8_1_1\8_1_1.csproj", "{1B86CA62-4F4F-4118-9078-1AA0D62DCE32}"
EndProject
Project("{9A19103F-16F7-4668-BE54-9A1E7A4F7556}") = "8_1_2", "8_1_2\8_1_2.csproj", "{929C0970-E287-4364-A5D3-1B1BBA0493FA}"
EndProject
Project("{9A19103F-16F7-4668-BE54-9A1E7A4F7556}") = "8_3_1_vozila", "8_3_1_vozila\8_3_1_vozila.csproj", "{4620292B-3CE2-475B-9A83-0ECC73426BB9}"
EndProject
Project("{9A19103F-16F7-4668-BE54-9A1E7A4F7556}") = "8_Vocarna", "..\..\pmrvic\8_Vocarna\8_Vocarna.csproj", "{E7F618F8-8CA9-42D1-9325-A8061E85B402}"
EndProject
Project("{9A19103F-16F7-4668-BE54-9A1E7A4F7556}") = "8_2_2_1prijenos_ref", "8_2_2_1prijenos_ref\8_2_2_1prijenos_ref.csproj", "{C23EB95B-CE5E-4BCC-8677-0F7FCE320431}"
EndProject
Project("{2150E333-8FDC-42A3-9474-1A3956D46DE8}") = "datoteke", "datoteke", "{FB4FD46B-22D1-40AB-BC0E-9453F6AC74AF}"
EndProject
Project("{9A19103F-16F7-4668-BE54-9A1E7A4F7556}") = "Primjer_10_1_1_Datoteke", "Primjer_10_1_1_Datoteke\Primjer_10_1_1_Datoteke.csproj", "{1F279DDA-7F3A-489A-8BB1-1FD5EE0734F7}"
EndProject
Project("{9A19103F-16F7-4668-BE54-9A1E7A4F7556}") = "Primjer_10_1_2", "Primjer_10_1_2\Primjer_10_1_2.csproj", "{29CCBCD1-7FE0-4A0A-AAC5-C3F6047C81F6}"
EndProject
Project("{9A19103F-16F7-4668-BE54-9A1E7A4F7556}") = "10_1_1_Parni", "10_1_1_Parni\10_1_1_Parni.csproj", "{27413C93-BDA8-4180-AEC1-8F4AC3F37954}"
EndProject
Project("{2150E333-8FDC-42A3-9474-1A3956D46DE8}") = "Z1", "Z1", "{93A88B6F-B662-4680-9C5C-95E91154533A}"
EndProject
Project("{9A19103F-16F7-4668-BE54-9A1E7A4F7556}") = "zadatak_1", "zadatak_1\zadatak_1.csproj", "{7C3A604F-AC3B-40D6-B341-93DB84A3595D}"
EndProject
Project("{9A19103F-16F7-4668-BE54-9A1E7A4F7556}") = "zadatak_2", "zadatak_2\zadatak_2.csproj", "{4BC5E782-687E-4275-86C8-99C5B1498A61}"
EndProject
Project("{9A19103F-16F7-4668-BE54-9A1E7A4F7556}") = "8_Vocarna", "8_Vocarna\8_Vocarna.csproj", "{8FDB0D74-3ED4-4139-9ED9-0067018669FB}"
EndProject
Project("{2150E333-8FDC-42A3-9474-1A3956D46DE8}") = "Vježba", "Vježba", "{C50DD767-749E-4E36-BC6B-8520461760B2}"
EndProject
Project("{2150E333-8FDC-42A3-9474-1A3956D46DE8}") = "Cikličke petlje", "Cikličke petlje", "{5C0B50F1-160B-4C3A-A705-7938C1428FC8}"
EndProject
Project("{9A19103F-16F7-4668-BE54-9A1E7A4F7556}") = "Neparni_do_20", "Neparni_do_20\Neparni_do_20.csproj", "{DA252C1F-A5DB-4986-AB14-D54029AE289C}"
EndProject
Project("{9A19103F-16F7-4668-BE54-9A1E7A4F7556}") = "Djeljivi_sa_5", "Djeljivi_sa_5\Djeljivi_sa_5.csproj", "{47C96B8C-19FB-4C6E-8A80-E33BDEB367AA}"
EndProject
Project("{9A19103F-16F7-4668-BE54-9A1E7A4F7556}") = "Suma_100_brojeva", "Suma_100_brojeva\Suma_100_brojeva.csproj", "{DAF5ECAE-3D4B-47D1-BFBE-D4375929424A}"
EndProject
Project("{9A19103F-16F7-4668-BE54-9A1E7A4F7556}") = "Faktorijel", "Faktorijel\Faktorijel.csproj", "{505F2A2F-7079-41ED-A849-B29EE486527D}"
EndProject
Project("{9A19103F-16F7-4668-BE54-9A1E7A4F7556}") = "Dijeljivi_sa_3", "Dijeljivi_sa_3\Dijeljivi_sa_3.csproj", "{6EB647BE-5833-4207-912D-C9F37260FE2E}"
EndProject
Project("{9A19103F-16F7-4668-BE54-9A1E7A4F7556}") = "Prijestupne_godine", "Prijestupne_godine\Prijestupne_godine.csproj", "{F4451BDB-818F-4615-A388-0F06B2932E89}"
EndProject
Project("{9A19103F-16F7-4668-BE54-9A1E7A4F7556}") = "7-3_ispis", "7-3_ispis\7-3_ispis.csproj", "{82A8E100-42AA-4DA8-B39D-AB8ACA1BFD36}"
EndProject
Project("{9A19103F-16F7-4668-BE54-9A1E7A4F7556}") = "dijeljitelji", "dijeljitelji\dijeljitelji.csproj", "{624FD697-8616-479F-9776-0205F4C5436D}"
EndProject
Project("{2150E333-8FDC-42A3-9474-1A3956D46DE8}") = "Nizovi", "Nizovi", "{63D3A63E-08D2-4CDA-884E-52E559E0967C}"
EndProject
Project("{9A19103F-16F7-4668-BE54-9A1E7A4F7556}") = "Unos_ispis", "Unos_ispis\Unos_ispis.csproj", "{B5EDDF24-FCC9-4239-B717-1AB7104FF725}"
EndProject
Project("{9A19103F-16F7-4668-BE54-9A1E7A4F7556}") = "Niz_Max", "Niz_Max\Niz_Max.csproj", "{5616A792-107F-46F2-8FA0-FC154271C9B6}"
EndProject
Project("{9A19103F-16F7-4668-BE54-9A1E7A4F7556}") = "zamjena_mjesta", "zamjena_mjesta\zamjena_mjesta.csproj", "{C90A7614-193F-4D10-BE2B-7D7C10014B45}"
EndProject
Project("{2150E333-8FDC-42A3-9474-1A3956D46DE8}") = "Liste", "Liste", "{130A8E94-745F-459B-A4F9-816A03AB6C5B}"
EndProject
Project("{9A19103F-16F7-4668-BE54-9A1E7A4F7556}") = "Naopako_Liste", "Naopako_Liste\Naopako_Liste.csproj", "{71379211-A42C-4461-88DA-6D4E1DD59DAF}"
EndProject
Project("{9A19103F-16F7-4668-BE54-9A1E7A4F7556}") = "lista_parni_i_neparni", "lista_parni_i_neparni\lista_parni_i_neparni.csproj", "{6632E077-91E8-43BA-A778-E07126A34063}"
EndProject
Project("{9A19103F-16F7-4668-BE54-9A1E7A4F7556}") = "liste_sort", "liste_sort\liste_sort.csproj", "{06D17848-E18B-4130-996A-76BC917EA0A9}"
EndProject
Project("{2150E333-8FDC-42A3-9474-1A3956D46DE8}") = "Metode", "Metode", "{514931CC-EB9A-4EC1-9EC6-E1E55B12706F}"
EndProject
Project("{9A19103F-16F7-4668-BE54-9A1E7A4F7556}") = "Krug", "Krug\Krug.csproj", "{283E3DE1-94F6-4335-ACE3-C16EA976E59B}"
EndProject
Project("{9A19103F-16F7-4668-BE54-9A1E7A4F7556}") = "Trokut", "Trokut\Trokut.csproj", "{00CE5247-0B0E-40BC-8783-4EDB3E6DA9A2}"
EndProject
Project("{2150E333-8FDC-42A3-9474-1A3956D46DE8}") = "Manipulacija Stringovima", "Manipulacija Stringovima", "{76CA588F-86C6-491B-95C9-F64ACEA13375}"
EndProject
Project("{9A19103F-16F7-4668-BE54-9A1E7A4F7556}") = "Znak_u_rijeci", "Znak_u_rijeci\Znak_u_rijeci.csproj", "{5141127B-1D69-4C5F-99A3-238C38AEA0C9}"
EndProject
Project("{9A19103F-16F7-4668-BE54-9A1E7A4F7556}") = "rijecURecenici", "rijecURecenici\rijecURecenici.csproj", "{330954A7-2BC7-4CF9-A445-F8357780820A}"
EndProject
Project("{2150E333-8FDC-42A3-9474-1A3956D46DE8}") = "Zadaci", "Zadaci", "{EADF5CC6-88D2-41E6-A3BC-345CEF484502}"
EndProject
Project("{FAE04EC0-301F-11D3-BF4B-00C04F79EFBC}") = "zadatak1", "zadatak1\zadatak1.csproj", "{81E14CF2-BEC0-41FD-8E57-23DDF469E431}"
EndProject
Project("{FAE04EC0-301F-11D3-BF4B-00C04F79EFBC}") = "zadatak2", "zadatak2\zadatak2.csproj", "{7DE58B53-A32C-4525-9507-060D362C87BC}"
EndProject
Project("{FAE04EC0-301F-11D3-BF4B-00C04F79EFBC}") = "Zadatak3", "Zadatak3\Zadatak3.csproj", "{CF31FA2F-392E-4B2D-83C3-85E0351E71E9}"
EndProject
Global
	GlobalSection(SolutionConfigurationPlatforms) = preSolution
		Debug|Any CPU = Debug|Any CPU
		Release|Any CPU = Release|Any CPU
	EndGlobalSection
	GlobalSection(ProjectConfigurationPlatforms) = postSolution
		{57FFE6FA-4095-4476-860F-987DFC8A1CA9}.Debug|Any CPU.ActiveCfg = Debug|Any CPU
		{57FFE6FA-4095-4476-860F-987DFC8A1CA9}.Debug|Any CPU.Build.0 = Debug|Any CPU
		{57FFE6FA-4095-4476-860F-987DFC8A1CA9}.Release|Any CPU.ActiveCfg = Release|Any CPU
		{57FFE6FA-4095-4476-860F-987DFC8A1CA9}.Release|Any CPU.Build.0 = Release|Any CPU
		{3DF09569-8B82-4873-A45B-6B86F32F960D}.Debug|Any CPU.ActiveCfg = Debug|Any CPU
		{3DF09569-8B82-4873-A45B-6B86F32F960D}.Debug|Any CPU.Build.0 = Debug|Any CPU
		{3DF09569-8B82-4873-A45B-6B86F32F960D}.Release|Any CPU.ActiveCfg = Release|Any CPU
		{3DF09569-8B82-4873-A45B-6B86F32F960D}.Release|Any CPU.Build.0 = Release|Any CPU
		{E6A0D319-805E-4E4E-B31F-E642053A641F}.Debug|Any CPU.ActiveCfg = Debug|Any CPU
		{E6A0D319-805E-4E4E-B31F-E642053A641F}.Debug|Any CPU.Build.0 = Debug|Any CPU
		{E6A0D319-805E-4E4E-B31F-E642053A641F}.Release|Any CPU.ActiveCfg = Release|Any CPU
		{E6A0D319-805E-4E4E-B31F-E642053A641F}.Release|Any CPU.Build.0 = Release|Any CPU
		{D4113A83-0DBC-4DEF-8187-85E2488FC80C}.Debug|Any CPU.ActiveCfg = Debug|Any CPU
		{D4113A83-0DBC-4DEF-8187-85E2488FC80C}.Debug|Any CPU.Build.0 = Debug|Any CPU
		{D4113A83-0DBC-4DEF-8187-85E2488FC80C}.Release|Any CPU.ActiveCfg = Release|Any CPU
		{D4113A83-0DBC-4DEF-8187-85E2488FC80C}.Release|Any CPU.Build.0 = Release|Any CPU
		{32E2D29A-A842-4662-A5B8-0BE0CD5E2E30}.Debug|Any CPU.ActiveCfg = Debug|Any CPU
		{32E2D29A-A842-4662-A5B8-0BE0CD5E2E30}.Debug|Any CPU.Build.0 = Debug|Any CPU
		{32E2D29A-A842-4662-A5B8-0BE0CD5E2E30}.Release|Any CPU.ActiveCfg = Release|Any CPU
		{32E2D29A-A842-4662-A5B8-0BE0CD5E2E30}.Release|Any CPU.Build.0 = Release|Any CPU
		{63F86159-B684-4683-B6C2-870A734743E6}.Debug|Any CPU.ActiveCfg = Debug|Any CPU
		{63F86159-B684-4683-B6C2-870A734743E6}.Debug|Any CPU.Build.0 = Debug|Any CPU
		{63F86159-B684-4683-B6C2-870A734743E6}.Release|Any CPU.ActiveCfg = Release|Any CPU
		{63F86159-B684-4683-B6C2-870A734743E6}.Release|Any CPU.Build.0 = Release|Any CPU
		{1F5E2F67-2372-4CF4-802E-C5DA724C12BE}.Debug|Any CPU.ActiveCfg = Debug|Any CPU
		{1F5E2F67-2372-4CF4-802E-C5DA724C12BE}.Debug|Any CPU.Build.0 = Debug|Any CPU
		{1F5E2F67-2372-4CF4-802E-C5DA724C12BE}.Release|Any CPU.ActiveCfg = Release|Any CPU
		{1F5E2F67-2372-4CF4-802E-C5DA724C12BE}.Release|Any CPU.Build.0 = Release|Any CPU
		{D41D423C-8866-41BB-8D77-50E053C29DD1}.Debug|Any CPU.ActiveCfg = Debug|Any CPU
		{D41D423C-8866-41BB-8D77-50E053C29DD1}.Debug|Any CPU.Build.0 = Debug|Any CPU
		{D41D423C-8866-41BB-8D77-50E053C29DD1}.Release|Any CPU.ActiveCfg = Release|Any CPU
		{D41D423C-8866-41BB-8D77-50E053C29DD1}.Release|Any CPU.Build.0 = Release|Any CPU
		{CF570607-DAED-4391-8401-62EEF57FAFDB}.Debug|Any CPU.ActiveCfg = Debug|Any CPU
		{CF570607-DAED-4391-8401-62EEF57FAFDB}.Debug|Any CPU.Build.0 = Debug|Any CPU
		{CF570607-DAED-4391-8401-62EEF57FAFDB}.Release|Any CPU.ActiveCfg = Release|Any CPU
		{CF570607-DAED-4391-8401-62EEF57FAFDB}.Release|Any CPU.Build.0 = Release|Any CPU
		{6A2E05CE-DE52-4F77-93C1-34FAB9EDF286}.Debug|Any CPU.ActiveCfg = Debug|Any CPU
		{6A2E05CE-DE52-4F77-93C1-34FAB9EDF286}.Debug|Any CPU.Build.0 = Debug|Any CPU
		{6A2E05CE-DE52-4F77-93C1-34FAB9EDF286}.Release|Any CPU.ActiveCfg = Release|Any CPU
		{6A2E05CE-DE52-4F77-93C1-34FAB9EDF286}.Release|Any CPU.Build.0 = Release|Any CPU
		{EC30F10D-48D4-4E3E-BF35-FEA130183AD3}.Debug|Any CPU.ActiveCfg = Debug|Any CPU
		{EC30F10D-48D4-4E3E-BF35-FEA130183AD3}.Debug|Any CPU.Build.0 = Debug|Any CPU
		{EC30F10D-48D4-4E3E-BF35-FEA130183AD3}.Release|Any CPU.ActiveCfg = Release|Any CPU
		{EC30F10D-48D4-4E3E-BF35-FEA130183AD3}.Release|Any CPU.Build.0 = Release|Any CPU
		{3CA39851-D44C-482A-AA6A-5630D9E45BCA}.Debug|Any CPU.ActiveCfg = Debug|Any CPU
		{3CA39851-D44C-482A-AA6A-5630D9E45BCA}.Debug|Any CPU.Build.0 = Debug|Any CPU
		{3CA39851-D44C-482A-AA6A-5630D9E45BCA}.Release|Any CPU.ActiveCfg = Release|Any CPU
		{3CA39851-D44C-482A-AA6A-5630D9E45BCA}.Release|Any CPU.Build.0 = Release|Any CPU
		{42B3E4A9-9032-4E9D-844A-90A6C6A1A717}.Debug|Any CPU.ActiveCfg = Debug|Any CPU
		{42B3E4A9-9032-4E9D-844A-90A6C6A1A717}.Debug|Any CPU.Build.0 = Debug|Any CPU
		{42B3E4A9-9032-4E9D-844A-90A6C6A1A717}.Release|Any CPU.ActiveCfg = Release|Any CPU
		{42B3E4A9-9032-4E9D-844A-90A6C6A1A717}.Release|Any CPU.Build.0 = Release|Any CPU
		{3597E2EA-23A0-4D07-ADC9-922075BE37D1}.Debug|Any CPU.ActiveCfg = Debug|Any CPU
		{3597E2EA-23A0-4D07-ADC9-922075BE37D1}.Debug|Any CPU.Build.0 = Debug|Any CPU
		{3597E2EA-23A0-4D07-ADC9-922075BE37D1}.Release|Any CPU.ActiveCfg = Release|Any CPU
		{3597E2EA-23A0-4D07-ADC9-922075BE37D1}.Release|Any CPU.Build.0 = Release|Any CPU
		{C67380DB-C1C3-480A-80B5-A1118BAF69CE}.Debug|Any CPU.ActiveCfg = Debug|Any CPU
		{C67380DB-C1C3-480A-80B5-A1118BAF69CE}.Debug|Any CPU.Build.0 = Debug|Any CPU
		{C67380DB-C1C3-480A-80B5-A1118BAF69CE}.Release|Any CPU.ActiveCfg = Release|Any CPU
		{C67380DB-C1C3-480A-80B5-A1118BAF69CE}.Release|Any CPU.Build.0 = Release|Any CPU
		{E4F7C555-0334-430A-AC2B-7F3BF21F8C23}.Debug|Any CPU.ActiveCfg = Debug|Any CPU
		{E4F7C555-0334-430A-AC2B-7F3BF21F8C23}.Debug|Any CPU.Build.0 = Debug|Any CPU
		{E4F7C555-0334-430A-AC2B-7F3BF21F8C23}.Release|Any CPU.ActiveCfg = Release|Any CPU
		{E4F7C555-0334-430A-AC2B-7F3BF21F8C23}.Release|Any CPU.Build.0 = Release|Any CPU
		{46F0B486-C4C7-433E-A578-34135C6264FC}.Debug|Any CPU.ActiveCfg = Debug|Any CPU
		{46F0B486-C4C7-433E-A578-34135C6264FC}.Debug|Any CPU.Build.0 = Debug|Any CPU
		{46F0B486-C4C7-433E-A578-34135C6264FC}.Release|Any CPU.ActiveCfg = Release|Any CPU
		{46F0B486-C4C7-433E-A578-34135C6264FC}.Release|Any CPU.Build.0 = Release|Any CPU
		{69E4A070-A95E-4B6F-9F6B-2674BB6E6AB0}.Debug|Any CPU.ActiveCfg = Debug|Any CPU
		{69E4A070-A95E-4B6F-9F6B-2674BB6E6AB0}.Debug|Any CPU.Build.0 = Debug|Any CPU
		{69E4A070-A95E-4B6F-9F6B-2674BB6E6AB0}.Release|Any CPU.ActiveCfg = Release|Any CPU
		{69E4A070-A95E-4B6F-9F6B-2674BB6E6AB0}.Release|Any CPU.Build.0 = Release|Any CPU
		{9FBC0E74-DD29-4E79-8880-770CC1FF65A5}.Debug|Any CPU.ActiveCfg = Debug|Any CPU
		{9FBC0E74-DD29-4E79-8880-770CC1FF65A5}.Debug|Any CPU.Build.0 = Debug|Any CPU
		{9FBC0E74-DD29-4E79-8880-770CC1FF65A5}.Release|Any CPU.ActiveCfg = Release|Any CPU
		{9FBC0E74-DD29-4E79-8880-770CC1FF65A5}.Release|Any CPU.Build.0 = Release|Any CPU
		{F8E5FECE-4139-4610-9797-B298E4735BAA}.Debug|Any CPU.ActiveCfg = Debug|Any CPU
		{F8E5FECE-4139-4610-9797-B298E4735BAA}.Debug|Any CPU.Build.0 = Debug|Any CPU
		{F8E5FECE-4139-4610-9797-B298E4735BAA}.Release|Any CPU.ActiveCfg = Release|Any CPU
		{F8E5FECE-4139-4610-9797-B298E4735BAA}.Release|Any CPU.Build.0 = Release|Any CPU
		{31D779AB-4E97-4F41-BDCE-9CC288FA85E9}.Debug|Any CPU.ActiveCfg = Debug|Any CPU
		{31D779AB-4E97-4F41-BDCE-9CC288FA85E9}.Debug|Any CPU.Build.0 = Debug|Any CPU
		{31D779AB-4E97-4F41-BDCE-9CC288FA85E9}.Release|Any CPU.ActiveCfg = Release|Any CPU
		{31D779AB-4E97-4F41-BDCE-9CC288FA85E9}.Release|Any CPU.Build.0 = Release|Any CPU
		{1B86CA62-4F4F-4118-9078-1AA0D62DCE32}.Debug|Any CPU.ActiveCfg = Debug|Any CPU
		{1B86CA62-4F4F-4118-9078-1AA0D62DCE32}.Debug|Any CPU.Build.0 = Debug|Any CPU
		{1B86CA62-4F4F-4118-9078-1AA0D62DCE32}.Release|Any CPU.ActiveCfg = Release|Any CPU
		{1B86CA62-4F4F-4118-9078-1AA0D62DCE32}.Release|Any CPU.Build.0 = Release|Any CPU
		{929C0970-E287-4364-A5D3-1B1BBA0493FA}.Debug|Any CPU.ActiveCfg = Debug|Any CPU
		{929C0970-E287-4364-A5D3-1B1BBA0493FA}.Debug|Any CPU.Build.0 = Debug|Any CPU
		{929C0970-E287-4364-A5D3-1B1BBA0493FA}.Release|Any CPU.ActiveCfg = Release|Any CPU
		{929C0970-E287-4364-A5D3-1B1BBA0493FA}.Release|Any CPU.Build.0 = Release|Any CPU
		{4620292B-3CE2-475B-9A83-0ECC73426BB9}.Debug|Any CPU.ActiveCfg = Debug|Any CPU
		{4620292B-3CE2-475B-9A83-0ECC73426BB9}.Debug|Any CPU.Build.0 = Debug|Any CPU
		{4620292B-3CE2-475B-9A83-0ECC73426BB9}.Release|Any CPU.ActiveCfg = Release|Any CPU
		{4620292B-3CE2-475B-9A83-0ECC73426BB9}.Release|Any CPU.Build.0 = Release|Any CPU
		{E7F618F8-8CA9-42D1-9325-A8061E85B402}.Debug|Any CPU.ActiveCfg = Debug|Any CPU
		{E7F618F8-8CA9-42D1-9325-A8061E85B402}.Debug|Any CPU.Build.0 = Debug|Any CPU
		{E7F618F8-8CA9-42D1-9325-A8061E85B402}.Release|Any CPU.ActiveCfg = Release|Any CPU
		{E7F618F8-8CA9-42D1-9325-A8061E85B402}.Release|Any CPU.Build.0 = Release|Any CPU
		{C23EB95B-CE5E-4BCC-8677-0F7FCE320431}.Debug|Any CPU.ActiveCfg = Debug|Any CPU
		{C23EB95B-CE5E-4BCC-8677-0F7FCE320431}.Debug|Any CPU.Build.0 = Debug|Any CPU
		{C23EB95B-CE5E-4BCC-8677-0F7FCE320431}.Release|Any CPU.ActiveCfg = Release|Any CPU
		{C23EB95B-CE5E-4BCC-8677-0F7FCE320431}.Release|Any CPU.Build.0 = Release|Any CPU
		{1F279DDA-7F3A-489A-8BB1-1FD5EE0734F7}.Debug|Any CPU.ActiveCfg = Debug|Any CPU
		{1F279DDA-7F3A-489A-8BB1-1FD5EE0734F7}.Debug|Any CPU.Build.0 = Debug|Any CPU
		{1F279DDA-7F3A-489A-8BB1-1FD5EE0734F7}.Release|Any CPU.ActiveCfg = Release|Any CPU
		{1F279DDA-7F3A-489A-8BB1-1FD5EE0734F7}.Release|Any CPU.Build.0 = Release|Any CPU
		{29CCBCD1-7FE0-4A0A-AAC5-C3F6047C81F6}.Debug|Any CPU.ActiveCfg = Debug|Any CPU
		{29CCBCD1-7FE0-4A0A-AAC5-C3F6047C81F6}.Debug|Any CPU.Build.0 = Debug|Any CPU
		{29CCBCD1-7FE0-4A0A-AAC5-C3F6047C81F6}.Release|Any CPU.ActiveCfg = Release|Any CPU
		{29CCBCD1-7FE0-4A0A-AAC5-C3F6047C81F6}.Release|Any CPU.Build.0 = Release|Any CPU
		{27413C93-BDA8-4180-AEC1-8F4AC3F37954}.Debug|Any CPU.ActiveCfg = Debug|Any CPU
		{27413C93-BDA8-4180-AEC1-8F4AC3F37954}.Debug|Any CPU.Build.0 = Debug|Any CPU
		{27413C93-BDA8-4180-AEC1-8F4AC3F37954}.Release|Any CPU.ActiveCfg = Release|Any CPU
		{27413C93-BDA8-4180-AEC1-8F4AC3F37954}.Release|Any CPU.Build.0 = Release|Any CPU
		{7C3A604F-AC3B-40D6-B341-93DB84A3595D}.Debug|Any CPU.ActiveCfg = Debug|Any CPU
		{7C3A604F-AC3B-40D6-B341-93DB84A3595D}.Debug|Any CPU.Build.0 = Debug|Any CPU
		{7C3A604F-AC3B-40D6-B341-93DB84A3595D}.Release|Any CPU.ActiveCfg = Release|Any CPU
		{7C3A604F-AC3B-40D6-B341-93DB84A3595D}.Release|Any CPU.Build.0 = Release|Any CPU
		{4BC5E782-687E-4275-86C8-99C5B1498A61}.Debug|Any CPU.ActiveCfg = Debug|Any CPU
		{4BC5E782-687E-4275-86C8-99C5B1498A61}.Debug|Any CPU.Build.0 = Debug|Any CPU
		{4BC5E782-687E-4275-86C8-99C5B1498A61}.Release|Any CPU.ActiveCfg = Release|Any CPU
		{4BC5E782-687E-4275-86C8-99C5B1498A61}.Release|Any CPU.Build.0 = Release|Any CPU
		{8FDB0D74-3ED4-4139-9ED9-0067018669FB}.Debug|Any CPU.ActiveCfg = Debug|Any CPU
		{8FDB0D74-3ED4-4139-9ED9-0067018669FB}.Debug|Any CPU.Build.0 = Debug|Any CPU
		{8FDB0D74-3ED4-4139-9ED9-0067018669FB}.Release|Any CPU.ActiveCfg = Release|Any CPU
		{8FDB0D74-3ED4-4139-9ED9-0067018669FB}.Release|Any CPU.Build.0 = Release|Any CPU
		{DA252C1F-A5DB-4986-AB14-D54029AE289C}.Debug|Any CPU.ActiveCfg = Debug|Any CPU
		{DA252C1F-A5DB-4986-AB14-D54029AE289C}.Debug|Any CPU.Build.0 = Debug|Any CPU
		{DA252C1F-A5DB-4986-AB14-D54029AE289C}.Release|Any CPU.ActiveCfg = Release|Any CPU
		{DA252C1F-A5DB-4986-AB14-D54029AE289C}.Release|Any CPU.Build.0 = Release|Any CPU
		{47C96B8C-19FB-4C6E-8A80-E33BDEB367AA}.Debug|Any CPU.ActiveCfg = Debug|Any CPU
		{47C96B8C-19FB-4C6E-8A80-E33BDEB367AA}.Debug|Any CPU.Build.0 = Debug|Any CPU
		{47C96B8C-19FB-4C6E-8A80-E33BDEB367AA}.Release|Any CPU.ActiveCfg = Release|Any CPU
		{47C96B8C-19FB-4C6E-8A80-E33BDEB367AA}.Release|Any CPU.Build.0 = Release|Any CPU
		{DAF5ECAE-3D4B-47D1-BFBE-D4375929424A}.Debug|Any CPU.ActiveCfg = Debug|Any CPU
		{DAF5ECAE-3D4B-47D1-BFBE-D4375929424A}.Debug|Any CPU.Build.0 = Debug|Any CPU
		{DAF5ECAE-3D4B-47D1-BFBE-D4375929424A}.Release|Any CPU.ActiveCfg = Release|Any CPU
		{DAF5ECAE-3D4B-47D1-BFBE-D4375929424A}.Release|Any CPU.Build.0 = Release|Any CPU
		{505F2A2F-7079-41ED-A849-B29EE486527D}.Debug|Any CPU.ActiveCfg = Debug|Any CPU
		{505F2A2F-7079-41ED-A849-B29EE486527D}.Debug|Any CPU.Build.0 = Debug|Any CPU
		{505F2A2F-7079-41ED-A849-B29EE486527D}.Release|Any CPU.ActiveCfg = Release|Any CPU
		{505F2A2F-7079-41ED-A849-B29EE486527D}.Release|Any CPU.Build.0 = Release|Any CPU
		{6EB647BE-5833-4207-912D-C9F37260FE2E}.Debug|Any CPU.ActiveCfg = Debug|Any CPU
		{6EB647BE-5833-4207-912D-C9F37260FE2E}.Debug|Any CPU.Build.0 = Debug|Any CPU
		{6EB647BE-5833-4207-912D-C9F37260FE2E}.Release|Any CPU.ActiveCfg = Release|Any CPU
		{6EB647BE-5833-4207-912D-C9F37260FE2E}.Release|Any CPU.Build.0 = Release|Any CPU
		{F4451BDB-818F-4615-A388-0F06B2932E89}.Debug|Any CPU.ActiveCfg = Debug|Any CPU
		{F4451BDB-818F-4615-A388-0F06B2932E89}.Debug|Any CPU.Build.0 = Debug|Any CPU
		{F4451BDB-818F-4615-A388-0F06B2932E89}.Release|Any CPU.ActiveCfg = Release|Any CPU
		{F4451BDB-818F-4615-A388-0F06B2932E89}.Release|Any CPU.Build.0 = Release|Any CPU
		{82A8E100-42AA-4DA8-B39D-AB8ACA1BFD36}.Debug|Any CPU.ActiveCfg = Debug|Any CPU
		{82A8E100-42AA-4DA8-B39D-AB8ACA1BFD36}.Debug|Any CPU.Build.0 = Debug|Any CPU
		{82A8E100-42AA-4DA8-B39D-AB8ACA1BFD36}.Release|Any CPU.ActiveCfg = Release|Any CPU
		{82A8E100-42AA-4DA8-B39D-AB8ACA1BFD36}.Release|Any CPU.Build.0 = Release|Any CPU
		{624FD697-8616-479F-9776-0205F4C5436D}.Debug|Any CPU.ActiveCfg = Debug|Any CPU
		{624FD697-8616-479F-9776-0205F4C5436D}.Debug|Any CPU.Build.0 = Debug|Any CPU
		{624FD697-8616-479F-9776-0205F4C5436D}.Release|Any CPU.ActiveCfg = Release|Any CPU
		{624FD697-8616-479F-9776-0205F4C5436D}.Release|Any CPU.Build.0 = Release|Any CPU
		{B5EDDF24-FCC9-4239-B717-1AB7104FF725}.Debug|Any CPU.ActiveCfg = Debug|Any CPU
		{B5EDDF24-FCC9-4239-B717-1AB7104FF725}.Debug|Any CPU.Build.0 = Debug|Any CPU
		{B5EDDF24-FCC9-4239-B717-1AB7104FF725}.Release|Any CPU.ActiveCfg = Release|Any CPU
		{B5EDDF24-FCC9-4239-B717-1AB7104FF725}.Release|Any CPU.Build.0 = Release|Any CPU
		{5616A792-107F-46F2-8FA0-FC154271C9B6}.Debug|Any CPU.ActiveCfg = Debug|Any CPU
		{5616A792-107F-46F2-8FA0-FC154271C9B6}.Debug|Any CPU.Build.0 = Debug|Any CPU
		{5616A792-107F-46F2-8FA0-FC154271C9B6}.Release|Any CPU.ActiveCfg = Release|Any CPU
		{5616A792-107F-46F2-8FA0-FC154271C9B6}.Release|Any CPU.Build.0 = Release|Any CPU
		{C90A7614-193F-4D10-BE2B-7D7C10014B45}.Debug|Any CPU.ActiveCfg = Debug|Any CPU
		{C90A7614-193F-4D10-BE2B-7D7C10014B45}.Debug|Any CPU.Build.0 = Debug|Any CPU
		{C90A7614-193F-4D10-BE2B-7D7C10014B45}.Release|Any CPU.ActiveCfg = Release|Any CPU
		{C90A7614-193F-4D10-BE2B-7D7C10014B45}.Release|Any CPU.Build.0 = Release|Any CPU
		{71379211-A42C-4461-88DA-6D4E1DD59DAF}.Debug|Any CPU.ActiveCfg = Debug|Any CPU
		{71379211-A42C-4461-88DA-6D4E1DD59DAF}.Debug|Any CPU.Build.0 = Debug|Any CPU
		{71379211-A42C-4461-88DA-6D4E1DD59DAF}.Release|Any CPU.ActiveCfg = Release|Any CPU
		{71379211-A42C-4461-88DA-6D4E1DD59DAF}.Release|Any CPU.Build.0 = Release|Any CPU
		{6632E077-91E8-43BA-A778-E07126A34063}.Debug|Any CPU.ActiveCfg = Debug|Any CPU
		{6632E077-91E8-43BA-A778-E07126A34063}.Debug|Any CPU.Build.0 = Debug|Any CPU
		{6632E077-91E8-43BA-A778-E07126A34063}.Release|Any CPU.ActiveCfg = Release|Any CPU
		{6632E077-91E8-43BA-A778-E07126A34063}.Release|Any CPU.Build.0 = Release|Any CPU
		{06D17848-E18B-4130-996A-76BC917EA0A9}.Debug|Any CPU.ActiveCfg = Debug|Any CPU
		{06D17848-E18B-4130-996A-76BC917EA0A9}.Debug|Any CPU.Build.0 = Debug|Any CPU
		{06D17848-E18B-4130-996A-76BC917EA0A9}.Release|Any CPU.ActiveCfg = Release|Any CPU
		{06D17848-E18B-4130-996A-76BC917EA0A9}.Release|Any CPU.Build.0 = Release|Any CPU
		{283E3DE1-94F6-4335-ACE3-C16EA976E59B}.Debug|Any CPU.ActiveCfg = Debug|Any CPU
		{283E3DE1-94F6-4335-ACE3-C16EA976E59B}.Debug|Any CPU.Build.0 = Debug|Any CPU
		{283E3DE1-94F6-4335-ACE3-C16EA976E59B}.Release|Any CPU.ActiveCfg = Release|Any CPU
		{283E3DE1-94F6-4335-ACE3-C16EA976E59B}.Release|Any CPU.Build.0 = Release|Any CPU
		{00CE5247-0B0E-40BC-8783-4EDB3E6DA9A2}.Debug|Any CPU.ActiveCfg = Debug|Any CPU
		{00CE5247-0B0E-40BC-8783-4EDB3E6DA9A2}.Debug|Any CPU.Build.0 = Debug|Any CPU
		{00CE5247-0B0E-40BC-8783-4EDB3E6DA9A2}.Release|Any CPU.ActiveCfg = Release|Any CPU
		{00CE5247-0B0E-40BC-8783-4EDB3E6DA9A2}.Release|Any CPU.Build.0 = Release|Any CPU
		{5141127B-1D69-4C5F-99A3-238C38AEA0C9}.Debug|Any CPU.ActiveCfg = Debug|Any CPU
		{5141127B-1D69-4C5F-99A3-238C38AEA0C9}.Debug|Any CPU.Build.0 = Debug|Any CPU
		{5141127B-1D69-4C5F-99A3-238C38AEA0C9}.Release|Any CPU.ActiveCfg = Release|Any CPU
		{5141127B-1D69-4C5F-99A3-238C38AEA0C9}.Release|Any CPU.Build.0 = Release|Any CPU
		{330954A7-2BC7-4CF9-A445-F8357780820A}.Debug|Any CPU.ActiveCfg = Debug|Any CPU
		{330954A7-2BC7-4CF9-A445-F8357780820A}.Debug|Any CPU.Build.0 = Debug|Any CPU
		{330954A7-2BC7-4CF9-A445-F8357780820A}.Release|Any CPU.ActiveCfg = Release|Any CPU
		{330954A7-2BC7-4CF9-A445-F8357780820A}.Release|Any CPU.Build.0 = Release|Any CPU
		{81E14CF2-BEC0-41FD-8E57-23DDF469E431}.Debug|Any CPU.ActiveCfg = Debug|Any CPU
		{81E14CF2-BEC0-41FD-8E57-23DDF469E431}.Debug|Any CPU.Build.0 = Debug|Any CPU
		{81E14CF2-BEC0-41FD-8E57-23DDF469E431}.Release|Any CPU.ActiveCfg = Release|Any CPU
		{81E14CF2-BEC0-41FD-8E57-23DDF469E431}.Release|Any CPU.Build.0 = Release|Any CPU
		{7DE58B53-A32C-4525-9507-060D362C87BC}.Debug|Any CPU.ActiveCfg = Debug|Any CPU
		{7DE58B53-A32C-4525-9507-060D362C87BC}.Debug|Any CPU.Build.0 = Debug|Any CPU
		{7DE58B53-A32C-4525-9507-060D362C87BC}.Release|Any CPU.ActiveCfg = Release|Any CPU
		{7DE58B53-A32C-4525-9507-060D362C87BC}.Release|Any CPU.Build.0 = Release|Any CPU
		{CF31FA2F-392E-4B2D-83C3-85E0351E71E9}.Debug|Any CPU.ActiveCfg = Debug|Any CPU
		{CF31FA2F-392E-4B2D-83C3-85E0351E71E9}.Debug|Any CPU.Build.0 = Debug|Any CPU
		{CF31FA2F-392E-4B2D-83C3-85E0351E71E9}.Release|Any CPU.ActiveCfg = Release|Any CPU
		{CF31FA2F-392E-4B2D-83C3-85E0351E71E9}.Release|Any CPU.Build.0 = Release|Any CPU
	EndGlobalSection
	GlobalSection(SolutionProperties) = preSolution
		HideSolutionNode = FALSE
	EndGlobalSection
	GlobalSection(NestedProjects) = preSolution
		{3DF09569-8B82-4873-A45B-6B86F32F960D} = {A24BBEA7-EA3F-45FC-B62B-B139F8003F25}
		{E6A0D319-805E-4E4E-B31F-E642053A641F} = {A24BBEA7-EA3F-45FC-B62B-B139F8003F25}
		{D4113A83-0DBC-4DEF-8187-85E2488FC80C} = {A24BBEA7-EA3F-45FC-B62B-B139F8003F25}
		{32E2D29A-A842-4662-A5B8-0BE0CD5E2E30} = {74711237-A6CF-4EC3-A212-740808A0E0C3}
		{63F86159-B684-4683-B6C2-870A734743E6} = {74711237-A6CF-4EC3-A212-740808A0E0C3}
		{1F5E2F67-2372-4CF4-802E-C5DA724C12BE} = {74711237-A6CF-4EC3-A212-740808A0E0C3}
		{D41D423C-8866-41BB-8D77-50E053C29DD1} = {74711237-A6CF-4EC3-A212-740808A0E0C3}
		{CF570607-DAED-4391-8401-62EEF57FAFDB} = {74711237-A6CF-4EC3-A212-740808A0E0C3}
		{6A2E05CE-DE52-4F77-93C1-34FAB9EDF286} = {74711237-A6CF-4EC3-A212-740808A0E0C3}
		{EC30F10D-48D4-4E3E-BF35-FEA130183AD3} = {74711237-A6CF-4EC3-A212-740808A0E0C3}
		{3CA39851-D44C-482A-AA6A-5630D9E45BCA} = {74711237-A6CF-4EC3-A212-740808A0E0C3}
		{42B3E4A9-9032-4E9D-844A-90A6C6A1A717} = {74711237-A6CF-4EC3-A212-740808A0E0C3}
		{3597E2EA-23A0-4D07-ADC9-922075BE37D1} = {74711237-A6CF-4EC3-A212-740808A0E0C3}
		{C67380DB-C1C3-480A-80B5-A1118BAF69CE} = {A21672C4-5AD5-4E02-8BD0-16BF3CBB19CE}
		{E4F7C555-0334-430A-AC2B-7F3BF21F8C23} = {A21672C4-5AD5-4E02-8BD0-16BF3CBB19CE}
		{46F0B486-C4C7-433E-A578-34135C6264FC} = {A21672C4-5AD5-4E02-8BD0-16BF3CBB19CE}
		{69E4A070-A95E-4B6F-9F6B-2674BB6E6AB0} = {47091E90-2E60-471A-BD61-98311CDFF669}
		{9FBC0E74-DD29-4E79-8880-770CC1FF65A5} = {47091E90-2E60-471A-BD61-98311CDFF669}
		{F8E5FECE-4139-4610-9797-B298E4735BAA} = {47091E90-2E60-471A-BD61-98311CDFF669}
		{31D779AB-4E97-4F41-BDCE-9CC288FA85E9} = {E5101799-00DE-4327-AEFB-D255E9734F21}
		{1B86CA62-4F4F-4118-9078-1AA0D62DCE32} = {1C8ABFB4-18A4-4115-A214-3F18DEB5A73A}
		{929C0970-E287-4364-A5D3-1B1BBA0493FA} = {1C8ABFB4-18A4-4115-A214-3F18DEB5A73A}
		{E7F618F8-8CA9-42D1-9325-A8061E85B402} = {E5101799-00DE-4327-AEFB-D255E9734F21}
		{C23EB95B-CE5E-4BCC-8677-0F7FCE320431} = {E5101799-00DE-4327-AEFB-D255E9734F21}
		{1F279DDA-7F3A-489A-8BB1-1FD5EE0734F7} = {FB4FD46B-22D1-40AB-BC0E-9453F6AC74AF}
		{29CCBCD1-7FE0-4A0A-AAC5-C3F6047C81F6} = {FB4FD46B-22D1-40AB-BC0E-9453F6AC74AF}
		{27413C93-BDA8-4180-AEC1-8F4AC3F37954} = {FB4FD46B-22D1-40AB-BC0E-9453F6AC74AF}
		{7C3A604F-AC3B-40D6-B341-93DB84A3595D} = {93A88B6F-B662-4680-9C5C-95E91154533A}
		{4BC5E782-687E-4275-86C8-99C5B1498A61} = {93A88B6F-B662-4680-9C5C-95E91154533A}
		{5C0B50F1-160B-4C3A-A705-7938C1428FC8} = {C50DD767-749E-4E36-BC6B-8520461760B2}
		{DA252C1F-A5DB-4986-AB14-D54029AE289C} = {5C0B50F1-160B-4C3A-A705-7938C1428FC8}
		{47C96B8C-19FB-4C6E-8A80-E33BDEB367AA} = {5C0B50F1-160B-4C3A-A705-7938C1428FC8}
		{DAF5ECAE-3D4B-47D1-BFBE-D4375929424A} = {5C0B50F1-160B-4C3A-A705-7938C1428FC8}
		{505F2A2F-7079-41ED-A849-B29EE486527D} = {5C0B50F1-160B-4C3A-A705-7938C1428FC8}
		{6EB647BE-5833-4207-912D-C9F37260FE2E} = {5C0B50F1-160B-4C3A-A705-7938C1428FC8}
		{F4451BDB-818F-4615-A388-0F06B2932E89} = {5C0B50F1-160B-4C3A-A705-7938C1428FC8}
		{82A8E100-42AA-4DA8-B39D-AB8ACA1BFD36} = {5C0B50F1-160B-4C3A-A705-7938C1428FC8}
		{624FD697-8616-479F-9776-0205F4C5436D} = {5C0B50F1-160B-4C3A-A705-7938C1428FC8}
		{63D3A63E-08D2-4CDA-884E-52E559E0967C} = {C50DD767-749E-4E36-BC6B-8520461760B2}
		{B5EDDF24-FCC9-4239-B717-1AB7104FF725} = {63D3A63E-08D2-4CDA-884E-52E559E0967C}
		{5616A792-107F-46F2-8FA0-FC154271C9B6} = {63D3A63E-08D2-4CDA-884E-52E559E0967C}
		{C90A7614-193F-4D10-BE2B-7D7C10014B45} = {63D3A63E-08D2-4CDA-884E-52E559E0967C}
		{130A8E94-745F-459B-A4F9-816A03AB6C5B} = {C50DD767-749E-4E36-BC6B-8520461760B2}
		{71379211-A42C-4461-88DA-6D4E1DD59DAF} = {130A8E94-745F-459B-A4F9-816A03AB6C5B}
		{6632E077-91E8-43BA-A778-E07126A34063} = {130A8E94-745F-459B-A4F9-816A03AB6C5B}
		{06D17848-E18B-4130-996A-76BC917EA0A9} = {130A8E94-745F-459B-A4F9-816A03AB6C5B}
		{514931CC-EB9A-4EC1-9EC6-E1E55B12706F} = {C50DD767-749E-4E36-BC6B-8520461760B2}
		{283E3DE1-94F6-4335-ACE3-C16EA976E59B} = {514931CC-EB9A-4EC1-9EC6-E1E55B12706F}
		{00CE5247-0B0E-40BC-8783-4EDB3E6DA9A2} = {514931CC-EB9A-4EC1-9EC6-E1E55B12706F}
		{76CA588F-86C6-491B-95C9-F64ACEA13375} = {C50DD767-749E-4E36-BC6B-8520461760B2}
		{5141127B-1D69-4C5F-99A3-238C38AEA0C9} = {76CA588F-86C6-491B-95C9-F64ACEA13375}
		{330954A7-2BC7-4CF9-A445-F8357780820A} = {76CA588F-86C6-491B-95C9-F64ACEA13375}
		{81E14CF2-BEC0-41FD-8E57-23DDF469E431} = {EADF5CC6-88D2-41E6-A3BC-345CEF484502}
		{7DE58B53-A32C-4525-9507-060D362C87BC} = {EADF5CC6-88D2-41E6-A3BC-345CEF484502}
		{CF31FA2F-392E-4B2D-83C3-85E0351E71E9} = {EADF5CC6-88D2-41E6-A3BC-345CEF484502}
	EndGlobalSection
	GlobalSection(ExtensibilityGlobals) = postSolution
		SolutionGuid = {5B3C93F7-A5E1-4E06-B5E3-D643F6138BDD}
	EndGlobalSection
EndGlobal
