
Microsoft Visual Studio Solution File, Format Version 12.00
# Visual Studio Version 16
VisualStudioVersion = 16.0.29123.88
MinimumVisualStudioVersion = 10.0.40219.1
Project("{FAE04EC0-301F-11D3-BF4B-00C04F79EFBC}") = "3.2_HelloWorld", "3.2_HelloWorld\3.2_HelloWorld.csproj", "{4354887F-8F6E-4250-98B0-A3AF5E258411}"
EndProject
Global
	GlobalSection(SolutionConfigurationPlatforms) = preSolution
		Debug|Any CPU = Debug|Any CPU
		Release|Any CPU = Release|Any CPU
	EndGlobalSection
	GlobalSection(ProjectConfigurationPlatforms) = postSolution
		{4354887F-8F6E-4250-98B0-A3AF5E258411}.Debug|Any CPU.ActiveCfg = Debug|Any CPU
		{4354887F-8F6E-4250-98B0-A3AF5E258411}.Debug|Any CPU.Build.0 = Debug|Any CPU
		{4354887F-8F6E-4250-98B0-A3AF5E258411}.Release|Any CPU.ActiveCfg = Release|Any CPU
		{4354887F-8F6E-4250-98B0-A3AF5E258411}.Release|Any CPU.Build.0 = Release|Any CPU
	EndGlobalSection
	GlobalSection(SolutionProperties) = preSolution
		HideSolutionNode = FALSE
	EndGlobalSection
	GlobalSection(ExtensibilityGlobals) = postSolution
		SolutionGuid = {AF0C9290-52BC-44EF-8B24-E65367CACE9D}
	EndGlobalSection
EndGlobal
