
Microsoft Visual Studio Solution File, Format Version 12.00
# Visual Studio 15
VisualStudioVersion = 15.0.28307.572
MinimumVisualStudioVersion = 10.0.40219.1
Project("{9A19103F-16F7-4668-BE54-9A1E7A4F7556}") = "3.2.HelloWorld", "3.2.HelloWorld\3.2.HelloWorld.csproj", "{63CCDE6C-1169-4078-B607-3D21562E7D52}"
EndProject
Project("{2150E333-8FDC-42A3-9474-1A3956D46DE8}") = "2_osnove", "2_osnove", "{517D452F-1270-466D-94B2-68F6FD40A010}"
EndProject
Project("{FAE04EC0-301F-11D3-BF4B-00C04F79EFBC}") = "2_2_5", "2_2_5\2_2_5.csproj", "{DB95C127-EEC2-4CFA-AF74-672B50A46E1F}"
EndProject
Project("{FAE04EC0-301F-11D3-BF4B-00C04F79EFBC}") = "2_2_10_2_operatori", "2_2_10_2_operatori\2_2_10_2_operatori.csproj", "{B893A50A-A89C-450B-8AC0-9195D8B0897F}"
EndProject
Global
	GlobalSection(SolutionConfigurationPlatforms) = preSolution
		Debug|Any CPU = Debug|Any CPU
		Release|Any CPU = Release|Any CPU
	EndGlobalSection
	GlobalSection(ProjectConfigurationPlatforms) = postSolution
		{63CCDE6C-1169-4078-B607-3D21562E7D52}.Debug|Any CPU.ActiveCfg = Debug|Any CPU
		{63CCDE6C-1169-4078-B607-3D21562E7D52}.Debug|Any CPU.Build.0 = Debug|Any CPU
		{63CCDE6C-1169-4078-B607-3D21562E7D52}.Release|Any CPU.ActiveCfg = Release|Any CPU
		{63CCDE6C-1169-4078-B607-3D21562E7D52}.Release|Any CPU.Build.0 = Release|Any CPU
		{DB95C127-EEC2-4CFA-AF74-672B50A46E1F}.Debug|Any CPU.ActiveCfg = Debug|Any CPU
		{DB95C127-EEC2-4CFA-AF74-672B50A46E1F}.Debug|Any CPU.Build.0 = Debug|Any CPU
		{DB95C127-EEC2-4CFA-AF74-672B50A46E1F}.Release|Any CPU.ActiveCfg = Release|Any CPU
		{DB95C127-EEC2-4CFA-AF74-672B50A46E1F}.Release|Any CPU.Build.0 = Release|Any CPU
		{B893A50A-A89C-450B-8AC0-9195D8B0897F}.Debug|Any CPU.ActiveCfg = Debug|Any CPU
		{B893A50A-A89C-450B-8AC0-9195D8B0897F}.Debug|Any CPU.Build.0 = Debug|Any CPU
		{B893A50A-A89C-450B-8AC0-9195D8B0897F}.Release|Any CPU.ActiveCfg = Release|Any CPU
		{B893A50A-A89C-450B-8AC0-9195D8B0897F}.Release|Any CPU.Build.0 = Release|Any CPU
	EndGlobalSection
	GlobalSection(SolutionProperties) = preSolution
		HideSolutionNode = FALSE
	EndGlobalSection
	GlobalSection(NestedProjects) = preSolution
		{DB95C127-EEC2-4CFA-AF74-672B50A46E1F} = {517D452F-1270-466D-94B2-68F6FD40A010}
		{B893A50A-A89C-450B-8AC0-9195D8B0897F} = {517D452F-1270-466D-94B2-68F6FD40A010}
	EndGlobalSection
	GlobalSection(ExtensibilityGlobals) = postSolution
		SolutionGuid = {3F120C1F-5FA7-401E-B41E-A17233E41F05}
	EndGlobalSection
EndGlobal
