
Microsoft Visual Studio Solution File, Format Version 12.00
# Visual Studio Version 16
VisualStudioVersion = 16.0.29926.136
MinimumVisualStudioVersion = 10.0.40219.1
Project("{FAE04EC0-301F-11D3-BF4B-00C04F79EFBC}") = "5_2_1", "5_2_1.csproj", "{42148FAD-78F9-44AD-9DA4-E4289C24A7EB}"
EndProject
Global
	GlobalSection(SolutionConfigurationPlatforms) = preSolution
		Debug|Any CPU = Debug|Any CPU
		Release|Any CPU = Release|Any CPU
	EndGlobalSection
	GlobalSection(ProjectConfigurationPlatforms) = postSolution
		{42148FAD-78F9-44AD-9DA4-E4289C24A7EB}.Debug|Any CPU.ActiveCfg = Debug|Any CPU
		{42148FAD-78F9-44AD-9DA4-E4289C24A7EB}.Debug|Any CPU.Build.0 = Debug|Any CPU
		{42148FAD-78F9-44AD-9DA4-E4289C24A7EB}.Release|Any CPU.ActiveCfg = Release|Any CPU
		{42148FAD-78F9-44AD-9DA4-E4289C24A7EB}.Release|Any CPU.Build.0 = Release|Any CPU
	EndGlobalSection
	GlobalSection(SolutionProperties) = preSolution
		HideSolutionNode = FALSE
	EndGlobalSection
	GlobalSection(ExtensibilityGlobals) = postSolution
		SolutionGuid = {6FE20F70-4AD6-42B9-8964-A42B3B4D3514}
	EndGlobalSection
EndGlobal
