
Microsoft Visual Studio Solution File, Format Version 12.00
# Visual Studio Version 16
VisualStudioVersion = 16.0.29806.167
MinimumVisualStudioVersion = 10.0.40219.1
Project("{9A19103F-16F7-4668-BE54-9A1E7A4F7556}") = "PrviStatic", "PrviStatic\PrviStatic.csproj", "{D6ECA98F-FEE2-4340-8008-7D7390B44BED}"
EndProject
Project("{9A19103F-16F7-4668-BE54-9A1E7A4F7556}") = "3_Kontrolori", "3_Kontrolori\3_Kontrolori.csproj", "{671E2FC8-D285-460B-BD8A-B97304EFCEF0}"
EndProject
Project("{FAE04EC0-301F-11D3-BF4B-00C04F79EFBC}") = "Firma", "Firma\Firma.csproj", "{FC2109B1-CEE2-44FA-BE7A-2B30CB43686C}"
EndProject
Global
	GlobalSection(SolutionConfigurationPlatforms) = preSolution
		Debug|Any CPU = Debug|Any CPU
		Release|Any CPU = Release|Any CPU
	EndGlobalSection
	GlobalSection(ProjectConfigurationPlatforms) = postSolution
		{D6ECA98F-FEE2-4340-8008-7D7390B44BED}.Debug|Any CPU.ActiveCfg = Debug|Any CPU
		{D6ECA98F-FEE2-4340-8008-7D7390B44BED}.Debug|Any CPU.Build.0 = Debug|Any CPU
		{D6ECA98F-FEE2-4340-8008-7D7390B44BED}.Release|Any CPU.ActiveCfg = Release|Any CPU
		{D6ECA98F-FEE2-4340-8008-7D7390B44BED}.Release|Any CPU.Build.0 = Release|Any CPU
		{671E2FC8-D285-460B-BD8A-B97304EFCEF0}.Debug|Any CPU.ActiveCfg = Debug|Any CPU
		{671E2FC8-D285-460B-BD8A-B97304EFCEF0}.Debug|Any CPU.Build.0 = Debug|Any CPU
		{671E2FC8-D285-460B-BD8A-B97304EFCEF0}.Release|Any CPU.ActiveCfg = Release|Any CPU
		{671E2FC8-D285-460B-BD8A-B97304EFCEF0}.Release|Any CPU.Build.0 = Release|Any CPU
		{FC2109B1-CEE2-44FA-BE7A-2B30CB43686C}.Debug|Any CPU.ActiveCfg = Debug|Any CPU
		{FC2109B1-CEE2-44FA-BE7A-2B30CB43686C}.Debug|Any CPU.Build.0 = Debug|Any CPU
		{FC2109B1-CEE2-44FA-BE7A-2B30CB43686C}.Release|Any CPU.ActiveCfg = Release|Any CPU
		{FC2109B1-CEE2-44FA-BE7A-2B30CB43686C}.Release|Any CPU.Build.0 = Release|Any CPU
	EndGlobalSection
	GlobalSection(SolutionProperties) = preSolution
		HideSolutionNode = FALSE
	EndGlobalSection
	GlobalSection(ExtensibilityGlobals) = postSolution
		SolutionGuid = {64C1C561-6640-4CF2-8416-45E1DD80E9FB}
	EndGlobalSection
EndGlobal
