
Microsoft Visual Studio Solution File, Format Version 12.00
# Visual Studio Version 16
VisualStudioVersion = 16.0.29123.88
MinimumVisualStudioVersion = 10.0.40219.1
Project("{9A19103F-16F7-4668-BE54-9A1E7A4F7556}") = "Pr1", "Pr1.csproj", "{89CD6473-C42C-4FD7-85C2-69294F9BB0B5}"
EndProject
Project("{2150E333-8FDC-42A3-9474-1A3956D46DE8}") = "2_Osnove", "2_Osnove", "{6115786A-279C-4193-98B0-0FE3D560C79B}"
EndProject
Project("{9A19103F-16F7-4668-BE54-9A1E7A4F7556}") = "Pr2_Operator", "..\Pr2_Operator\Pr2_Operator.csproj", "{5660CF64-6B6F-4D53-8B7F-27CA345D4CAF}"
EndProject
Project("{9A19103F-16F7-4668-BE54-9A1E7A4F7556}") = "Pr3_Ucitavanje_s_tipkovnice", "..\Pr3_Ucitavanje_s_tipkovnice\Pr3_Ucitavanje_s_tipkovnice.csproj", "{8ABD746F-27E9-454F-A7BC-3C53E70E65A9}"
EndProject
Project("{2150E333-8FDC-42A3-9474-1A3956D46DE8}") = "5_Uvijetno grananje", "5_Uvijetno grananje", "{679EBE17-8831-4DA6-A28C-E182F512D482}"
EndProject
Project("{2150E333-8FDC-42A3-9474-1A3956D46DE8}") = "zbirkaZadataka", "zbirkaZadataka", "{017A5F4C-1671-4DEB-8968-ED2099C56AAD}"
EndProject
Project("{2150E333-8FDC-42A3-9474-1A3956D46DE8}") = "4_uvod", "4_uvod", "{4EB4A94F-11F7-409B-8107-FA5F15BFC18E}"
EndProject
Project("{2150E333-8FDC-42A3-9474-1A3956D46DE8}") = "5_osnovniTipoviPodataka", "5_osnovniTipoviPodataka", "{4431703A-B267-409D-8080-4DF1AD0C41E0}"
EndProject
Project("{9A19103F-16F7-4668-BE54-9A1E7A4F7556}") = "Pr3.1.1_if", "..\Pr3.1.1_if\Pr3.1.1_if.csproj", "{F19950F1-AEFA-4E84-93BE-BE148CAD6337}"
EndProject
Project("{9A19103F-16F7-4668-BE54-9A1E7A4F7556}") = "Pr3.1.2_ugnjezdeni", "..\Pr3.1.2_ugnjezdeni\Pr3.1.2_ugnjezdeni.csproj", "{799EB90D-85BE-43D1-8B3D-27C2108CF79B}"
EndProject
Project("{9A19103F-16F7-4668-BE54-9A1E7A4F7556}") = "Pr3.1.3_prosireni_if", "..\Pr3.1.3_prosireni_if\Pr3.1.3_prosireni_if.csproj", "{55180E6B-E467-43E9-8129-7343DD708447}"
EndProject
Project("{9A19103F-16F7-4668-BE54-9A1E7A4F7556}") = "5.2.2_kalkulator", "..\5.2.2_kalkulator\5.2.2_kalkulator.csproj", "{C0D8EBE5-7662-4BBA-BC6E-B97F14190565}"
EndProject
Project("{9A19103F-16F7-4668-BE54-9A1E7A4F7556}") = "5.2.1_pozILInegBroj", "..\5.2.1_pozILInegBroj\5.2.1_pozILInegBroj.csproj", "{4B6833CA-E935-4DB1-B550-B6B9C713B1C6}"
EndProject
Project("{9A19103F-16F7-4668-BE54-9A1E7A4F7556}") = "5.2.3_velikiBroj", "..\5.2.3_velikiBroj\5.2.3_velikiBroj.csproj", "{C82D44E3-3BC3-43A0-A550-50FF26A57794}"
EndProject
Project("{9A19103F-16F7-4668-BE54-9A1E7A4F7556}") = "5.2.4_xZnamenkastiBroj", "..\5.2.4_xZnamenkastiBroj\5.2.4_xZnamenkastiBroj.csproj", "{5E9D33DB-EC3E-4C8B-9229-053077D58B9D}"
EndProject
Project("{9A19103F-16F7-4668-BE54-9A1E7A4F7556}") = "5.2.5_uIntervalu", "..\5.2.5_uIntervalu\5.2.5_uIntervalu.csproj", "{7647825A-CD48-4F5D-91B9-6B9D5B5492FB}"
EndProject
Project("{9A19103F-16F7-4668-BE54-9A1E7A4F7556}") = "5.2.6_dobarBroj", "..\5.2.6_dobarBroj\5.2.6_dobarBroj.csproj", "{C97D0FF0-1084-4F96-B56D-014928165943}"
EndProject
Project("{9A19103F-16F7-4668-BE54-9A1E7A4F7556}") = "5.2.7_dobarBroj_2", "..\5.2.7_dobarBroj_2\5.2.7_dobarBroj_2.csproj", "{D493E2C5-6992-4124-896B-FBAEF339D8A7}"
EndProject
Project("{FAE04EC0-301F-11D3-BF4B-00C04F79EFBC}") = "5.2.8_prijestupnaGodina", "..\5.2.8_prijestupnaGodina\5.2.8_prijestupnaGodina.csproj", "{CEA6B149-1CA2-420D-9C8B-998E2BC3F635}"
EndProject
Project("{FAE04EC0-301F-11D3-BF4B-00C04F79EFBC}") = "5.2.9_cijelobrojnaDijeljenje", "..\5.2.9_cijelobrojnaDijeljenje\5.2.9_cijelobrojnaDijeljenje.csproj", "{2EB43C2B-0A48-4E42-9854-F4CCE125D489}"
EndProject
Project("{2150E333-8FDC-42A3-9474-1A3956D46DE8}") = "5.2_uvjetnoGrananje", "5.2_uvjetnoGrananje", "{13B292D8-9162-467D-9755-18D447DE04A5}"
EndProject
Project("{2150E333-8FDC-42A3-9474-1A3956D46DE8}") = "5.3_ciklickePetlje", "5.3_ciklickePetlje", "{856C07DD-4DAD-40FD-B779-F57CDE628CC9}"
EndProject
Project("{FAE04EC0-301F-11D3-BF4B-00C04F79EFBC}") = "5.3.1_nepraniDo20", "..\5.3.1_nepraniDo20\5.3.1_nepraniDo20.csproj", "{8D4B1E66-D7CE-4A22-91C5-1E17F6E777E0}"
EndProject
Project("{FAE04EC0-301F-11D3-BF4B-00C04F79EFBC}") = "5.3.2_djeljiv_s_5", "..\5.3.2_djeljiv_s_5\5.3.2_djeljiv_s_5.csproj", "{3D399711-F389-4C70-8FF3-F44797A698B2}"
EndProject
Project("{FAE04EC0-301F-11D3-BF4B-00C04F79EFBC}") = "5.3.3_suma100brojeva", "..\5.3.3_suma100brojeva\5.3.3_suma100brojeva.csproj", "{EC95BA8A-A10F-49E7-84E6-A62E7CC70176}"
EndProject
Project("{FAE04EC0-301F-11D3-BF4B-00C04F79EFBC}") = "5.3.4_faktorijel", "..\5.3.4_faktorijel\5.3.4_faktorijel.csproj", "{0AB622BE-8D52-4B77-A60A-07457486B513}"
EndProject
Project("{FAE04EC0-301F-11D3-BF4B-00C04F79EFBC}") = "Pr4_switch", "..\Pr4_switch\Pr4_switch.csproj", "{D1D3BC27-FEFF-46B8-AA4D-F88C50F77207}"
EndProject
Project("{FAE04EC0-301F-11D3-BF4B-00C04F79EFBC}") = "Pr4.1_strukturiranoUpravljanjeGreskama", "..\Pr4.1_strukturiranoUpravljanjeGreskama\Pr4.1_strukturiranoUpravljanjeGreskama.csproj", "{5897C3F9-BDC8-4E1C-B61D-B21FB9991760}"
EndProject
Project("{FAE04EC0-301F-11D3-BF4B-00C04F79EFBC}") = "Pr4.2_user_pass", "..\Pr4.2_user_pass\Pr4.2_user_pass.csproj", "{A49A4849-999B-4A1E-A887-E4CC3ECE2044}"
EndProject
Project("{FAE04EC0-301F-11D3-BF4B-00C04F79EFBC}") = "Pr4.3_boolian_ili", "..\Pr4.3_boolian_ili\Pr4.3_boolian_ili.csproj", "{49685F18-DEB2-436F-A63E-E55781177A91}"
EndProject
Project("{FAE04EC0-301F-11D3-BF4B-00C04F79EFBC}") = "Pr4.4_not", "..\Pr4.4_not\Pr4.4_not.csproj", "{DC0347B9-92AC-4B44-B054-7C8476A1283D}"
EndProject
Project("{2150E333-8FDC-42A3-9474-1A3956D46DE8}") = "5_ciklickePetlje", "5_ciklickePetlje", "{1F270C09-304B-4AC3-957F-F19E413D358E}"
EndProject
Project("{FAE04EC0-301F-11D3-BF4B-00C04F79EFBC}") = "5.3.1_for", "..\5.3.1_for\5.3.1_for.csproj", "{CD7C40EE-617C-4411-B579-09F6CFC3CEEC}"
EndProject
Global
	GlobalSection(SolutionConfigurationPlatforms) = preSolution
		Debug|Any CPU = Debug|Any CPU
		Release|Any CPU = Release|Any CPU
	EndGlobalSection
	GlobalSection(ProjectConfigurationPlatforms) = postSolution
		{89CD6473-C42C-4FD7-85C2-69294F9BB0B5}.Debug|Any CPU.ActiveCfg = Debug|Any CPU
		{89CD6473-C42C-4FD7-85C2-69294F9BB0B5}.Debug|Any CPU.Build.0 = Debug|Any CPU
		{89CD6473-C42C-4FD7-85C2-69294F9BB0B5}.Release|Any CPU.ActiveCfg = Release|Any CPU
		{89CD6473-C42C-4FD7-85C2-69294F9BB0B5}.Release|Any CPU.Build.0 = Release|Any CPU
		{5660CF64-6B6F-4D53-8B7F-27CA345D4CAF}.Debug|Any CPU.ActiveCfg = Debug|Any CPU
		{5660CF64-6B6F-4D53-8B7F-27CA345D4CAF}.Debug|Any CPU.Build.0 = Debug|Any CPU
		{5660CF64-6B6F-4D53-8B7F-27CA345D4CAF}.Release|Any CPU.ActiveCfg = Release|Any CPU
		{5660CF64-6B6F-4D53-8B7F-27CA345D4CAF}.Release|Any CPU.Build.0 = Release|Any CPU
		{8ABD746F-27E9-454F-A7BC-3C53E70E65A9}.Debug|Any CPU.ActiveCfg = Debug|Any CPU
		{8ABD746F-27E9-454F-A7BC-3C53E70E65A9}.Debug|Any CPU.Build.0 = Debug|Any CPU
		{8ABD746F-27E9-454F-A7BC-3C53E70E65A9}.Release|Any CPU.ActiveCfg = Release|Any CPU
		{8ABD746F-27E9-454F-A7BC-3C53E70E65A9}.Release|Any CPU.Build.0 = Release|Any CPU
		{F19950F1-AEFA-4E84-93BE-BE148CAD6337}.Debug|Any CPU.ActiveCfg = Debug|Any CPU
		{F19950F1-AEFA-4E84-93BE-BE148CAD6337}.Debug|Any CPU.Build.0 = Debug|Any CPU
		{F19950F1-AEFA-4E84-93BE-BE148CAD6337}.Release|Any CPU.ActiveCfg = Release|Any CPU
		{F19950F1-AEFA-4E84-93BE-BE148CAD6337}.Release|Any CPU.Build.0 = Release|Any CPU
		{799EB90D-85BE-43D1-8B3D-27C2108CF79B}.Debug|Any CPU.ActiveCfg = Debug|Any CPU
		{799EB90D-85BE-43D1-8B3D-27C2108CF79B}.Debug|Any CPU.Build.0 = Debug|Any CPU
		{799EB90D-85BE-43D1-8B3D-27C2108CF79B}.Release|Any CPU.ActiveCfg = Release|Any CPU
		{799EB90D-85BE-43D1-8B3D-27C2108CF79B}.Release|Any CPU.Build.0 = Release|Any CPU
		{55180E6B-E467-43E9-8129-7343DD708447}.Debug|Any CPU.ActiveCfg = Debug|Any CPU
		{55180E6B-E467-43E9-8129-7343DD708447}.Debug|Any CPU.Build.0 = Debug|Any CPU
		{55180E6B-E467-43E9-8129-7343DD708447}.Release|Any CPU.ActiveCfg = Release|Any CPU
		{55180E6B-E467-43E9-8129-7343DD708447}.Release|Any CPU.Build.0 = Release|Any CPU
		{C0D8EBE5-7662-4BBA-BC6E-B97F14190565}.Debug|Any CPU.ActiveCfg = Debug|Any CPU
		{C0D8EBE5-7662-4BBA-BC6E-B97F14190565}.Debug|Any CPU.Build.0 = Debug|Any CPU
		{C0D8EBE5-7662-4BBA-BC6E-B97F14190565}.Release|Any CPU.ActiveCfg = Release|Any CPU
		{C0D8EBE5-7662-4BBA-BC6E-B97F14190565}.Release|Any CPU.Build.0 = Release|Any CPU
		{4B6833CA-E935-4DB1-B550-B6B9C713B1C6}.Debug|Any CPU.ActiveCfg = Debug|Any CPU
		{4B6833CA-E935-4DB1-B550-B6B9C713B1C6}.Debug|Any CPU.Build.0 = Debug|Any CPU
		{4B6833CA-E935-4DB1-B550-B6B9C713B1C6}.Release|Any CPU.ActiveCfg = Release|Any CPU
		{4B6833CA-E935-4DB1-B550-B6B9C713B1C6}.Release|Any CPU.Build.0 = Release|Any CPU
		{C82D44E3-3BC3-43A0-A550-50FF26A57794}.Debug|Any CPU.ActiveCfg = Debug|Any CPU
		{C82D44E3-3BC3-43A0-A550-50FF26A57794}.Debug|Any CPU.Build.0 = Debug|Any CPU
		{C82D44E3-3BC3-43A0-A550-50FF26A57794}.Release|Any CPU.ActiveCfg = Release|Any CPU
		{C82D44E3-3BC3-43A0-A550-50FF26A57794}.Release|Any CPU.Build.0 = Release|Any CPU
		{5E9D33DB-EC3E-4C8B-9229-053077D58B9D}.Debug|Any CPU.ActiveCfg = Debug|Any CPU
		{5E9D33DB-EC3E-4C8B-9229-053077D58B9D}.Debug|Any CPU.Build.0 = Debug|Any CPU
		{5E9D33DB-EC3E-4C8B-9229-053077D58B9D}.Release|Any CPU.ActiveCfg = Release|Any CPU
		{5E9D33DB-EC3E-4C8B-9229-053077D58B9D}.Release|Any CPU.Build.0 = Release|Any CPU
		{7647825A-CD48-4F5D-91B9-6B9D5B5492FB}.Debug|Any CPU.ActiveCfg = Debug|Any CPU
		{7647825A-CD48-4F5D-91B9-6B9D5B5492FB}.Debug|Any CPU.Build.0 = Debug|Any CPU
		{7647825A-CD48-4F5D-91B9-6B9D5B5492FB}.Release|Any CPU.ActiveCfg = Release|Any CPU
		{7647825A-CD48-4F5D-91B9-6B9D5B5492FB}.Release|Any CPU.Build.0 = Release|Any CPU
		{C97D0FF0-1084-4F96-B56D-014928165943}.Debug|Any CPU.ActiveCfg = Debug|Any CPU
		{C97D0FF0-1084-4F96-B56D-014928165943}.Debug|Any CPU.Build.0 = Debug|Any CPU
		{C97D0FF0-1084-4F96-B56D-014928165943}.Release|Any CPU.ActiveCfg = Release|Any CPU
		{C97D0FF0-1084-4F96-B56D-014928165943}.Release|Any CPU.Build.0 = Release|Any CPU
		{D493E2C5-6992-4124-896B-FBAEF339D8A7}.Debug|Any CPU.ActiveCfg = Debug|Any CPU
		{D493E2C5-6992-4124-896B-FBAEF339D8A7}.Debug|Any CPU.Build.0 = Debug|Any CPU
		{D493E2C5-6992-4124-896B-FBAEF339D8A7}.Release|Any CPU.ActiveCfg = Release|Any CPU
		{D493E2C5-6992-4124-896B-FBAEF339D8A7}.Release|Any CPU.Build.0 = Release|Any CPU
		{CEA6B149-1CA2-420D-9C8B-998E2BC3F635}.Debug|Any CPU.ActiveCfg = Debug|Any CPU
		{CEA6B149-1CA2-420D-9C8B-998E2BC3F635}.Debug|Any CPU.Build.0 = Debug|Any CPU
		{CEA6B149-1CA2-420D-9C8B-998E2BC3F635}.Release|Any CPU.ActiveCfg = Release|Any CPU
		{CEA6B149-1CA2-420D-9C8B-998E2BC3F635}.Release|Any CPU.Build.0 = Release|Any CPU
		{2EB43C2B-0A48-4E42-9854-F4CCE125D489}.Debug|Any CPU.ActiveCfg = Debug|Any CPU
		{2EB43C2B-0A48-4E42-9854-F4CCE125D489}.Debug|Any CPU.Build.0 = Debug|Any CPU
		{2EB43C2B-0A48-4E42-9854-F4CCE125D489}.Release|Any CPU.ActiveCfg = Release|Any CPU
		{2EB43C2B-0A48-4E42-9854-F4CCE125D489}.Release|Any CPU.Build.0 = Release|Any CPU
		{8D4B1E66-D7CE-4A22-91C5-1E17F6E777E0}.Debug|Any CPU.ActiveCfg = Debug|Any CPU
		{8D4B1E66-D7CE-4A22-91C5-1E17F6E777E0}.Debug|Any CPU.Build.0 = Debug|Any CPU
		{8D4B1E66-D7CE-4A22-91C5-1E17F6E777E0}.Release|Any CPU.ActiveCfg = Release|Any CPU
		{8D4B1E66-D7CE-4A22-91C5-1E17F6E777E0}.Release|Any CPU.Build.0 = Release|Any CPU
		{3D399711-F389-4C70-8FF3-F44797A698B2}.Debug|Any CPU.ActiveCfg = Debug|Any CPU
		{3D399711-F389-4C70-8FF3-F44797A698B2}.Debug|Any CPU.Build.0 = Debug|Any CPU
		{3D399711-F389-4C70-8FF3-F44797A698B2}.Release|Any CPU.ActiveCfg = Release|Any CPU
		{3D399711-F389-4C70-8FF3-F44797A698B2}.Release|Any CPU.Build.0 = Release|Any CPU
		{EC95BA8A-A10F-49E7-84E6-A62E7CC70176}.Debug|Any CPU.ActiveCfg = Debug|Any CPU
		{EC95BA8A-A10F-49E7-84E6-A62E7CC70176}.Debug|Any CPU.Build.0 = Debug|Any CPU
		{EC95BA8A-A10F-49E7-84E6-A62E7CC70176}.Release|Any CPU.ActiveCfg = Release|Any CPU
		{EC95BA8A-A10F-49E7-84E6-A62E7CC70176}.Release|Any CPU.Build.0 = Release|Any CPU
		{0AB622BE-8D52-4B77-A60A-07457486B513}.Debug|Any CPU.ActiveCfg = Debug|Any CPU
		{0AB622BE-8D52-4B77-A60A-07457486B513}.Debug|Any CPU.Build.0 = Debug|Any CPU
		{0AB622BE-8D52-4B77-A60A-07457486B513}.Release|Any CPU.ActiveCfg = Release|Any CPU
		{0AB622BE-8D52-4B77-A60A-07457486B513}.Release|Any CPU.Build.0 = Release|Any CPU
		{D1D3BC27-FEFF-46B8-AA4D-F88C50F77207}.Debug|Any CPU.ActiveCfg = Debug|Any CPU
		{D1D3BC27-FEFF-46B8-AA4D-F88C50F77207}.Debug|Any CPU.Build.0 = Debug|Any CPU
		{D1D3BC27-FEFF-46B8-AA4D-F88C50F77207}.Release|Any CPU.ActiveCfg = Release|Any CPU
		{D1D3BC27-FEFF-46B8-AA4D-F88C50F77207}.Release|Any CPU.Build.0 = Release|Any CPU
		{5897C3F9-BDC8-4E1C-B61D-B21FB9991760}.Debug|Any CPU.ActiveCfg = Debug|Any CPU
		{5897C3F9-BDC8-4E1C-B61D-B21FB9991760}.Debug|Any CPU.Build.0 = Debug|Any CPU
		{5897C3F9-BDC8-4E1C-B61D-B21FB9991760}.Release|Any CPU.ActiveCfg = Release|Any CPU
		{5897C3F9-BDC8-4E1C-B61D-B21FB9991760}.Release|Any CPU.Build.0 = Release|Any CPU
		{A49A4849-999B-4A1E-A887-E4CC3ECE2044}.Debug|Any CPU.ActiveCfg = Debug|Any CPU
		{A49A4849-999B-4A1E-A887-E4CC3ECE2044}.Debug|Any CPU.Build.0 = Debug|Any CPU
		{A49A4849-999B-4A1E-A887-E4CC3ECE2044}.Release|Any CPU.ActiveCfg = Release|Any CPU
		{A49A4849-999B-4A1E-A887-E4CC3ECE2044}.Release|Any CPU.Build.0 = Release|Any CPU
		{49685F18-DEB2-436F-A63E-E55781177A91}.Debug|Any CPU.ActiveCfg = Debug|Any CPU
		{49685F18-DEB2-436F-A63E-E55781177A91}.Debug|Any CPU.Build.0 = Debug|Any CPU
		{49685F18-DEB2-436F-A63E-E55781177A91}.Release|Any CPU.ActiveCfg = Release|Any CPU
		{49685F18-DEB2-436F-A63E-E55781177A91}.Release|Any CPU.Build.0 = Release|Any CPU
		{DC0347B9-92AC-4B44-B054-7C8476A1283D}.Debug|Any CPU.ActiveCfg = Debug|Any CPU
		{DC0347B9-92AC-4B44-B054-7C8476A1283D}.Debug|Any CPU.Build.0 = Debug|Any CPU
		{DC0347B9-92AC-4B44-B054-7C8476A1283D}.Release|Any CPU.ActiveCfg = Release|Any CPU
		{DC0347B9-92AC-4B44-B054-7C8476A1283D}.Release|Any CPU.Build.0 = Release|Any CPU
		{CD7C40EE-617C-4411-B579-09F6CFC3CEEC}.Debug|Any CPU.ActiveCfg = Debug|Any CPU
		{CD7C40EE-617C-4411-B579-09F6CFC3CEEC}.Debug|Any CPU.Build.0 = Debug|Any CPU
		{CD7C40EE-617C-4411-B579-09F6CFC3CEEC}.Release|Any CPU.ActiveCfg = Release|Any CPU
		{CD7C40EE-617C-4411-B579-09F6CFC3CEEC}.Release|Any CPU.Build.0 = Release|Any CPU
	EndGlobalSection
	GlobalSection(SolutionProperties) = preSolution
		HideSolutionNode = FALSE
	EndGlobalSection
	GlobalSection(NestedProjects) = preSolution
		{89CD6473-C42C-4FD7-85C2-69294F9BB0B5} = {6115786A-279C-4193-98B0-0FE3D560C79B}
		{5660CF64-6B6F-4D53-8B7F-27CA345D4CAF} = {6115786A-279C-4193-98B0-0FE3D560C79B}
		{8ABD746F-27E9-454F-A7BC-3C53E70E65A9} = {6115786A-279C-4193-98B0-0FE3D560C79B}
		{4EB4A94F-11F7-409B-8107-FA5F15BFC18E} = {017A5F4C-1671-4DEB-8968-ED2099C56AAD}
		{4431703A-B267-409D-8080-4DF1AD0C41E0} = {017A5F4C-1671-4DEB-8968-ED2099C56AAD}
		{F19950F1-AEFA-4E84-93BE-BE148CAD6337} = {679EBE17-8831-4DA6-A28C-E182F512D482}
		{799EB90D-85BE-43D1-8B3D-27C2108CF79B} = {679EBE17-8831-4DA6-A28C-E182F512D482}
		{55180E6B-E467-43E9-8129-7343DD708447} = {679EBE17-8831-4DA6-A28C-E182F512D482}
		{C0D8EBE5-7662-4BBA-BC6E-B97F14190565} = {13B292D8-9162-467D-9755-18D447DE04A5}
		{4B6833CA-E935-4DB1-B550-B6B9C713B1C6} = {13B292D8-9162-467D-9755-18D447DE04A5}
		{C82D44E3-3BC3-43A0-A550-50FF26A57794} = {13B292D8-9162-467D-9755-18D447DE04A5}
		{5E9D33DB-EC3E-4C8B-9229-053077D58B9D} = {13B292D8-9162-467D-9755-18D447DE04A5}
		{7647825A-CD48-4F5D-91B9-6B9D5B5492FB} = {13B292D8-9162-467D-9755-18D447DE04A5}
		{C97D0FF0-1084-4F96-B56D-014928165943} = {13B292D8-9162-467D-9755-18D447DE04A5}
		{D493E2C5-6992-4124-896B-FBAEF339D8A7} = {13B292D8-9162-467D-9755-18D447DE04A5}
		{CEA6B149-1CA2-420D-9C8B-998E2BC3F635} = {13B292D8-9162-467D-9755-18D447DE04A5}
		{2EB43C2B-0A48-4E42-9854-F4CCE125D489} = {13B292D8-9162-467D-9755-18D447DE04A5}
		{13B292D8-9162-467D-9755-18D447DE04A5} = {4431703A-B267-409D-8080-4DF1AD0C41E0}
		{856C07DD-4DAD-40FD-B779-F57CDE628CC9} = {4431703A-B267-409D-8080-4DF1AD0C41E0}
		{8D4B1E66-D7CE-4A22-91C5-1E17F6E777E0} = {856C07DD-4DAD-40FD-B779-F57CDE628CC9}
		{3D399711-F389-4C70-8FF3-F44797A698B2} = {856C07DD-4DAD-40FD-B779-F57CDE628CC9}
		{EC95BA8A-A10F-49E7-84E6-A62E7CC70176} = {856C07DD-4DAD-40FD-B779-F57CDE628CC9}
		{0AB622BE-8D52-4B77-A60A-07457486B513} = {856C07DD-4DAD-40FD-B779-F57CDE628CC9}
		{D1D3BC27-FEFF-46B8-AA4D-F88C50F77207} = {679EBE17-8831-4DA6-A28C-E182F512D482}
		{5897C3F9-BDC8-4E1C-B61D-B21FB9991760} = {679EBE17-8831-4DA6-A28C-E182F512D482}
		{A49A4849-999B-4A1E-A887-E4CC3ECE2044} = {679EBE17-8831-4DA6-A28C-E182F512D482}
		{49685F18-DEB2-436F-A63E-E55781177A91} = {679EBE17-8831-4DA6-A28C-E182F512D482}
		{DC0347B9-92AC-4B44-B054-7C8476A1283D} = {679EBE17-8831-4DA6-A28C-E182F512D482}
		{CD7C40EE-617C-4411-B579-09F6CFC3CEEC} = {1F270C09-304B-4AC3-957F-F19E413D358E}
	EndGlobalSection
	GlobalSection(ExtensibilityGlobals) = postSolution
		SolutionGuid = {4FD14F18-B2BD-403E-B592-2D624430308E}
	EndGlobalSection
EndGlobal
