
Microsoft Visual Studio Solution File, Format Version 12.00
# Visual Studio Version 16
VisualStudioVersion = 16.0.29123.88
MinimumVisualStudioVersion = 10.0.40219.1
Project("{9A19103F-16F7-4668-BE54-9A1E7A4F7556}") = "Pr1", "Pr1.csproj", "{89CD6473-C42C-4FD7-85C2-69294F9BB0B5}"
EndProject
Project("{2150E333-8FDC-42A3-9474-1A3956D46DE8}") = "2_Osnove", "2_Osnove", "{6115786A-279C-4193-98B0-0FE3D560C79B}"
EndProject
Project("{9A19103F-16F7-4668-BE54-9A1E7A4F7556}") = "Pr2_Operator", "..\Pr2_Operator\Pr2_Operator.csproj", "{5660CF64-6B6F-4D53-8B7F-27CA345D4CAF}"
EndProject
Project("{9A19103F-16F7-4668-BE54-9A1E7A4F7556}") = "Pr3_Ucitavanje_s_tipkovnice", "..\Pr3_Ucitavanje_s_tipkovnice\Pr3_Ucitavanje_s_tipkovnice.csproj", "{8ABD746F-27E9-454F-A7BC-3C53E70E65A9}"
EndProject
Project("{2150E333-8FDC-42A3-9474-1A3956D46DE8}") = "5_Uvijetno grananje", "5_Uvijetno grananje", "{679EBE17-8831-4DA6-A28C-E182F512D482}"
EndProject
Project("{2150E333-8FDC-42A3-9474-1A3956D46DE8}") = "zbirkaZadataka", "zbirkaZadataka", "{017A5F4C-1671-4DEB-8968-ED2099C56AAD}"
EndProject
Project("{2150E333-8FDC-42A3-9474-1A3956D46DE8}") = "4_uvod", "4_uvod", "{4EB4A94F-11F7-409B-8107-FA5F15BFC18E}"
EndProject
Project("{2150E333-8FDC-42A3-9474-1A3956D46DE8}") = "5_osnovniTipoviPodataka", "5_osnovniTipoviPodataka", "{4431703A-B267-409D-8080-4DF1AD0C41E0}"
EndProject
Project("{9A19103F-16F7-4668-BE54-9A1E7A4F7556}") = "Pr3.1.1_if", "..\Pr3.1.1_if\Pr3.1.1_if.csproj", "{F19950F1-AEFA-4E84-93BE-BE148CAD6337}"
EndProject
Project("{9A19103F-16F7-4668-BE54-9A1E7A4F7556}") = "Pr3.1.2_ugnjezdeni", "..\Pr3.1.2_ugnjezdeni\Pr3.1.2_ugnjezdeni.csproj", "{799EB90D-85BE-43D1-8B3D-27C2108CF79B}"
EndProject
Project("{9A19103F-16F7-4668-BE54-9A1E7A4F7556}") = "Pr3.1.3_prosireni_if", "..\Pr3.1.3_prosireni_if\Pr3.1.3_prosireni_if.csproj", "{55180E6B-E467-43E9-8129-7343DD708447}"
EndProject
Project("{9A19103F-16F7-4668-BE54-9A1E7A4F7556}") = "5.2.2_kalkulator", "..\5.2.2_kalkulator\5.2.2_kalkulator.csproj", "{C0D8EBE5-7662-4BBA-BC6E-B97F14190565}"
EndProject
Project("{9A19103F-16F7-4668-BE54-9A1E7A4F7556}") = "5.2.1_pozILInegBroj", "..\5.2.1_pozILInegBroj\5.2.1_pozILInegBroj.csproj", "{4B6833CA-E935-4DB1-B550-B6B9C713B1C6}"
EndProject
Project("{9A19103F-16F7-4668-BE54-9A1E7A4F7556}") = "5.2.3_velikiBroj", "..\5.2.3_velikiBroj\5.2.3_velikiBroj.csproj", "{C82D44E3-3BC3-43A0-A550-50FF26A57794}"
EndProject
Project("{9A19103F-16F7-4668-BE54-9A1E7A4F7556}") = "5.2.4_xZnamenkastiBroj", "..\5.2.4_xZnamenkastiBroj\5.2.4_xZnamenkastiBroj.csproj", "{5E9D33DB-EC3E-4C8B-9229-053077D58B9D}"
EndProject
Project("{9A19103F-16F7-4668-BE54-9A1E7A4F7556}") = "5.2.5_uIntervalu", "..\5.2.5_uIntervalu\5.2.5_uIntervalu.csproj", "{7647825A-CD48-4F5D-91B9-6B9D5B5492FB}"
EndProject
Project("{9A19103F-16F7-4668-BE54-9A1E7A4F7556}") = "5.2.6_dobarBroj", "..\5.2.6_dobarBroj\5.2.6_dobarBroj.csproj", "{C97D0FF0-1084-4F96-B56D-014928165943}"
EndProject
Project("{9A19103F-16F7-4668-BE54-9A1E7A4F7556}") = "5.2.7_dobarBroj_2", "..\5.2.7_dobarBroj_2\5.2.7_dobarBroj_2.csproj", "{D493E2C5-6992-4124-896B-FBAEF339D8A7}"
EndProject
Project("{9A19103F-16F7-4668-BE54-9A1E7A4F7556}") = "5.2.8_prijestupnaGodina", "..\5.2.8_prijestupnaGodina\5.2.8_prijestupnaGodina.csproj", "{CEA6B149-1CA2-420D-9C8B-998E2BC3F635}"
EndProject
Project("{9A19103F-16F7-4668-BE54-9A1E7A4F7556}") = "5.2.9_cijelobrojnaDijeljenje", "..\5.2.9_cijelobrojnaDijeljenje\5.2.9_cijelobrojnaDijeljenje.csproj", "{2EB43C2B-0A48-4E42-9854-F4CCE125D489}"
EndProject
Project("{2150E333-8FDC-42A3-9474-1A3956D46DE8}") = "5.2_uvjetnoGrananje", "5.2_uvjetnoGrananje", "{13B292D8-9162-467D-9755-18D447DE04A5}"
EndProject
Project("{2150E333-8FDC-42A3-9474-1A3956D46DE8}") = "5.3_ciklickePetlje", "5.3_ciklickePetlje", "{856C07DD-4DAD-40FD-B779-F57CDE628CC9}"
EndProject
Project("{9A19103F-16F7-4668-BE54-9A1E7A4F7556}") = "5.3.1_nepraniDo20", "..\5.3.1_nepraniDo20\5.3.1_nepraniDo20.csproj", "{8D4B1E66-D7CE-4A22-91C5-1E17F6E777E0}"
EndProject
Project("{9A19103F-16F7-4668-BE54-9A1E7A4F7556}") = "5.3.2_djeljiv_s_5", "..\5.3.2_djeljiv_s_5\5.3.2_djeljiv_s_5.csproj", "{3D399711-F389-4C70-8FF3-F44797A698B2}"
EndProject
Project("{9A19103F-16F7-4668-BE54-9A1E7A4F7556}") = "5.3.3_suma100brojeva", "..\5.3.3_suma100brojeva\5.3.3_suma100brojeva.csproj", "{EC95BA8A-A10F-49E7-84E6-A62E7CC70176}"
EndProject
Project("{9A19103F-16F7-4668-BE54-9A1E7A4F7556}") = "5.3.4_faktorijel", "..\5.3.4_faktorijel\5.3.4_faktorijel.csproj", "{0AB622BE-8D52-4B77-A60A-07457486B513}"
EndProject
Project("{9A19103F-16F7-4668-BE54-9A1E7A4F7556}") = "Pr4_switch", "..\Pr4_switch\Pr4_switch.csproj", "{D1D3BC27-FEFF-46B8-AA4D-F88C50F77207}"
EndProject
Project("{9A19103F-16F7-4668-BE54-9A1E7A4F7556}") = "Pr4.1_strukturiranoUpravljanjeGreskama", "..\Pr4.1_strukturiranoUpravljanjeGreskama\Pr4.1_strukturiranoUpravljanjeGreskama.csproj", "{5897C3F9-BDC8-4E1C-B61D-B21FB9991760}"
EndProject
Project("{9A19103F-16F7-4668-BE54-9A1E7A4F7556}") = "Pr4.2_user_pass", "..\Pr4.2_user_pass\Pr4.2_user_pass.csproj", "{A49A4849-999B-4A1E-A887-E4CC3ECE2044}"
EndProject
Project("{9A19103F-16F7-4668-BE54-9A1E7A4F7556}") = "Pr4.3_boolian_ili", "..\Pr4.3_boolian_ili\Pr4.3_boolian_ili.csproj", "{49685F18-DEB2-436F-A63E-E55781177A91}"
EndProject
Project("{9A19103F-16F7-4668-BE54-9A1E7A4F7556}") = "Pr4.4_not", "..\Pr4.4_not\Pr4.4_not.csproj", "{DC0347B9-92AC-4B44-B054-7C8476A1283D}"
EndProject
Project("{2150E333-8FDC-42A3-9474-1A3956D46DE8}") = "5_ciklickePetlje", "5_ciklickePetlje", "{1F270C09-304B-4AC3-957F-F19E413D358E}"
EndProject
Project("{9A19103F-16F7-4668-BE54-9A1E7A4F7556}") = "5.3.1_for", "..\5.3.1_for\5.3.1_for.csproj", "{CD7C40EE-617C-4411-B579-09F6CFC3CEEC}"
EndProject
Project("{9A19103F-16F7-4668-BE54-9A1E7A4F7556}") = "5.3.5_dijeljivi_s_3", "..\5.3.5_dijeljivi_s_3\5.3.5_dijeljivi_s_3.csproj", "{8017A778-9D41-4085-A4E1-C3E3A1FAD569}"
EndProject
Project("{9A19103F-16F7-4668-BE54-9A1E7A4F7556}") = "5.3.6_prijestupneGodine", "..\5.3.6_prijestupneGodine\5.3.6_prijestupneGodine.csproj", "{3955F0F5-D69E-4543-90B2-D8182A6F26E7}"
EndProject
Project("{9A19103F-16F7-4668-BE54-9A1E7A4F7556}") = "5.3.7_73ispis", "..\5.3.7_73ispis\5.3.7_73ispis.csproj", "{02C38AFC-F7F8-4EE1-B959-C8D72611D379}"
EndProject
Project("{9A19103F-16F7-4668-BE54-9A1E7A4F7556}") = "5.3.8_73koliko", "..\5.3.8_73koliko\5.3.8_73koliko.csproj", "{C384D3A6-56E6-48BA-9CE5-BD6DD05E84EC}"
EndProject
Project("{9A19103F-16F7-4668-BE54-9A1E7A4F7556}") = "5.3.9_djelitelji", "..\5.3.9_djelitelji\5.3.9_djelitelji.csproj", "{2B98D76C-EDE7-4C3E-8CB1-814F9B1AD0E3}"
EndProject
Project("{2150E333-8FDC-42A3-9474-1A3956D46DE8}") = "5.3.10_paNadalje", "5.3.10_paNadalje", "{27A17F1B-22D1-48B9-8E8E-292C519942F1}"
EndProject
Project("{9A19103F-16F7-4668-BE54-9A1E7A4F7556}") = "5.3.10_savrseniBroj", "..\5.3.10_savrseniBroj\5.3.10_savrseniBroj.csproj", "{BFF5A3D2-A2EA-4136-9AD9-F55A374E09F2}"
EndProject
Project("{9A19103F-16F7-4668-BE54-9A1E7A4F7556}") = "5.3.11_savrseniBrojevi", "..\5.3.11_savrseniBrojevi\5.3.11_savrseniBrojevi.csproj", "{91787221-0FE0-4503-83BC-C76AC4CED65A}"
EndProject
Project("{9A19103F-16F7-4668-BE54-9A1E7A4F7556}") = "5.3.12_suma_i_Prosjek", "..\5.3.12_suma_i_Prosjek\5.3.12_suma_i_Prosjek.csproj", "{28E9AA4A-4388-4CBD-8DBC-EADECAD28984}"
EndProject
Project("{9A19103F-16F7-4668-BE54-9A1E7A4F7556}") = "5.3.13_minMax", "..\5.3.13_minMax\5.3.13_minMax.csproj", "{A903F617-FFF9-4982-A613-31FECF94B6E5}"
EndProject
Project("{2150E333-8FDC-42A3-9474-1A3956D46DE8}") = "6_nizovi_i_liste", "6_nizovi_i_liste", "{E59A0874-18BC-419A-9CD5-FEB505F3DEA1}"
EndProject
Project("{9A19103F-16F7-4668-BE54-9A1E7A4F7556}") = "6.1_niz", "..\6.1_niz\6.1_niz.csproj", "{AF22FD24-6E0C-44D2-A7FA-5E64E9688599}"
EndProject
Project("{9A19103F-16F7-4668-BE54-9A1E7A4F7556}") = "Pr6.1.1_unosIspis", "..\Pr6.1.1_unosIspis\Pr6.1.1_unosIspis.csproj", "{6454560F-2FCD-4338-B1DF-FF05E31748C8}"
EndProject
Project("{9A19103F-16F7-4668-BE54-9A1E7A4F7556}") = "Pr6.1.2_maxNiz", "..\Pr6.1.2_maxNiz\Pr6.1.2_maxNiz.csproj", "{50D75393-C0D3-4282-AA80-78627E145554}"
EndProject
Project("{9A19103F-16F7-4668-BE54-9A1E7A4F7556}") = "Pr6.1.3_naopako", "..\Pr.6.1.3_naopako\Pr6.1.3_naopako.csproj", "{213A47C5-C0D4-4EF2-B796-6C0AE4CB61FE}"
EndProject
Project("{9A19103F-16F7-4668-BE54-9A1E7A4F7556}") = "Pr6.1.4_parNepar2", "..\Pr6.1.4_parNepar2\Pr6.1.4_parNepar2.csproj", "{63F71700-284D-443E-861C-830166D0F36A}"
EndProject
Project("{9A19103F-16F7-4668-BE54-9A1E7A4F7556}") = "Pr6.1.5_sort", "..\Pr6.1.5_sort\Pr6.1.5_sort.csproj", "{5BFFCC74-EA88-4AB9-9F1C-E6450B3A8F6D}"
EndProject
Project("{2150E333-8FDC-42A3-9474-1A3956D46DE8}") = "6_nizovi", "6_nizovi", "{87F6A55A-B9B4-447B-8E4F-02A26256878F}"
EndProject
Project("{2150E333-8FDC-42A3-9474-1A3956D46DE8}") = "6.1_nizovi", "6.1_nizovi", "{37582BA3-8806-456B-B878-CC2196DC79AD}"
EndProject
Project("{2150E333-8FDC-42A3-9474-1A3956D46DE8}") = "6.2_liste", "6.2_liste", "{09CADA13-AA11-4613-B7F8-CB350C77D323}"
EndProject
Project("{9A19103F-16F7-4668-BE54-9A1E7A4F7556}") = "6.2.4_znamenke", "..\6.2.4_znamenke\6.2.4_znamenke.csproj", "{51947AD0-5DBC-49EE-AC48-0D3942C259CB}"
EndProject
Project("{9A19103F-16F7-4668-BE54-9A1E7A4F7556}") = "6.2.5_prostiFaktori", "..\6.2.5_prostiFaktori\6.2.5_prostiFaktori.csproj", "{1B2CF0B1-0180-4167-B90A-A44E6BD485CC}"
EndProject
Project("{2150E333-8FDC-42A3-9474-1A3956D46DE8}") = "7_metode", "7_metode", "{5095B1C7-DE81-42E6-8655-34F3F11DEE1C}"
EndProject
Project("{9A19103F-16F7-4668-BE54-9A1E7A4F7556}") = "7.2.1_potprogram", "..\7.2.1_potprogram\7.2.1_potprogram.csproj", "{E99255AE-923A-4A2B-9771-06CFE70824F3}"
EndProject
Project("{9A19103F-16F7-4668-BE54-9A1E7A4F7556}") = "7.2.2_unosImena", "..\7.2.2_unosImena\7.2.2_unosImena.csproj", "{5E651580-2C19-4001-BEB6-D7189AB1E5DA}"
EndProject
Project("{9A19103F-16F7-4668-BE54-9A1E7A4F7556}") = "7.3.1_kvadrat", "..\7.3.1_kvadrat\7.3.1_kvadrat.csproj", "{9E95FD57-9110-4ED6-BC6F-82DCB1A6331F}"
EndProject
Project("{2150E333-8FDC-42A3-9474-1A3956D46DE8}") = "7_metode", "7_metode", "{10FB6C16-E2F9-42D0-9969-4DE528D5E082}"
EndProject
Project("{9A19103F-16F7-4668-BE54-9A1E7A4F7556}") = "7.2.1_krug", "..\7.2.1_krug\7.2.1_krug.csproj", "{08336E04-6E9D-474A-A101-D5CF5F43DD59}"
EndProject
Project("{9A19103F-16F7-4668-BE54-9A1E7A4F7556}") = "7.2.2_jednokracanTrokut", "..\7.2.2_jednokracanTrokut\7.2.2_jednokracanTrokut.csproj", "{954F02C2-9991-4F5C-8725-D5ED5F5D42AE}"
EndProject
Project("{9A19103F-16F7-4668-BE54-9A1E7A4F7556}") = "7.2.3_KSuKW", "..\7.2.3_KSuKW\7.2.3_KSuKW.csproj", "{2B122501-091A-43BD-A1FC-C65C99FE25C8}"
EndProject
Project("{9A19103F-16F7-4668-BE54-9A1E7A4F7556}") = "7.2.4_CtoF", "..\7.2.4_CtoF\7.2.4_CtoF.csproj", "{3D94174F-9766-4F60-8B54-0A99C86C5F1C}"
EndProject
Project("{9A19103F-16F7-4668-BE54-9A1E7A4F7556}") = "7.2.5_udaljenost", "..\7.2.5_udaljenost\7.2.5_udaljenost.csproj", "{42C9A2CE-56DA-47E3-AE3A-2BB78C3BC949}"
EndProject
Project("{9A19103F-16F7-4668-BE54-9A1E7A4F7556}") = "7.2.6_prostBroj", "..\7.2.6_prostBroj\7.2.6_prostBroj.csproj", "{0C10DEF1-26AC-473E-BD43-6844578B80B6}"
EndProject
Project("{9A19103F-16F7-4668-BE54-9A1E7A4F7556}") = "7.2.7_prostBrojPonovo", "..\7.2.7_prostBrojPonovo\7.2.7_prostBrojPonovo.csproj", "{E9F79AC0-1577-46B0-A27F-B038F89AA40B}"
EndProject
Project("{9A19103F-16F7-4668-BE54-9A1E7A4F7556}") = "7.2.8_faktorijel", "..\7.2.8_faktorijel\7.2.8_faktorijel.csproj", "{02014400-1B91-4B50-BFF9-2B15BFA8CE9D}"
EndProject
Project("{2150E333-8FDC-42A3-9474-1A3956D46DE8}") = "7.2.10-11", "7.2.10-11", "{3F1CE8EC-B81D-411B-8242-3B457E1E6EA9}"
EndProject
Project("{9A19103F-16F7-4668-BE54-9A1E7A4F7556}") = "7.2.10_ukCijena", "..\7.2.10_ukCijena\7.2.10_ukCijena.csproj", "{1CBCEFCD-3CFE-41CE-A1E6-07CF7F6CB6F9}"
EndProject
Project("{9A19103F-16F7-4668-BE54-9A1E7A4F7556}") = "7.2.11_parNep", "..\7.2.11_parNep\7.2.11_parNep.csproj", "{06D5BE06-AB74-4D44-9DC5-854447DEA45E}"
EndProject
Project("{2150E333-8FDC-42A3-9474-1A3956D46DE8}") = "8_objekti", "8_objekti", "{DE474CA8-B476-4581-80CF-BFE9860364AF}"
EndProject
Project("{9A19103F-16F7-4668-BE54-9A1E7A4F7556}") = "Pr8.1.2_ucenik", "..\Pr8.1.2_ucenik\Pr8.1.2_ucenik.csproj", "{6F608C1A-42D1-46FF-8909-4B1038EC73FF}"
EndProject
Project("{2150E333-8FDC-42A3-9474-1A3956D46DE8}") = "yNekiBug", "yNekiBug", "{24A7A9CB-8110-4D7A-A012-E5B7A75AB9CF}"
EndProject
Project("{9A19103F-16F7-4668-BE54-9A1E7A4F7556}") = "8.1.1_Proizvod", "..\8.1.1_Proizvod\8.1.1_Proizvod.csproj", "{7FE5789D-27F6-48E9-80E0-E88D2E896258}"
EndProject
Project("{2150E333-8FDC-42A3-9474-1A3956D46DE8}") = "8_objekti", "8_objekti", "{21011B55-87EA-428A-A3DA-C94EA18D2222}"
EndProject
Project("{9A19103F-16F7-4668-BE54-9A1E7A4F7556}") = "8.1.2_Automobil", "..\8.1.2_Automobil\8.1.2_Automobil.csproj", "{A6DA469E-187E-43C9-8719-8B1F879D3D34}"
EndProject
Project("{FAE04EC0-301F-11D3-BF4B-00C04F79EFBC}") = "8.1.3_Zaposlenik", "..\8.1.3_Zaposlenik\8.1.3_Zaposlenik.csproj", "{F21DAFB9-D684-4FFB-AFA2-F1F3C4A4A9D8}"
EndProject
Global
	GlobalSection(SolutionConfigurationPlatforms) = preSolution
		Debug|Any CPU = Debug|Any CPU
		Release|Any CPU = Release|Any CPU
	EndGlobalSection
	GlobalSection(ProjectConfigurationPlatforms) = postSolution
		{89CD6473-C42C-4FD7-85C2-69294F9BB0B5}.Debug|Any CPU.ActiveCfg = Debug|Any CPU
		{89CD6473-C42C-4FD7-85C2-69294F9BB0B5}.Debug|Any CPU.Build.0 = Debug|Any CPU
		{89CD6473-C42C-4FD7-85C2-69294F9BB0B5}.Release|Any CPU.ActiveCfg = Release|Any CPU
		{89CD6473-C42C-4FD7-85C2-69294F9BB0B5}.Release|Any CPU.Build.0 = Release|Any CPU
		{5660CF64-6B6F-4D53-8B7F-27CA345D4CAF}.Debug|Any CPU.ActiveCfg = Debug|Any CPU
		{5660CF64-6B6F-4D53-8B7F-27CA345D4CAF}.Debug|Any CPU.Build.0 = Debug|Any CPU
		{5660CF64-6B6F-4D53-8B7F-27CA345D4CAF}.Release|Any CPU.ActiveCfg = Release|Any CPU
		{5660CF64-6B6F-4D53-8B7F-27CA345D4CAF}.Release|Any CPU.Build.0 = Release|Any CPU
		{8ABD746F-27E9-454F-A7BC-3C53E70E65A9}.Debug|Any CPU.ActiveCfg = Debug|Any CPU
		{8ABD746F-27E9-454F-A7BC-3C53E70E65A9}.Debug|Any CPU.Build.0 = Debug|Any CPU
		{8ABD746F-27E9-454F-A7BC-3C53E70E65A9}.Release|Any CPU.ActiveCfg = Release|Any CPU
		{8ABD746F-27E9-454F-A7BC-3C53E70E65A9}.Release|Any CPU.Build.0 = Release|Any CPU
		{F19950F1-AEFA-4E84-93BE-BE148CAD6337}.Debug|Any CPU.ActiveCfg = Debug|Any CPU
		{F19950F1-AEFA-4E84-93BE-BE148CAD6337}.Debug|Any CPU.Build.0 = Debug|Any CPU
		{F19950F1-AEFA-4E84-93BE-BE148CAD6337}.Release|Any CPU.ActiveCfg = Release|Any CPU
		{F19950F1-AEFA-4E84-93BE-BE148CAD6337}.Release|Any CPU.Build.0 = Release|Any CPU
		{799EB90D-85BE-43D1-8B3D-27C2108CF79B}.Debug|Any CPU.ActiveCfg = Debug|Any CPU
		{799EB90D-85BE-43D1-8B3D-27C2108CF79B}.Debug|Any CPU.Build.0 = Debug|Any CPU
		{799EB90D-85BE-43D1-8B3D-27C2108CF79B}.Release|Any CPU.ActiveCfg = Release|Any CPU
		{799EB90D-85BE-43D1-8B3D-27C2108CF79B}.Release|Any CPU.Build.0 = Release|Any CPU
		{55180E6B-E467-43E9-8129-7343DD708447}.Debug|Any CPU.ActiveCfg = Debug|Any CPU
		{55180E6B-E467-43E9-8129-7343DD708447}.Debug|Any CPU.Build.0 = Debug|Any CPU
		{55180E6B-E467-43E9-8129-7343DD708447}.Release|Any CPU.ActiveCfg = Release|Any CPU
		{55180E6B-E467-43E9-8129-7343DD708447}.Release|Any CPU.Build.0 = Release|Any CPU
		{C0D8EBE5-7662-4BBA-BC6E-B97F14190565}.Debug|Any CPU.ActiveCfg = Debug|Any CPU
		{C0D8EBE5-7662-4BBA-BC6E-B97F14190565}.Debug|Any CPU.Build.0 = Debug|Any CPU
		{C0D8EBE5-7662-4BBA-BC6E-B97F14190565}.Release|Any CPU.ActiveCfg = Release|Any CPU
		{C0D8EBE5-7662-4BBA-BC6E-B97F14190565}.Release|Any CPU.Build.0 = Release|Any CPU
		{4B6833CA-E935-4DB1-B550-B6B9C713B1C6}.Debug|Any CPU.ActiveCfg = Debug|Any CPU
		{4B6833CA-E935-4DB1-B550-B6B9C713B1C6}.Debug|Any CPU.Build.0 = Debug|Any CPU
		{4B6833CA-E935-4DB1-B550-B6B9C713B1C6}.Release|Any CPU.ActiveCfg = Release|Any CPU
		{4B6833CA-E935-4DB1-B550-B6B9C713B1C6}.Release|Any CPU.Build.0 = Release|Any CPU
		{C82D44E3-3BC3-43A0-A550-50FF26A57794}.Debug|Any CPU.ActiveCfg = Debug|Any CPU
		{C82D44E3-3BC3-43A0-A550-50FF26A57794}.Debug|Any CPU.Build.0 = Debug|Any CPU
		{C82D44E3-3BC3-43A0-A550-50FF26A57794}.Release|Any CPU.ActiveCfg = Release|Any CPU
		{C82D44E3-3BC3-43A0-A550-50FF26A57794}.Release|Any CPU.Build.0 = Release|Any CPU
		{5E9D33DB-EC3E-4C8B-9229-053077D58B9D}.Debug|Any CPU.ActiveCfg = Debug|Any CPU
		{5E9D33DB-EC3E-4C8B-9229-053077D58B9D}.Debug|Any CPU.Build.0 = Debug|Any CPU
		{5E9D33DB-EC3E-4C8B-9229-053077D58B9D}.Release|Any CPU.ActiveCfg = Release|Any CPU
		{5E9D33DB-EC3E-4C8B-9229-053077D58B9D}.Release|Any CPU.Build.0 = Release|Any CPU
		{7647825A-CD48-4F5D-91B9-6B9D5B5492FB}.Debug|Any CPU.ActiveCfg = Debug|Any CPU
		{7647825A-CD48-4F5D-91B9-6B9D5B5492FB}.Debug|Any CPU.Build.0 = Debug|Any CPU
		{7647825A-CD48-4F5D-91B9-6B9D5B5492FB}.Release|Any CPU.ActiveCfg = Release|Any CPU
		{7647825A-CD48-4F5D-91B9-6B9D5B5492FB}.Release|Any CPU.Build.0 = Release|Any CPU
		{C97D0FF0-1084-4F96-B56D-014928165943}.Debug|Any CPU.ActiveCfg = Debug|Any CPU
		{C97D0FF0-1084-4F96-B56D-014928165943}.Debug|Any CPU.Build.0 = Debug|Any CPU
		{C97D0FF0-1084-4F96-B56D-014928165943}.Release|Any CPU.ActiveCfg = Release|Any CPU
		{C97D0FF0-1084-4F96-B56D-014928165943}.Release|Any CPU.Build.0 = Release|Any CPU
		{D493E2C5-6992-4124-896B-FBAEF339D8A7}.Debug|Any CPU.ActiveCfg = Debug|Any CPU
		{D493E2C5-6992-4124-896B-FBAEF339D8A7}.Debug|Any CPU.Build.0 = Debug|Any CPU
		{D493E2C5-6992-4124-896B-FBAEF339D8A7}.Release|Any CPU.ActiveCfg = Release|Any CPU
		{D493E2C5-6992-4124-896B-FBAEF339D8A7}.Release|Any CPU.Build.0 = Release|Any CPU
		{CEA6B149-1CA2-420D-9C8B-998E2BC3F635}.Debug|Any CPU.ActiveCfg = Debug|Any CPU
		{CEA6B149-1CA2-420D-9C8B-998E2BC3F635}.Debug|Any CPU.Build.0 = Debug|Any CPU
		{CEA6B149-1CA2-420D-9C8B-998E2BC3F635}.Release|Any CPU.ActiveCfg = Release|Any CPU
		{CEA6B149-1CA2-420D-9C8B-998E2BC3F635}.Release|Any CPU.Build.0 = Release|Any CPU
		{2EB43C2B-0A48-4E42-9854-F4CCE125D489}.Debug|Any CPU.ActiveCfg = Debug|Any CPU
		{2EB43C2B-0A48-4E42-9854-F4CCE125D489}.Debug|Any CPU.Build.0 = Debug|Any CPU
		{2EB43C2B-0A48-4E42-9854-F4CCE125D489}.Release|Any CPU.ActiveCfg = Release|Any CPU
		{2EB43C2B-0A48-4E42-9854-F4CCE125D489}.Release|Any CPU.Build.0 = Release|Any CPU
		{8D4B1E66-D7CE-4A22-91C5-1E17F6E777E0}.Debug|Any CPU.ActiveCfg = Debug|Any CPU
		{8D4B1E66-D7CE-4A22-91C5-1E17F6E777E0}.Debug|Any CPU.Build.0 = Debug|Any CPU
		{8D4B1E66-D7CE-4A22-91C5-1E17F6E777E0}.Release|Any CPU.ActiveCfg = Release|Any CPU
		{8D4B1E66-D7CE-4A22-91C5-1E17F6E777E0}.Release|Any CPU.Build.0 = Release|Any CPU
		{3D399711-F389-4C70-8FF3-F44797A698B2}.Debug|Any CPU.ActiveCfg = Debug|Any CPU
		{3D399711-F389-4C70-8FF3-F44797A698B2}.Debug|Any CPU.Build.0 = Debug|Any CPU
		{3D399711-F389-4C70-8FF3-F44797A698B2}.Release|Any CPU.ActiveCfg = Release|Any CPU
		{3D399711-F389-4C70-8FF3-F44797A698B2}.Release|Any CPU.Build.0 = Release|Any CPU
		{EC95BA8A-A10F-49E7-84E6-A62E7CC70176}.Debug|Any CPU.ActiveCfg = Debug|Any CPU
		{EC95BA8A-A10F-49E7-84E6-A62E7CC70176}.Debug|Any CPU.Build.0 = Debug|Any CPU
		{EC95BA8A-A10F-49E7-84E6-A62E7CC70176}.Release|Any CPU.ActiveCfg = Release|Any CPU
		{EC95BA8A-A10F-49E7-84E6-A62E7CC70176}.Release|Any CPU.Build.0 = Release|Any CPU
		{0AB622BE-8D52-4B77-A60A-07457486B513}.Debug|Any CPU.ActiveCfg = Debug|Any CPU
		{0AB622BE-8D52-4B77-A60A-07457486B513}.Debug|Any CPU.Build.0 = Debug|Any CPU
		{0AB622BE-8D52-4B77-A60A-07457486B513}.Release|Any CPU.ActiveCfg = Release|Any CPU
		{0AB622BE-8D52-4B77-A60A-07457486B513}.Release|Any CPU.Build.0 = Release|Any CPU
		{D1D3BC27-FEFF-46B8-AA4D-F88C50F77207}.Debug|Any CPU.ActiveCfg = Debug|Any CPU
		{D1D3BC27-FEFF-46B8-AA4D-F88C50F77207}.Debug|Any CPU.Build.0 = Debug|Any CPU
		{D1D3BC27-FEFF-46B8-AA4D-F88C50F77207}.Release|Any CPU.ActiveCfg = Release|Any CPU
		{D1D3BC27-FEFF-46B8-AA4D-F88C50F77207}.Release|Any CPU.Build.0 = Release|Any CPU
		{5897C3F9-BDC8-4E1C-B61D-B21FB9991760}.Debug|Any CPU.ActiveCfg = Debug|Any CPU
		{5897C3F9-BDC8-4E1C-B61D-B21FB9991760}.Debug|Any CPU.Build.0 = Debug|Any CPU
		{5897C3F9-BDC8-4E1C-B61D-B21FB9991760}.Release|Any CPU.ActiveCfg = Release|Any CPU
		{5897C3F9-BDC8-4E1C-B61D-B21FB9991760}.Release|Any CPU.Build.0 = Release|Any CPU
		{A49A4849-999B-4A1E-A887-E4CC3ECE2044}.Debug|Any CPU.ActiveCfg = Debug|Any CPU
		{A49A4849-999B-4A1E-A887-E4CC3ECE2044}.Debug|Any CPU.Build.0 = Debug|Any CPU
		{A49A4849-999B-4A1E-A887-E4CC3ECE2044}.Release|Any CPU.ActiveCfg = Release|Any CPU
		{A49A4849-999B-4A1E-A887-E4CC3ECE2044}.Release|Any CPU.Build.0 = Release|Any CPU
		{49685F18-DEB2-436F-A63E-E55781177A91}.Debug|Any CPU.ActiveCfg = Debug|Any CPU
		{49685F18-DEB2-436F-A63E-E55781177A91}.Debug|Any CPU.Build.0 = Debug|Any CPU
		{49685F18-DEB2-436F-A63E-E55781177A91}.Release|Any CPU.ActiveCfg = Release|Any CPU
		{49685F18-DEB2-436F-A63E-E55781177A91}.Release|Any CPU.Build.0 = Release|Any CPU
		{DC0347B9-92AC-4B44-B054-7C8476A1283D}.Debug|Any CPU.ActiveCfg = Debug|Any CPU
		{DC0347B9-92AC-4B44-B054-7C8476A1283D}.Debug|Any CPU.Build.0 = Debug|Any CPU
		{DC0347B9-92AC-4B44-B054-7C8476A1283D}.Release|Any CPU.ActiveCfg = Release|Any CPU
		{DC0347B9-92AC-4B44-B054-7C8476A1283D}.Release|Any CPU.Build.0 = Release|Any CPU
		{CD7C40EE-617C-4411-B579-09F6CFC3CEEC}.Debug|Any CPU.ActiveCfg = Debug|Any CPU
		{CD7C40EE-617C-4411-B579-09F6CFC3CEEC}.Debug|Any CPU.Build.0 = Debug|Any CPU
		{CD7C40EE-617C-4411-B579-09F6CFC3CEEC}.Release|Any CPU.ActiveCfg = Release|Any CPU
		{CD7C40EE-617C-4411-B579-09F6CFC3CEEC}.Release|Any CPU.Build.0 = Release|Any CPU
		{8017A778-9D41-4085-A4E1-C3E3A1FAD569}.Debug|Any CPU.ActiveCfg = Debug|Any CPU
		{8017A778-9D41-4085-A4E1-C3E3A1FAD569}.Debug|Any CPU.Build.0 = Debug|Any CPU
		{8017A778-9D41-4085-A4E1-C3E3A1FAD569}.Release|Any CPU.ActiveCfg = Release|Any CPU
		{8017A778-9D41-4085-A4E1-C3E3A1FAD569}.Release|Any CPU.Build.0 = Release|Any CPU
		{3955F0F5-D69E-4543-90B2-D8182A6F26E7}.Debug|Any CPU.ActiveCfg = Debug|Any CPU
		{3955F0F5-D69E-4543-90B2-D8182A6F26E7}.Debug|Any CPU.Build.0 = Debug|Any CPU
		{3955F0F5-D69E-4543-90B2-D8182A6F26E7}.Release|Any CPU.ActiveCfg = Release|Any CPU
		{3955F0F5-D69E-4543-90B2-D8182A6F26E7}.Release|Any CPU.Build.0 = Release|Any CPU
		{02C38AFC-F7F8-4EE1-B959-C8D72611D379}.Debug|Any CPU.ActiveCfg = Debug|Any CPU
		{02C38AFC-F7F8-4EE1-B959-C8D72611D379}.Debug|Any CPU.Build.0 = Debug|Any CPU
		{02C38AFC-F7F8-4EE1-B959-C8D72611D379}.Release|Any CPU.ActiveCfg = Release|Any CPU
		{02C38AFC-F7F8-4EE1-B959-C8D72611D379}.Release|Any CPU.Build.0 = Release|Any CPU
		{C384D3A6-56E6-48BA-9CE5-BD6DD05E84EC}.Debug|Any CPU.ActiveCfg = Debug|Any CPU
		{C384D3A6-56E6-48BA-9CE5-BD6DD05E84EC}.Debug|Any CPU.Build.0 = Debug|Any CPU
		{C384D3A6-56E6-48BA-9CE5-BD6DD05E84EC}.Release|Any CPU.ActiveCfg = Release|Any CPU
		{C384D3A6-56E6-48BA-9CE5-BD6DD05E84EC}.Release|Any CPU.Build.0 = Release|Any CPU
		{2B98D76C-EDE7-4C3E-8CB1-814F9B1AD0E3}.Debug|Any CPU.ActiveCfg = Debug|Any CPU
		{2B98D76C-EDE7-4C3E-8CB1-814F9B1AD0E3}.Debug|Any CPU.Build.0 = Debug|Any CPU
		{2B98D76C-EDE7-4C3E-8CB1-814F9B1AD0E3}.Release|Any CPU.ActiveCfg = Release|Any CPU
		{2B98D76C-EDE7-4C3E-8CB1-814F9B1AD0E3}.Release|Any CPU.Build.0 = Release|Any CPU
		{BFF5A3D2-A2EA-4136-9AD9-F55A374E09F2}.Debug|Any CPU.ActiveCfg = Debug|Any CPU
		{BFF5A3D2-A2EA-4136-9AD9-F55A374E09F2}.Debug|Any CPU.Build.0 = Debug|Any CPU
		{BFF5A3D2-A2EA-4136-9AD9-F55A374E09F2}.Release|Any CPU.ActiveCfg = Release|Any CPU
		{BFF5A3D2-A2EA-4136-9AD9-F55A374E09F2}.Release|Any CPU.Build.0 = Release|Any CPU
		{91787221-0FE0-4503-83BC-C76AC4CED65A}.Debug|Any CPU.ActiveCfg = Debug|Any CPU
		{91787221-0FE0-4503-83BC-C76AC4CED65A}.Debug|Any CPU.Build.0 = Debug|Any CPU
		{91787221-0FE0-4503-83BC-C76AC4CED65A}.Release|Any CPU.ActiveCfg = Release|Any CPU
		{91787221-0FE0-4503-83BC-C76AC4CED65A}.Release|Any CPU.Build.0 = Release|Any CPU
		{28E9AA4A-4388-4CBD-8DBC-EADECAD28984}.Debug|Any CPU.ActiveCfg = Debug|Any CPU
		{28E9AA4A-4388-4CBD-8DBC-EADECAD28984}.Debug|Any CPU.Build.0 = Debug|Any CPU
		{28E9AA4A-4388-4CBD-8DBC-EADECAD28984}.Release|Any CPU.ActiveCfg = Release|Any CPU
		{28E9AA4A-4388-4CBD-8DBC-EADECAD28984}.Release|Any CPU.Build.0 = Release|Any CPU
		{A903F617-FFF9-4982-A613-31FECF94B6E5}.Debug|Any CPU.ActiveCfg = Debug|Any CPU
		{A903F617-FFF9-4982-A613-31FECF94B6E5}.Debug|Any CPU.Build.0 = Debug|Any CPU
		{A903F617-FFF9-4982-A613-31FECF94B6E5}.Release|Any CPU.ActiveCfg = Release|Any CPU
		{A903F617-FFF9-4982-A613-31FECF94B6E5}.Release|Any CPU.Build.0 = Release|Any CPU
		{AF22FD24-6E0C-44D2-A7FA-5E64E9688599}.Debug|Any CPU.ActiveCfg = Debug|Any CPU
		{AF22FD24-6E0C-44D2-A7FA-5E64E9688599}.Debug|Any CPU.Build.0 = Debug|Any CPU
		{AF22FD24-6E0C-44D2-A7FA-5E64E9688599}.Release|Any CPU.ActiveCfg = Release|Any CPU
		{AF22FD24-6E0C-44D2-A7FA-5E64E9688599}.Release|Any CPU.Build.0 = Release|Any CPU
		{6454560F-2FCD-4338-B1DF-FF05E31748C8}.Debug|Any CPU.ActiveCfg = Debug|Any CPU
		{6454560F-2FCD-4338-B1DF-FF05E31748C8}.Debug|Any CPU.Build.0 = Debug|Any CPU
		{6454560F-2FCD-4338-B1DF-FF05E31748C8}.Release|Any CPU.ActiveCfg = Release|Any CPU
		{6454560F-2FCD-4338-B1DF-FF05E31748C8}.Release|Any CPU.Build.0 = Release|Any CPU
		{50D75393-C0D3-4282-AA80-78627E145554}.Debug|Any CPU.ActiveCfg = Debug|Any CPU
		{50D75393-C0D3-4282-AA80-78627E145554}.Debug|Any CPU.Build.0 = Debug|Any CPU
		{50D75393-C0D3-4282-AA80-78627E145554}.Release|Any CPU.ActiveCfg = Release|Any CPU
		{50D75393-C0D3-4282-AA80-78627E145554}.Release|Any CPU.Build.0 = Release|Any CPU
		{213A47C5-C0D4-4EF2-B796-6C0AE4CB61FE}.Debug|Any CPU.ActiveCfg = Debug|Any CPU
		{213A47C5-C0D4-4EF2-B796-6C0AE4CB61FE}.Debug|Any CPU.Build.0 = Debug|Any CPU
		{213A47C5-C0D4-4EF2-B796-6C0AE4CB61FE}.Release|Any CPU.ActiveCfg = Release|Any CPU
		{213A47C5-C0D4-4EF2-B796-6C0AE4CB61FE}.Release|Any CPU.Build.0 = Release|Any CPU
		{63F71700-284D-443E-861C-830166D0F36A}.Debug|Any CPU.ActiveCfg = Debug|Any CPU
		{63F71700-284D-443E-861C-830166D0F36A}.Debug|Any CPU.Build.0 = Debug|Any CPU
		{63F71700-284D-443E-861C-830166D0F36A}.Release|Any CPU.ActiveCfg = Release|Any CPU
		{63F71700-284D-443E-861C-830166D0F36A}.Release|Any CPU.Build.0 = Release|Any CPU
		{5BFFCC74-EA88-4AB9-9F1C-E6450B3A8F6D}.Debug|Any CPU.ActiveCfg = Debug|Any CPU
		{5BFFCC74-EA88-4AB9-9F1C-E6450B3A8F6D}.Debug|Any CPU.Build.0 = Debug|Any CPU
		{5BFFCC74-EA88-4AB9-9F1C-E6450B3A8F6D}.Release|Any CPU.ActiveCfg = Release|Any CPU
		{5BFFCC74-EA88-4AB9-9F1C-E6450B3A8F6D}.Release|Any CPU.Build.0 = Release|Any CPU
		{51947AD0-5DBC-49EE-AC48-0D3942C259CB}.Debug|Any CPU.ActiveCfg = Debug|Any CPU
		{51947AD0-5DBC-49EE-AC48-0D3942C259CB}.Debug|Any CPU.Build.0 = Debug|Any CPU
		{51947AD0-5DBC-49EE-AC48-0D3942C259CB}.Release|Any CPU.ActiveCfg = Release|Any CPU
		{51947AD0-5DBC-49EE-AC48-0D3942C259CB}.Release|Any CPU.Build.0 = Release|Any CPU
		{1B2CF0B1-0180-4167-B90A-A44E6BD485CC}.Debug|Any CPU.ActiveCfg = Debug|Any CPU
		{1B2CF0B1-0180-4167-B90A-A44E6BD485CC}.Debug|Any CPU.Build.0 = Debug|Any CPU
		{1B2CF0B1-0180-4167-B90A-A44E6BD485CC}.Release|Any CPU.ActiveCfg = Release|Any CPU
		{1B2CF0B1-0180-4167-B90A-A44E6BD485CC}.Release|Any CPU.Build.0 = Release|Any CPU
		{E99255AE-923A-4A2B-9771-06CFE70824F3}.Debug|Any CPU.ActiveCfg = Debug|Any CPU
		{E99255AE-923A-4A2B-9771-06CFE70824F3}.Debug|Any CPU.Build.0 = Debug|Any CPU
		{E99255AE-923A-4A2B-9771-06CFE70824F3}.Release|Any CPU.ActiveCfg = Release|Any CPU
		{E99255AE-923A-4A2B-9771-06CFE70824F3}.Release|Any CPU.Build.0 = Release|Any CPU
		{5E651580-2C19-4001-BEB6-D7189AB1E5DA}.Debug|Any CPU.ActiveCfg = Debug|Any CPU
		{5E651580-2C19-4001-BEB6-D7189AB1E5DA}.Debug|Any CPU.Build.0 = Debug|Any CPU
		{5E651580-2C19-4001-BEB6-D7189AB1E5DA}.Release|Any CPU.ActiveCfg = Release|Any CPU
		{5E651580-2C19-4001-BEB6-D7189AB1E5DA}.Release|Any CPU.Build.0 = Release|Any CPU
		{9E95FD57-9110-4ED6-BC6F-82DCB1A6331F}.Debug|Any CPU.ActiveCfg = Debug|Any CPU
		{9E95FD57-9110-4ED6-BC6F-82DCB1A6331F}.Debug|Any CPU.Build.0 = Debug|Any CPU
		{9E95FD57-9110-4ED6-BC6F-82DCB1A6331F}.Release|Any CPU.ActiveCfg = Release|Any CPU
		{9E95FD57-9110-4ED6-BC6F-82DCB1A6331F}.Release|Any CPU.Build.0 = Release|Any CPU
		{08336E04-6E9D-474A-A101-D5CF5F43DD59}.Debug|Any CPU.ActiveCfg = Debug|Any CPU
		{08336E04-6E9D-474A-A101-D5CF5F43DD59}.Debug|Any CPU.Build.0 = Debug|Any CPU
		{08336E04-6E9D-474A-A101-D5CF5F43DD59}.Release|Any CPU.ActiveCfg = Release|Any CPU
		{08336E04-6E9D-474A-A101-D5CF5F43DD59}.Release|Any CPU.Build.0 = Release|Any CPU
		{954F02C2-9991-4F5C-8725-D5ED5F5D42AE}.Debug|Any CPU.ActiveCfg = Debug|Any CPU
		{954F02C2-9991-4F5C-8725-D5ED5F5D42AE}.Debug|Any CPU.Build.0 = Debug|Any CPU
		{954F02C2-9991-4F5C-8725-D5ED5F5D42AE}.Release|Any CPU.ActiveCfg = Release|Any CPU
		{954F02C2-9991-4F5C-8725-D5ED5F5D42AE}.Release|Any CPU.Build.0 = Release|Any CPU
		{2B122501-091A-43BD-A1FC-C65C99FE25C8}.Debug|Any CPU.ActiveCfg = Debug|Any CPU
		{2B122501-091A-43BD-A1FC-C65C99FE25C8}.Debug|Any CPU.Build.0 = Debug|Any CPU
		{2B122501-091A-43BD-A1FC-C65C99FE25C8}.Release|Any CPU.ActiveCfg = Release|Any CPU
		{2B122501-091A-43BD-A1FC-C65C99FE25C8}.Release|Any CPU.Build.0 = Release|Any CPU
		{3D94174F-9766-4F60-8B54-0A99C86C5F1C}.Debug|Any CPU.ActiveCfg = Debug|Any CPU
		{3D94174F-9766-4F60-8B54-0A99C86C5F1C}.Debug|Any CPU.Build.0 = Debug|Any CPU
		{3D94174F-9766-4F60-8B54-0A99C86C5F1C}.Release|Any CPU.ActiveCfg = Release|Any CPU
		{3D94174F-9766-4F60-8B54-0A99C86C5F1C}.Release|Any CPU.Build.0 = Release|Any CPU
		{42C9A2CE-56DA-47E3-AE3A-2BB78C3BC949}.Debug|Any CPU.ActiveCfg = Debug|Any CPU
		{42C9A2CE-56DA-47E3-AE3A-2BB78C3BC949}.Debug|Any CPU.Build.0 = Debug|Any CPU
		{42C9A2CE-56DA-47E3-AE3A-2BB78C3BC949}.Release|Any CPU.ActiveCfg = Release|Any CPU
		{42C9A2CE-56DA-47E3-AE3A-2BB78C3BC949}.Release|Any CPU.Build.0 = Release|Any CPU
		{0C10DEF1-26AC-473E-BD43-6844578B80B6}.Debug|Any CPU.ActiveCfg = Debug|Any CPU
		{0C10DEF1-26AC-473E-BD43-6844578B80B6}.Debug|Any CPU.Build.0 = Debug|Any CPU
		{0C10DEF1-26AC-473E-BD43-6844578B80B6}.Release|Any CPU.ActiveCfg = Release|Any CPU
		{0C10DEF1-26AC-473E-BD43-6844578B80B6}.Release|Any CPU.Build.0 = Release|Any CPU
		{E9F79AC0-1577-46B0-A27F-B038F89AA40B}.Debug|Any CPU.ActiveCfg = Debug|Any CPU
		{E9F79AC0-1577-46B0-A27F-B038F89AA40B}.Debug|Any CPU.Build.0 = Debug|Any CPU
		{E9F79AC0-1577-46B0-A27F-B038F89AA40B}.Release|Any CPU.ActiveCfg = Release|Any CPU
		{E9F79AC0-1577-46B0-A27F-B038F89AA40B}.Release|Any CPU.Build.0 = Release|Any CPU
		{02014400-1B91-4B50-BFF9-2B15BFA8CE9D}.Debug|Any CPU.ActiveCfg = Debug|Any CPU
		{02014400-1B91-4B50-BFF9-2B15BFA8CE9D}.Debug|Any CPU.Build.0 = Debug|Any CPU
		{02014400-1B91-4B50-BFF9-2B15BFA8CE9D}.Release|Any CPU.ActiveCfg = Release|Any CPU
		{02014400-1B91-4B50-BFF9-2B15BFA8CE9D}.Release|Any CPU.Build.0 = Release|Any CPU
		{1CBCEFCD-3CFE-41CE-A1E6-07CF7F6CB6F9}.Debug|Any CPU.ActiveCfg = Debug|Any CPU
		{1CBCEFCD-3CFE-41CE-A1E6-07CF7F6CB6F9}.Debug|Any CPU.Build.0 = Debug|Any CPU
		{1CBCEFCD-3CFE-41CE-A1E6-07CF7F6CB6F9}.Release|Any CPU.ActiveCfg = Release|Any CPU
		{1CBCEFCD-3CFE-41CE-A1E6-07CF7F6CB6F9}.Release|Any CPU.Build.0 = Release|Any CPU
		{06D5BE06-AB74-4D44-9DC5-854447DEA45E}.Debug|Any CPU.ActiveCfg = Debug|Any CPU
		{06D5BE06-AB74-4D44-9DC5-854447DEA45E}.Debug|Any CPU.Build.0 = Debug|Any CPU
		{06D5BE06-AB74-4D44-9DC5-854447DEA45E}.Release|Any CPU.ActiveCfg = Release|Any CPU
		{06D5BE06-AB74-4D44-9DC5-854447DEA45E}.Release|Any CPU.Build.0 = Release|Any CPU
		{6F608C1A-42D1-46FF-8909-4B1038EC73FF}.Debug|Any CPU.ActiveCfg = Debug|Any CPU
		{6F608C1A-42D1-46FF-8909-4B1038EC73FF}.Debug|Any CPU.Build.0 = Debug|Any CPU
		{6F608C1A-42D1-46FF-8909-4B1038EC73FF}.Release|Any CPU.ActiveCfg = Release|Any CPU
		{6F608C1A-42D1-46FF-8909-4B1038EC73FF}.Release|Any CPU.Build.0 = Release|Any CPU
		{7FE5789D-27F6-48E9-80E0-E88D2E896258}.Debug|Any CPU.ActiveCfg = Debug|Any CPU
		{7FE5789D-27F6-48E9-80E0-E88D2E896258}.Debug|Any CPU.Build.0 = Debug|Any CPU
		{7FE5789D-27F6-48E9-80E0-E88D2E896258}.Release|Any CPU.ActiveCfg = Release|Any CPU
		{7FE5789D-27F6-48E9-80E0-E88D2E896258}.Release|Any CPU.Build.0 = Release|Any CPU
		{A6DA469E-187E-43C9-8719-8B1F879D3D34}.Debug|Any CPU.ActiveCfg = Debug|Any CPU
		{A6DA469E-187E-43C9-8719-8B1F879D3D34}.Debug|Any CPU.Build.0 = Debug|Any CPU
		{A6DA469E-187E-43C9-8719-8B1F879D3D34}.Release|Any CPU.ActiveCfg = Release|Any CPU
		{A6DA469E-187E-43C9-8719-8B1F879D3D34}.Release|Any CPU.Build.0 = Release|Any CPU
		{F21DAFB9-D684-4FFB-AFA2-F1F3C4A4A9D8}.Debug|Any CPU.ActiveCfg = Debug|Any CPU
		{F21DAFB9-D684-4FFB-AFA2-F1F3C4A4A9D8}.Debug|Any CPU.Build.0 = Debug|Any CPU
		{F21DAFB9-D684-4FFB-AFA2-F1F3C4A4A9D8}.Release|Any CPU.ActiveCfg = Release|Any CPU
		{F21DAFB9-D684-4FFB-AFA2-F1F3C4A4A9D8}.Release|Any CPU.Build.0 = Release|Any CPU
	EndGlobalSection
	GlobalSection(SolutionProperties) = preSolution
		HideSolutionNode = FALSE
	EndGlobalSection
	GlobalSection(NestedProjects) = preSolution
		{89CD6473-C42C-4FD7-85C2-69294F9BB0B5} = {6115786A-279C-4193-98B0-0FE3D560C79B}
		{5660CF64-6B6F-4D53-8B7F-27CA345D4CAF} = {6115786A-279C-4193-98B0-0FE3D560C79B}
		{8ABD746F-27E9-454F-A7BC-3C53E70E65A9} = {6115786A-279C-4193-98B0-0FE3D560C79B}
		{4EB4A94F-11F7-409B-8107-FA5F15BFC18E} = {017A5F4C-1671-4DEB-8968-ED2099C56AAD}
		{4431703A-B267-409D-8080-4DF1AD0C41E0} = {017A5F4C-1671-4DEB-8968-ED2099C56AAD}
		{F19950F1-AEFA-4E84-93BE-BE148CAD6337} = {679EBE17-8831-4DA6-A28C-E182F512D482}
		{799EB90D-85BE-43D1-8B3D-27C2108CF79B} = {679EBE17-8831-4DA6-A28C-E182F512D482}
		{55180E6B-E467-43E9-8129-7343DD708447} = {679EBE17-8831-4DA6-A28C-E182F512D482}
		{C0D8EBE5-7662-4BBA-BC6E-B97F14190565} = {13B292D8-9162-467D-9755-18D447DE04A5}
		{4B6833CA-E935-4DB1-B550-B6B9C713B1C6} = {13B292D8-9162-467D-9755-18D447DE04A5}
		{C82D44E3-3BC3-43A0-A550-50FF26A57794} = {13B292D8-9162-467D-9755-18D447DE04A5}
		{5E9D33DB-EC3E-4C8B-9229-053077D58B9D} = {13B292D8-9162-467D-9755-18D447DE04A5}
		{7647825A-CD48-4F5D-91B9-6B9D5B5492FB} = {13B292D8-9162-467D-9755-18D447DE04A5}
		{C97D0FF0-1084-4F96-B56D-014928165943} = {13B292D8-9162-467D-9755-18D447DE04A5}
		{D493E2C5-6992-4124-896B-FBAEF339D8A7} = {13B292D8-9162-467D-9755-18D447DE04A5}
		{CEA6B149-1CA2-420D-9C8B-998E2BC3F635} = {13B292D8-9162-467D-9755-18D447DE04A5}
		{2EB43C2B-0A48-4E42-9854-F4CCE125D489} = {13B292D8-9162-467D-9755-18D447DE04A5}
		{13B292D8-9162-467D-9755-18D447DE04A5} = {4431703A-B267-409D-8080-4DF1AD0C41E0}
		{856C07DD-4DAD-40FD-B779-F57CDE628CC9} = {4431703A-B267-409D-8080-4DF1AD0C41E0}
		{8D4B1E66-D7CE-4A22-91C5-1E17F6E777E0} = {856C07DD-4DAD-40FD-B779-F57CDE628CC9}
		{3D399711-F389-4C70-8FF3-F44797A698B2} = {856C07DD-4DAD-40FD-B779-F57CDE628CC9}
		{EC95BA8A-A10F-49E7-84E6-A62E7CC70176} = {856C07DD-4DAD-40FD-B779-F57CDE628CC9}
		{0AB622BE-8D52-4B77-A60A-07457486B513} = {856C07DD-4DAD-40FD-B779-F57CDE628CC9}
		{D1D3BC27-FEFF-46B8-AA4D-F88C50F77207} = {679EBE17-8831-4DA6-A28C-E182F512D482}
		{5897C3F9-BDC8-4E1C-B61D-B21FB9991760} = {679EBE17-8831-4DA6-A28C-E182F512D482}
		{A49A4849-999B-4A1E-A887-E4CC3ECE2044} = {679EBE17-8831-4DA6-A28C-E182F512D482}
		{49685F18-DEB2-436F-A63E-E55781177A91} = {679EBE17-8831-4DA6-A28C-E182F512D482}
		{DC0347B9-92AC-4B44-B054-7C8476A1283D} = {679EBE17-8831-4DA6-A28C-E182F512D482}
		{CD7C40EE-617C-4411-B579-09F6CFC3CEEC} = {1F270C09-304B-4AC3-957F-F19E413D358E}
		{8017A778-9D41-4085-A4E1-C3E3A1FAD569} = {856C07DD-4DAD-40FD-B779-F57CDE628CC9}
		{3955F0F5-D69E-4543-90B2-D8182A6F26E7} = {856C07DD-4DAD-40FD-B779-F57CDE628CC9}
		{02C38AFC-F7F8-4EE1-B959-C8D72611D379} = {856C07DD-4DAD-40FD-B779-F57CDE628CC9}
		{C384D3A6-56E6-48BA-9CE5-BD6DD05E84EC} = {856C07DD-4DAD-40FD-B779-F57CDE628CC9}
		{2B98D76C-EDE7-4C3E-8CB1-814F9B1AD0E3} = {856C07DD-4DAD-40FD-B779-F57CDE628CC9}
		{27A17F1B-22D1-48B9-8E8E-292C519942F1} = {856C07DD-4DAD-40FD-B779-F57CDE628CC9}
		{BFF5A3D2-A2EA-4136-9AD9-F55A374E09F2} = {27A17F1B-22D1-48B9-8E8E-292C519942F1}
		{91787221-0FE0-4503-83BC-C76AC4CED65A} = {27A17F1B-22D1-48B9-8E8E-292C519942F1}
		{28E9AA4A-4388-4CBD-8DBC-EADECAD28984} = {27A17F1B-22D1-48B9-8E8E-292C519942F1}
		{A903F617-FFF9-4982-A613-31FECF94B6E5} = {27A17F1B-22D1-48B9-8E8E-292C519942F1}
		{AF22FD24-6E0C-44D2-A7FA-5E64E9688599} = {E59A0874-18BC-419A-9CD5-FEB505F3DEA1}
		{6454560F-2FCD-4338-B1DF-FF05E31748C8} = {E59A0874-18BC-419A-9CD5-FEB505F3DEA1}
		{50D75393-C0D3-4282-AA80-78627E145554} = {E59A0874-18BC-419A-9CD5-FEB505F3DEA1}
		{213A47C5-C0D4-4EF2-B796-6C0AE4CB61FE} = {E59A0874-18BC-419A-9CD5-FEB505F3DEA1}
		{63F71700-284D-443E-861C-830166D0F36A} = {E59A0874-18BC-419A-9CD5-FEB505F3DEA1}
		{5BFFCC74-EA88-4AB9-9F1C-E6450B3A8F6D} = {E59A0874-18BC-419A-9CD5-FEB505F3DEA1}
		{87F6A55A-B9B4-447B-8E4F-02A26256878F} = {017A5F4C-1671-4DEB-8968-ED2099C56AAD}
		{37582BA3-8806-456B-B878-CC2196DC79AD} = {87F6A55A-B9B4-447B-8E4F-02A26256878F}
		{09CADA13-AA11-4613-B7F8-CB350C77D323} = {87F6A55A-B9B4-447B-8E4F-02A26256878F}
		{51947AD0-5DBC-49EE-AC48-0D3942C259CB} = {09CADA13-AA11-4613-B7F8-CB350C77D323}
		{1B2CF0B1-0180-4167-B90A-A44E6BD485CC} = {09CADA13-AA11-4613-B7F8-CB350C77D323}
		{E99255AE-923A-4A2B-9771-06CFE70824F3} = {5095B1C7-DE81-42E6-8655-34F3F11DEE1C}
		{5E651580-2C19-4001-BEB6-D7189AB1E5DA} = {5095B1C7-DE81-42E6-8655-34F3F11DEE1C}
		{9E95FD57-9110-4ED6-BC6F-82DCB1A6331F} = {5095B1C7-DE81-42E6-8655-34F3F11DEE1C}
		{10FB6C16-E2F9-42D0-9969-4DE528D5E082} = {017A5F4C-1671-4DEB-8968-ED2099C56AAD}
		{08336E04-6E9D-474A-A101-D5CF5F43DD59} = {10FB6C16-E2F9-42D0-9969-4DE528D5E082}
		{954F02C2-9991-4F5C-8725-D5ED5F5D42AE} = {10FB6C16-E2F9-42D0-9969-4DE528D5E082}
		{2B122501-091A-43BD-A1FC-C65C99FE25C8} = {10FB6C16-E2F9-42D0-9969-4DE528D5E082}
		{3D94174F-9766-4F60-8B54-0A99C86C5F1C} = {10FB6C16-E2F9-42D0-9969-4DE528D5E082}
		{42C9A2CE-56DA-47E3-AE3A-2BB78C3BC949} = {10FB6C16-E2F9-42D0-9969-4DE528D5E082}
		{0C10DEF1-26AC-473E-BD43-6844578B80B6} = {10FB6C16-E2F9-42D0-9969-4DE528D5E082}
		{E9F79AC0-1577-46B0-A27F-B038F89AA40B} = {10FB6C16-E2F9-42D0-9969-4DE528D5E082}
		{02014400-1B91-4B50-BFF9-2B15BFA8CE9D} = {10FB6C16-E2F9-42D0-9969-4DE528D5E082}
		{3F1CE8EC-B81D-411B-8242-3B457E1E6EA9} = {10FB6C16-E2F9-42D0-9969-4DE528D5E082}
		{1CBCEFCD-3CFE-41CE-A1E6-07CF7F6CB6F9} = {3F1CE8EC-B81D-411B-8242-3B457E1E6EA9}
		{06D5BE06-AB74-4D44-9DC5-854447DEA45E} = {3F1CE8EC-B81D-411B-8242-3B457E1E6EA9}
		{6F608C1A-42D1-46FF-8909-4B1038EC73FF} = {DE474CA8-B476-4581-80CF-BFE9860364AF}
		{7FE5789D-27F6-48E9-80E0-E88D2E896258} = {21011B55-87EA-428A-A3DA-C94EA18D2222}
		{21011B55-87EA-428A-A3DA-C94EA18D2222} = {017A5F4C-1671-4DEB-8968-ED2099C56AAD}
		{A6DA469E-187E-43C9-8719-8B1F879D3D34} = {21011B55-87EA-428A-A3DA-C94EA18D2222}
		{F21DAFB9-D684-4FFB-AFA2-F1F3C4A4A9D8} = {21011B55-87EA-428A-A3DA-C94EA18D2222}
	EndGlobalSection
	GlobalSection(ExtensibilityGlobals) = postSolution
		SolutionGuid = {4FD14F18-B2BD-403E-B592-2D624430308E}
	EndGlobalSection
EndGlobal
